Microsoft Visual Studio Solution File, Format Version 12.00
# Visual Studio 15
Project("{2150E333-8FDC-42A3-9474-1A3956D46DE8}") = "CMake Targets", "CMake Targets", "{232AF4B6-10AD-3630-B768-FC2FCDF4D989}"
EndProject
Project("{2150E333-8FDC-42A3-9474-1A3956D46DE8}") = "Core", "Core", "{71F5D4DD-DB4B-3867-A505-B85A80610A2A}"
EndProject
Project("{2150E333-8FDC-42A3-9474-1A3956D46DE8}") = "Plugins", "Plugins", "{1D6538DC-7F7E-394B-8308-631187022A1E}"
EndProject
Project("{8BC9CEB8-8B4A-11D0-8D11-00A0C91BC942}") = "ALL_BUILD", "ALL_BUILD.vcxproj", "{63483515-6498-3C0A-86CF-30DBD9E8C983}"
	ProjectSection(ProjectDependencies) = postProject
		{00CF28B9-F80B-33E8-9BCC-CC75766BA8F5} = {00CF28B9-F80B-33E8-9BCC-CC75766BA8F5}
		{486DA1F7-F4F2-3627-B3F5-8A9C8E557254} = {486DA1F7-F4F2-3627-B3F5-8A9C8E557254}
		{E3BF3BF2-05B7-37BD-94AA-1150D3A0BC95} = {E3BF3BF2-05B7-37BD-94AA-1150D3A0BC95}
		{1AD666AE-2DAB-3E26-A3FC-493B5212AF38} = {1AD666AE-2DAB-3E26-A3FC-493B5212AF38}
		{D2C165B8-3C48-3E78-A610-9DC219043FEB} = {D2C165B8-3C48-3E78-A610-9DC219043FEB}
		{ADB721C4-5BB0-39C9-B632-535AAA5F295F} = {ADB721C4-5BB0-39C9-B632-535AAA5F295F}
		{A5B86864-D052-3E2A-B8AE-8AA3D17493AE} = {A5B86864-D052-3E2A-B8AE-8AA3D17493AE}
		{4213A193-AB90-3C37-8FB6-C3BFA8B7A166} = {4213A193-AB90-3C37-8FB6-C3BFA8B7A166}
		{9F82A8CA-1BFF-3A3C-BC28-16864C752ACA} = {9F82A8CA-1BFF-3A3C-BC28-16864C752ACA}
		{7F820E97-8117-3845-A40B-9C38461B644A} = {7F820E97-8117-3845-A40B-9C38461B644A}
		{AED6492C-4B4F-303C-A10D-843AD794D955} = {AED6492C-4B4F-303C-A10D-843AD794D955}
		{64953E53-BF02-30C4-9355-39615425652C} = {64953E53-BF02-30C4-9355-39615425652C}
		{2BDF2625-4F64-336C-8EEA-395F880B4BBB} = {2BDF2625-4F64-336C-8EEA-395F880B4BBB}
		{70F74A4D-B372-342D-9A02-E7274044B463} = {70F74A4D-B372-342D-9A02-E7274044B463}
		{BA74EC7B-B0EB-3E08-AD93-985890B13649} = {BA74EC7B-B0EB-3E08-AD93-985890B13649}
		{EF9F2CB6-8C87-3EC3-B968-27BD970D9FF6} = {EF9F2CB6-8C87-3EC3-B968-27BD970D9FF6}
		{5CE7EF63-57D7-33BD-A43A-4246313232C8} = {5CE7EF63-57D7-33BD-A43A-4246313232C8}
		{D7BAEE6B-3409-394F-B81A-6A8046F0241E} = {D7BAEE6B-3409-394F-B81A-6A8046F0241E}
		{D1D669AC-8FDE-3589-8570-D8EE02A74349} = {D1D669AC-8FDE-3589-8570-D8EE02A74349}
		{BA4D8EDA-2B3A-38C5-A04B-570A5616249F} = {BA4D8EDA-2B3A-38C5-A04B-570A5616249F}
		{EAB3DEA8-2BCB-3C5A-A2F2-D326FB5C6527} = {EAB3DEA8-2BCB-3C5A-A2F2-D326FB5C6527}
		{D50EAE94-E037-3301-8AFB-CB14AEB8CB63} = {D50EAE94-E037-3301-8AFB-CB14AEB8CB63}
		{A4924B34-6BD6-37D2-B81E-24BB4F7D97B0} = {A4924B34-6BD6-37D2-B81E-24BB4F7D97B0}
		{0EC2AA46-034A-309A-B03A-68AC82D1F645} = {0EC2AA46-034A-309A-B03A-68AC82D1F645}
		{6E12495B-8009-3E0F-898E-1AD5F43EF570} = {6E12495B-8009-3E0F-898E-1AD5F43EF570}
		{D3128B78-8213-3B95-B2A6-89BF5CBA9BB7} = {D3128B78-8213-3B95-B2A6-89BF5CBA9BB7}
		{37904FEC-728C-3103-8FC2-603B2D02EAA8} = {37904FEC-728C-3103-8FC2-603B2D02EAA8}
		{850EA2D8-3D7D-366E-A7D7-18EC996F5BC9} = {850EA2D8-3D7D-366E-A7D7-18EC996F5BC9}
	EndProjectSection
EndProject
Project("{8BC9CEB8-8B4A-11D0-8D11-00A0C91BC942}") = "INSTALL", "INSTALL.vcxproj", "{E7FB852F-F029-3BE5-B8D2-3C6D3D156707}"
	ProjectSection(ProjectDependencies) = postProject
		{63483515-6498-3C0A-86CF-30DBD9E8C983} = {63483515-6498-3C0A-86CF-30DBD9E8C983}
		{00CF28B9-F80B-33E8-9BCC-CC75766BA8F5} = {00CF28B9-F80B-33E8-9BCC-CC75766BA8F5}
	EndProjectSection
EndProject
Project("{8BC9CEB8-8B4A-11D0-8D11-00A0C91BC942}") = "ZERO_CHECK", "..\..\\ZERO_CHECK.vcxproj", "{00CF28B9-F80B-33E8-9BCC-CC75766BA8F5}"
	ProjectSection(ProjectDependencies) = postProject
	EndProjectSection
EndProject
Project("{8BC9CEB8-8B4A-11D0-8D11-00A0C91BC942}") = "osgEarth", "..\osgEarth\osgEarth.vcxproj", "{0D6A88EC-E7C6-3F6D-85FB-7FDAFCC2CF92}"
	ProjectSection(ProjectDependencies) = postProject
		{00CF28B9-F80B-33E8-9BCC-CC75766BA8F5} = {00CF28B9-F80B-33E8-9BCC-CC75766BA8F5}
	EndProjectSection
EndProject
Project("{8BC9CEB8-8B4A-11D0-8D11-00A0C91BC942}") = "osgdb_basis", "basis\osgdb_basis.vcxproj", "{486DA1F7-F4F2-3627-B3F5-8A9C8E557254}"
	ProjectSection(ProjectDependencies) = postProject
		{00CF28B9-F80B-33E8-9BCC-CC75766BA8F5} = {00CF28B9-F80B-33E8-9BCC-CC75766BA8F5}
		{0D6A88EC-E7C6-3F6D-85FB-7FDAFCC2CF92} = {0D6A88EC-E7C6-3F6D-85FB-7FDAFCC2CF92}
	EndProjectSection
EndProject
Project("{8BC9CEB8-8B4A-11D0-8D11-00A0C91BC942}") = "osgdb_earth", "earth\osgdb_earth.vcxproj", "{E3BF3BF2-05B7-37BD-94AA-1150D3A0BC95}"
	ProjectSection(ProjectDependencies) = postProject
		{00CF28B9-F80B-33E8-9BCC-CC75766BA8F5} = {00CF28B9-F80B-33E8-9BCC-CC75766BA8F5}
		{0D6A88EC-E7C6-3F6D-85FB-7FDAFCC2CF92} = {0D6A88EC-E7C6-3F6D-85FB-7FDAFCC2CF92}
	EndProjectSection
EndProject
Project("{8BC9CEB8-8B4A-11D0-8D11-00A0C91BC942}") = "osgdb_fastdxt", "fastdxt\osgdb_fastdxt.vcxproj", "{1AD666AE-2DAB-3E26-A3FC-493B5212AF38}"
	ProjectSection(ProjectDependencies) = postProject
		{00CF28B9-F80B-33E8-9BCC-CC75766BA8F5} = {00CF28B9-F80B-33E8-9BCC-CC75766BA8F5}
		{0D6A88EC-E7C6-3F6D-85FB-7FDAFCC2CF92} = {0D6A88EC-E7C6-3F6D-85FB-7FDAFCC2CF92}
	EndProjectSection
EndProject
Project("{8BC9CEB8-8B4A-11D0-8D11-00A0C91BC942}") = "osgdb_gltf", "gltf\osgdb_gltf.vcxproj", "{D2C165B8-3C48-3E78-A610-9DC219043FEB}"
	ProjectSection(ProjectDependencies) = postProject
		{00CF28B9-F80B-33E8-9BCC-CC75766BA8F5} = {00CF28B9-F80B-33E8-9BCC-CC75766BA8F5}
		{0D6A88EC-E7C6-3F6D-85FB-7FDAFCC2CF92} = {0D6A88EC-E7C6-3F6D-85FB-7FDAFCC2CF92}
	EndProjectSection
EndProject
Project("{8BC9CEB8-8B4A-11D0-8D11-00A0C91BC942}") = "osgdb_kml", "kml\osgdb_kml.vcxproj", "{ADB721C4-5BB0-39C9-B632-535AAA5F295F}"
	ProjectSection(ProjectDependencies) = postProject
		{00CF28B9-F80B-33E8-9BCC-CC75766BA8F5} = {00CF28B9-F80B-33E8-9BCC-CC75766BA8F5}
		{0D6A88EC-E7C6-3F6D-85FB-7FDAFCC2CF92} = {0D6A88EC-E7C6-3F6D-85FB-7FDAFCC2CF92}
	EndProjectSection
EndProject
Project("{8BC9CEB8-8B4A-11D0-8D11-00A0C91BC942}") = "osgdb_osgearth_bumpmap", "bumpmap\osgdb_osgearth_bumpmap.vcxproj", "{A5B86864-D052-3E2A-B8AE-8AA3D17493AE}"
	ProjectSection(ProjectDependencies) = postProject
		{00CF28B9-F80B-33E8-9BCC-CC75766BA8F5} = {00CF28B9-F80B-33E8-9BCC-CC75766BA8F5}
		{0D6A88EC-E7C6-3F6D-85FB-7FDAFCC2CF92} = {0D6A88EC-E7C6-3F6D-85FB-7FDAFCC2CF92}
	EndProjectSection
EndProject
Project("{8BC9CEB8-8B4A-11D0-8D11-00A0C91BC942}") = "osgdb_osgearth_cache_filesystem", "cache_filesystem\osgdb_osgearth_cache_filesystem.vcxproj", "{4213A193-AB90-3C37-8FB6-C3BFA8B7A166}"
	ProjectSection(ProjectDependencies) = postProject
		{00CF28B9-F80B-33E8-9BCC-CC75766BA8F5} = {00CF28B9-F80B-33E8-9BCC-CC75766BA8F5}
		{0D6A88EC-E7C6-3F6D-85FB-7FDAFCC2CF92} = {0D6A88EC-E7C6-3F6D-85FB-7FDAFCC2CF92}
	EndProjectSection
EndProject
Project("{8BC9CEB8-8B4A-11D0-8D11-00A0C91BC942}") = "osgdb_osgearth_cache_rocksdb", "cache_rocksdb\osgdb_osgearth_cache_rocksdb.vcxproj", "{9F82A8CA-1BFF-3A3C-BC28-16864C752ACA}"
	ProjectSection(ProjectDependencies) = postProject
		{00CF28B9-F80B-33E8-9BCC-CC75766BA8F5} = {00CF28B9-F80B-33E8-9BCC-CC75766BA8F5}
		{0D6A88EC-E7C6-3F6D-85FB-7FDAFCC2CF92} = {0D6A88EC-E7C6-3F6D-85FB-7FDAFCC2CF92}
	EndProjectSection
EndProject
Project("{8BC9CEB8-8B4A-11D0-8D11-00A0C91BC942}") = "osgdb_osgearth_colorramp", "colorramp\osgdb_osgearth_colorramp.vcxproj", "{7F820E97-8117-3845-A40B-9C38461B644A}"
	ProjectSection(ProjectDependencies) = postProject
		{00CF28B9-F80B-33E8-9BCC-CC75766BA8F5} = {00CF28B9-F80B-33E8-9BCC-CC75766BA8F5}
		{0D6A88EC-E7C6-3F6D-85FB-7FDAFCC2CF92} = {0D6A88EC-E7C6-3F6D-85FB-7FDAFCC2CF92}
	EndProjectSection
EndProject
Project("{8BC9CEB8-8B4A-11D0-8D11-00A0C91BC942}") = "osgdb_osgearth_detail", "detail\osgdb_osgearth_detail.vcxproj", "{AED6492C-4B4F-303C-A10D-843AD794D955}"
	ProjectSection(ProjectDependencies) = postProject
		{00CF28B9-F80B-33E8-9BCC-CC75766BA8F5} = {00CF28B9-F80B-33E8-9BCC-CC75766BA8F5}
		{0D6A88EC-E7C6-3F6D-85FB-7FDAFCC2CF92} = {0D6A88EC-E7C6-3F6D-85FB-7FDAFCC2CF92}
	EndProjectSection
EndProject
Project("{8BC9CEB8-8B4A-11D0-8D11-00A0C91BC942}") = "osgdb_osgearth_engine_mp", "engine_mp\osgdb_osgearth_engine_mp.vcxproj", "{64953E53-BF02-30C4-9355-39615425652C}"
	ProjectSection(ProjectDependencies) = postProject
		{00CF28B9-F80B-33E8-9BCC-CC75766BA8F5} = {00CF28B9-F80B-33E8-9BCC-CC75766BA8F5}
		{0D6A88EC-E7C6-3F6D-85FB-7FDAFCC2CF92} = {0D6A88EC-E7C6-3F6D-85FB-7FDAFCC2CF92}
	EndProjectSection
EndProject
Project("{8BC9CEB8-8B4A-11D0-8D11-00A0C91BC942}") = "osgdb_osgearth_engine_rex", "engine_rex\osgdb_osgearth_engine_rex.vcxproj", "{2BDF2625-4F64-336C-8EEA-395F880B4BBB}"
	ProjectSection(ProjectDependencies) = postProject
		{00CF28B9-F80B-33E8-9BCC-CC75766BA8F5} = {00CF28B9-F80B-33E8-9BCC-CC75766BA8F5}
		{0D6A88EC-E7C6-3F6D-85FB-7FDAFCC2CF92} = {0D6A88EC-E7C6-3F6D-85FB-7FDAFCC2CF92}
	EndProjectSection
EndProject
Project("{8BC9CEB8-8B4A-11D0-8D11-00A0C91BC942}") = "osgdb_osgearth_featurefilter_intersect", "featurefilter_intersect\osgdb_osgearth_featurefilter_intersect.vcxproj", "{70F74A4D-B372-342D-9A02-E7274044B463}"
	ProjectSection(ProjectDependencies) = postProject
		{00CF28B9-F80B-33E8-9BCC-CC75766BA8F5} = {00CF28B9-F80B-33E8-9BCC-CC75766BA8F5}
		{0D6A88EC-E7C6-3F6D-85FB-7FDAFCC2CF92} = {0D6A88EC-E7C6-3F6D-85FB-7FDAFCC2CF92}
	EndProjectSection
EndProject
Project("{8BC9CEB8-8B4A-11D0-8D11-00A0C91BC942}") = "osgdb_osgearth_featurefilter_join", "featurefilter_join\osgdb_osgearth_featurefilter_join.vcxproj", "{BA74EC7B-B0EB-3E08-AD93-985890B13649}"
	ProjectSection(ProjectDependencies) = postProject
		{00CF28B9-F80B-33E8-9BCC-CC75766BA8F5} = {00CF28B9-F80B-33E8-9BCC-CC75766BA8F5}
		{0D6A88EC-E7C6-3F6D-85FB-7FDAFCC2CF92} = {0D6A88EC-E7C6-3F6D-85FB-7FDAFCC2CF92}
	EndProjectSection
EndProject
Project("{8BC9CEB8-8B4A-11D0-8D11-00A0C91BC942}") = "osgdb_osgearth_mapinspector", "mapinspector\osgdb_osgearth_mapinspector.vcxproj", "{EF9F2CB6-8C87-3EC3-B968-27BD970D9FF6}"
	ProjectSection(ProjectDependencies) = postProject
		{00CF28B9-F80B-33E8-9BCC-CC75766BA8F5} = {00CF28B9-F80B-33E8-9BCC-CC75766BA8F5}
		{0D6A88EC-E7C6-3F6D-85FB-7FDAFCC2CF92} = {0D6A88EC-E7C6-3F6D-85FB-7FDAFCC2CF92}
	EndProjectSection
EndProject
Project("{8BC9CEB8-8B4A-11D0-8D11-00A0C91BC942}") = "osgdb_osgearth_monitor", "monitor\osgdb_osgearth_monitor.vcxproj", "{5CE7EF63-57D7-33BD-A43A-4246313232C8}"
	ProjectSection(ProjectDependencies) = postProject
		{00CF28B9-F80B-33E8-9BCC-CC75766BA8F5} = {00CF28B9-F80B-33E8-9BCC-CC75766BA8F5}
		{0D6A88EC-E7C6-3F6D-85FB-7FDAFCC2CF92} = {0D6A88EC-E7C6-3F6D-85FB-7FDAFCC2CF92}
	EndProjectSection
EndProject
Project("{8BC9CEB8-8B4A-11D0-8D11-00A0C91BC942}") = "osgdb_osgearth_scriptengine_javascript", "script_engine_duktape\osgdb_osgearth_scriptengine_javascript.vcxproj", "{D7BAEE6B-3409-394F-B81A-6A8046F0241E}"
	ProjectSection(ProjectDependencies) = postProject
		{00CF28B9-F80B-33E8-9BCC-CC75766BA8F5} = {00CF28B9-F80B-33E8-9BCC-CC75766BA8F5}
		{0D6A88EC-E7C6-3F6D-85FB-7FDAFCC2CF92} = {0D6A88EC-E7C6-3F6D-85FB-7FDAFCC2CF92}
	EndProjectSection
EndProject
Project("{8BC9CEB8-8B4A-11D0-8D11-00A0C91BC942}") = "osgdb_osgearth_sky_gl", "sky_gl\osgdb_osgearth_sky_gl.vcxproj", "{D1D669AC-8FDE-3589-8570-D8EE02A74349}"
	ProjectSection(ProjectDependencies) = postProject
		{00CF28B9-F80B-33E8-9BCC-CC75766BA8F5} = {00CF28B9-F80B-33E8-9BCC-CC75766BA8F5}
		{0D6A88EC-E7C6-3F6D-85FB-7FDAFCC2CF92} = {0D6A88EC-E7C6-3F6D-85FB-7FDAFCC2CF92}
	EndProjectSection
EndProject
Project("{8BC9CEB8-8B4A-11D0-8D11-00A0C91BC942}") = "osgdb_osgearth_sky_simple", "sky_simple\osgdb_osgearth_sky_simple.vcxproj", "{BA4D8EDA-2B3A-38C5-A04B-570A5616249F}"
	ProjectSection(ProjectDependencies) = postProject
		{00CF28B9-F80B-33E8-9BCC-CC75766BA8F5} = {00CF28B9-F80B-33E8-9BCC-CC75766BA8F5}
		{0D6A88EC-E7C6-3F6D-85FB-7FDAFCC2CF92} = {0D6A88EC-E7C6-3F6D-85FB-7FDAFCC2CF92}
	EndProjectSection
EndProject
Project("{8BC9CEB8-8B4A-11D0-8D11-00A0C91BC942}") = "osgdb_osgearth_terrainshader", "terrainshader\osgdb_osgearth_terrainshader.vcxproj", "{EAB3DEA8-2BCB-3C5A-A2F2-D326FB5C6527}"
	ProjectSection(ProjectDependencies) = postProject
		{00CF28B9-F80B-33E8-9BCC-CC75766BA8F5} = {00CF28B9-F80B-33E8-9BCC-CC75766BA8F5}
		{0D6A88EC-E7C6-3F6D-85FB-7FDAFCC2CF92} = {0D6A88EC-E7C6-3F6D-85FB-7FDAFCC2CF92}
	EndProjectSection
EndProject
Project("{8BC9CEB8-8B4A-11D0-8D11-00A0C91BC942}") = "osgdb_osgearth_vdatum_egm2008", "vdatum_egm2008\osgdb_osgearth_vdatum_egm2008.vcxproj", "{D50EAE94-E037-3301-8AFB-CB14AEB8CB63}"
	ProjectSection(ProjectDependencies) = postProject
		{00CF28B9-F80B-33E8-9BCC-CC75766BA8F5} = {00CF28B9-F80B-33E8-9BCC-CC75766BA8F5}
		{0D6A88EC-E7C6-3F6D-85FB-7FDAFCC2CF92} = {0D6A88EC-E7C6-3F6D-85FB-7FDAFCC2CF92}
	EndProjectSection
EndProject
Project("{8BC9CEB8-8B4A-11D0-8D11-00A0C91BC942}") = "osgdb_osgearth_vdatum_egm84", "vdatum_egm84\osgdb_osgearth_vdatum_egm84.vcxproj", "{A4924B34-6BD6-37D2-B81E-24BB4F7D97B0}"
	ProjectSection(ProjectDependencies) = postProject
		{00CF28B9-F80B-33E8-9BCC-CC75766BA8F5} = {00CF28B9-F80B-33E8-9BCC-CC75766BA8F5}
		{0D6A88EC-E7C6-3F6D-85FB-7FDAFCC2CF92} = {0D6A88EC-E7C6-3F6D-85FB-7FDAFCC2CF92}
	EndProjectSection
EndProject
Project("{8BC9CEB8-8B4A-11D0-8D11-00A0C91BC942}") = "osgdb_osgearth_vdatum_egm96", "vdatum_egm96\osgdb_osgearth_vdatum_egm96.vcxproj", "{0EC2AA46-034A-309A-B03A-68AC82D1F645}"
	ProjectSection(ProjectDependencies) = postProject
		{00CF28B9-F80B-33E8-9BCC-CC75766BA8F5} = {00CF28B9-F80B-33E8-9BCC-CC75766BA8F5}
		{0D6A88EC-E7C6-3F6D-85FB-7FDAFCC2CF92} = {0D6A88EC-E7C6-3F6D-85FB-7FDAFCC2CF92}
	EndProjectSection
EndProject
Project("{8BC9CEB8-8B4A-11D0-8D11-00A0C91BC942}") = "osgdb_osgearth_viewpoints", "viewpoints\osgdb_osgearth_viewpoints.vcxproj", "{6E12495B-8009-3E0F-898E-1AD5F43EF570}"
	ProjectSection(ProjectDependencies) = postProject
		{00CF28B9-F80B-33E8-9BCC-CC75766BA8F5} = {00CF28B9-F80B-33E8-9BCC-CC75766BA8F5}
		{0D6A88EC-E7C6-3F6D-85FB-7FDAFCC2CF92} = {0D6A88EC-E7C6-3F6D-85FB-7FDAFCC2CF92}
	EndProjectSection
EndProject
Project("{8BC9CEB8-8B4A-11D0-8D11-00A0C91BC942}") = "osgdb_template", "template\osgdb_template.vcxproj", "{D3128B78-8213-3B95-B2A6-89BF5CBA9BB7}"
	ProjectSection(ProjectDependencies) = postProject
		{00CF28B9-F80B-33E8-9BCC-CC75766BA8F5} = {00CF28B9-F80B-33E8-9BCC-CC75766BA8F5}
		{0D6A88EC-E7C6-3F6D-85FB-7FDAFCC2CF92} = {0D6A88EC-E7C6-3F6D-85FB-7FDAFCC2CF92}
	EndProjectSection
EndProject
Project("{8BC9CEB8-8B4A-11D0-8D11-00A0C91BC942}") = "osgdb_webp", "webp\osgdb_webp.vcxproj", "{37904FEC-728C-3103-8FC2-603B2D02EAA8}"
	ProjectSection(ProjectDependencies) = postProject
		{00CF28B9-F80B-33E8-9BCC-CC75766BA8F5} = {00CF28B9-F80B-33E8-9BCC-CC75766BA8F5}
		{0D6A88EC-E7C6-3F6D-85FB-7FDAFCC2CF92} = {0D6A88EC-E7C6-3F6D-85FB-7FDAFCC2CF92}
	EndProjectSection
EndProject
Project("{8BC9CEB8-8B4A-11D0-8D11-00A0C91BC942}") = "osgdb_zip", "zip\osgdb_zip.vcxproj", "{850EA2D8-3D7D-366E-A7D7-18EC996F5BC9}"
	ProjectSection(ProjectDependencies) = postProject
		{00CF28B9-F80B-33E8-9BCC-CC75766BA8F5} = {00CF28B9-F80B-33E8-9BCC-CC75766BA8F5}
		{0D6A88EC-E7C6-3F6D-85FB-7FDAFCC2CF92} = {0D6A88EC-E7C6-3F6D-85FB-7FDAFCC2CF92}
	EndProjectSection
EndProject
Global
	GlobalSection(SolutionConfigurationPlatforms) = preSolution
		Debug|Win32 = Debug|Win32
		Release|Win32 = Release|Win32
		MinSizeRel|Win32 = MinSizeRel|Win32
		RelWithDebInfo|Win32 = RelWithDebInfo|Win32
	EndGlobalSection
	GlobalSection(ProjectConfigurationPlatforms) = postSolution
		{63483515-6498-3C0A-86CF-30DBD9E8C983}.Debug|Win32.ActiveCfg = Debug|Win32
		{63483515-6498-3C0A-86CF-30DBD9E8C983}.Debug|Win32.Build.0 = Debug|Win32
		{63483515-6498-3C0A-86CF-30DBD9E8C983}.Release|Win32.ActiveCfg = Release|Win32
		{63483515-6498-3C0A-86CF-30DBD9E8C983}.Release|Win32.Build.0 = Release|Win32
		{63483515-6498-3C0A-86CF-30DBD9E8C983}.MinSizeRel|Win32.ActiveCfg = MinSizeRel|Win32
		{63483515-6498-3C0A-86CF-30DBD9E8C983}.MinSizeRel|Win32.Build.0 = MinSizeRel|Win32
		{63483515-6498-3C0A-86CF-30DBD9E8C983}.RelWithDebInfo|Win32.ActiveCfg = RelWithDebInfo|Win32
		{63483515-6498-3C0A-86CF-30DBD9E8C983}.RelWithDebInfo|Win32.Build.0 = RelWithDebInfo|Win32
		{E7FB852F-F029-3BE5-B8D2-3C6D3D156707}.Debug|Win32.ActiveCfg = Debug|Win32
		{E7FB852F-F029-3BE5-B8D2-3C6D3D156707}.Release|Win32.ActiveCfg = Release|Win32
		{E7FB852F-F029-3BE5-B8D2-3C6D3D156707}.MinSizeRel|Win32.ActiveCfg = MinSizeRel|Win32
		{E7FB852F-F029-3BE5-B8D2-3C6D3D156707}.RelWithDebInfo|Win32.ActiveCfg = RelWithDebInfo|Win32
		{00CF28B9-F80B-33E8-9BCC-CC75766BA8F5}.Debug|Win32.ActiveCfg = Debug|Win32
		{00CF28B9-F80B-33E8-9BCC-CC75766BA8F5}.Debug|Win32.Build.0 = Debug|Win32
		{00CF28B9-F80B-33E8-9BCC-CC75766BA8F5}.Release|Win32.ActiveCfg = Release|Win32
		{00CF28B9-F80B-33E8-9BCC-CC75766BA8F5}.Release|Win32.Build.0 = Release|Win32
		{00CF28B9-F80B-33E8-9BCC-CC75766BA8F5}.MinSizeRel|Win32.ActiveCfg = MinSizeRel|Win32
		{00CF28B9-F80B-33E8-9BCC-CC75766BA8F5}.MinSizeRel|Win32.Build.0 = MinSizeRel|Win32
		{00CF28B9-F80B-33E8-9BCC-CC75766BA8F5}.RelWithDebInfo|Win32.ActiveCfg = RelWithDebInfo|Win32
		{00CF28B9-F80B-33E8-9BCC-CC75766BA8F5}.RelWithDebInfo|Win32.Build.0 = RelWithDebInfo|Win32
		{0D6A88EC-E7C6-3F6D-85FB-7FDAFCC2CF92}.Debug|Win32.ActiveCfg = Debug|Win32
		{0D6A88EC-E7C6-3F6D-85FB-7FDAFCC2CF92}.Debug|Win32.Build.0 = Debug|Win32
		{0D6A88EC-E7C6-3F6D-85FB-7FDAFCC2CF92}.Release|Win32.ActiveCfg = Release|Win32
		{0D6A88EC-E7C6-3F6D-85FB-7FDAFCC2CF92}.Release|Win32.Build.0 = Release|Win32
		{0D6A88EC-E7C6-3F6D-85FB-7FDAFCC2CF92}.MinSizeRel|Win32.ActiveCfg = MinSizeRel|Win32
		{0D6A88EC-E7C6-3F6D-85FB-7FDAFCC2CF92}.MinSizeRel|Win32.Build.0 = MinSizeRel|Win32
		{0D6A88EC-E7C6-3F6D-85FB-7FDAFCC2CF92}.RelWithDebInfo|Win32.ActiveCfg = RelWithDebInfo|Win32
		{0D6A88EC-E7C6-3F6D-85FB-7FDAFCC2CF92}.RelWithDebInfo|Win32.Build.0 = RelWithDebInfo|Win32
		{486DA1F7-F4F2-3627-B3F5-8A9C8E557254}.Debug|Win32.ActiveCfg = Debug|Win32
		{486DA1F7-F4F2-3627-B3F5-8A9C8E557254}.Debug|Win32.Build.0 = Debug|Win32
		{486DA1F7-F4F2-3627-B3F5-8A9C8E557254}.Release|Win32.ActiveCfg = Release|Win32
		{486DA1F7-F4F2-3627-B3F5-8A9C8E557254}.Release|Win32.Build.0 = Release|Win32
		{486DA1F7-F4F2-3627-B3F5-8A9C8E557254}.MinSizeRel|Win32.ActiveCfg = MinSizeRel|Win32
		{486DA1F7-F4F2-3627-B3F5-8A9C8E557254}.MinSizeRel|Win32.Build.0 = MinSizeRel|Win32
		{486DA1F7-F4F2-3627-B3F5-8A9C8E557254}.RelWithDebInfo|Win32.ActiveCfg = RelWithDebInfo|Win32
		{486DA1F7-F4F2-3627-B3F5-8A9C8E557254}.RelWithDebInfo|Win32.Build.0 = RelWithDebInfo|Win32
		{E3BF3BF2-05B7-37BD-94AA-1150D3A0BC95}.Debug|Win32.ActiveCfg = Debug|Win32
		{E3BF3BF2-05B7-37BD-94AA-1150D3A0BC95}.Debug|Win32.Build.0 = Debug|Win32
		{E3BF3BF2-05B7-37BD-94AA-1150D3A0BC95}.Release|Win32.ActiveCfg = Release|Win32
		{E3BF3BF2-05B7-37BD-94AA-1150D3A0BC95}.Release|Win32.Build.0 = Release|Win32
		{E3BF3BF2-05B7-37BD-94AA-1150D3A0BC95}.MinSizeRel|Win32.ActiveCfg = MinSizeRel|Win32
		{E3BF3BF2-05B7-37BD-94AA-1150D3A0BC95}.MinSizeRel|Win32.Build.0 = MinSizeRel|Win32
		{E3BF3BF2-05B7-37BD-94AA-1150D3A0BC95}.RelWithDebInfo|Win32.ActiveCfg = RelWithDebInfo|Win32
		{E3BF3BF2-05B7-37BD-94AA-1150D3A0BC95}.RelWithDebInfo|Win32.Build.0 = RelWithDebInfo|Win32
		{1AD666AE-2DAB-3E26-A3FC-493B5212AF38}.Debug|Win32.ActiveCfg = Debug|Win32
		{1AD666AE-2DAB-3E26-A3FC-493B5212AF38}.Debug|Win32.Build.0 = Debug|Win32
		{1AD666AE-2DAB-3E26-A3FC-493B5212AF38}.Release|Win32.ActiveCfg = Release|Win32
		{1AD666AE-2DAB-3E26-A3FC-493B5212AF38}.Release|Win32.Build.0 = Release|Win32
		{1AD666AE-2DAB-3E26-A3FC-493B5212AF38}.MinSizeRel|Win32.ActiveCfg = MinSizeRel|Win32
		{1AD666AE-2DAB-3E26-A3FC-493B5212AF38}.MinSizeRel|Win32.Build.0 = MinSizeRel|Win32
		{1AD666AE-2DAB-3E26-A3FC-493B5212AF38}.RelWithDebInfo|Win32.ActiveCfg = RelWithDebInfo|Win32
		{1AD666AE-2DAB-3E26-A3FC-493B5212AF38}.RelWithDebInfo|Win32.Build.0 = RelWithDebInfo|Win32
		{D2C165B8-3C48-3E78-A610-9DC219043FEB}.Debug|Win32.ActiveCfg = Debug|Win32
		{D2C165B8-3C48-3E78-A610-9DC219043FEB}.Debug|Win32.Build.0 = Debug|Win32
		{D2C165B8-3C48-3E78-A610-9DC219043FEB}.Release|Win32.ActiveCfg = Release|Win32
		{D2C165B8-3C48-3E78-A610-9DC219043FEB}.Release|Win32.Build.0 = Release|Win32
		{D2C165B8-3C48-3E78-A610-9DC219043FEB}.MinSizeRel|Win32.ActiveCfg = MinSizeRel|Win32
		{D2C165B8-3C48-3E78-A610-9DC219043FEB}.MinSizeRel|Win32.Build.0 = MinSizeRel|Win32
		{D2C165B8-3C48-3E78-A610-9DC219043FEB}.RelWithDebInfo|Win32.ActiveCfg = RelWithDebInfo|Win32
		{D2C165B8-3C48-3E78-A610-9DC219043FEB}.RelWithDebInfo|Win32.Build.0 = RelWithDebInfo|Win32
		{ADB721C4-5BB0-39C9-B632-535AAA5F295F}.Debug|Win32.ActiveCfg = Debug|Win32
		{ADB721C4-5BB0-39C9-B632-535AAA5F295F}.Debug|Win32.Build.0 = Debug|Win32
		{ADB721C4-5BB0-39C9-B632-535AAA5F295F}.Release|Win32.ActiveCfg = Release|Win32
		{ADB721C4-5BB0-39C9-B632-535AAA5F295F}.Release|Win32.Build.0 = Release|Win32
		{ADB721C4-5BB0-39C9-B632-535AAA5F295F}.MinSizeRel|Win32.ActiveCfg = MinSizeRel|Win32
		{ADB721C4-5BB0-39C9-B632-535AAA5F295F}.MinSizeRel|Win32.Build.0 = MinSizeRel|Win32
		{ADB721C4-5BB0-39C9-B632-535AAA5F295F}.RelWithDebInfo|Win32.ActiveCfg = RelWithDebInfo|Win32
		{ADB721C4-5BB0-39C9-B632-535AAA5F295F}.RelWithDebInfo|Win32.Build.0 = RelWithDebInfo|Win32
		{A5B86864-D052-3E2A-B8AE-8AA3D17493AE}.Debug|Win32.ActiveCfg = Debug|Win32
		{A5B86864-D052-3E2A-B8AE-8AA3D17493AE}.Debug|Win32.Build.0 = Debug|Win32
		{A5B86864-D052-3E2A-B8AE-8AA3D17493AE}.Release|Win32.ActiveCfg = Release|Win32
		{A5B86864-D052-3E2A-B8AE-8AA3D17493AE}.Release|Win32.Build.0 = Release|Win32
		{A5B86864-D052-3E2A-B8AE-8AA3D17493AE}.MinSizeRel|Win32.ActiveCfg = MinSizeRel|Win32
		{A5B86864-D052-3E2A-B8AE-8AA3D17493AE}.MinSizeRel|Win32.Build.0 = MinSizeRel|Win32
		{A5B86864-D052-3E2A-B8AE-8AA3D17493AE}.RelWithDebInfo|Win32.ActiveCfg = RelWithDebInfo|Win32
		{A5B86864-D052-3E2A-B8AE-8AA3D17493AE}.RelWithDebInfo|Win32.Build.0 = RelWithDebInfo|Win32
		{4213A193-AB90-3C37-8FB6-C3BFA8B7A166}.Debug|Win32.ActiveCfg = Debug|Win32
		{4213A193-AB90-3C37-8FB6-C3BFA8B7A166}.Debug|Win32.Build.0 = Debug|Win32
		{4213A193-AB90-3C37-8FB6-C3BFA8B7A166}.Release|Win32.ActiveCfg = Release|Win32
		{4213A193-AB90-3C37-8FB6-C3BFA8B7A166}.Release|Win32.Build.0 = Release|Win32
		{4213A193-AB90-3C37-8FB6-C3BFA8B7A166}.MinSizeRel|Win32.ActiveCfg = MinSizeRel|Win32
		{4213A193-AB90-3C37-8FB6-C3BFA8B7A166}.MinSizeRel|Win32.Build.0 = MinSizeRel|Win32
		{4213A193-AB90-3C37-8FB6-C3BFA8B7A166}.RelWithDebInfo|Win32.ActiveCfg = RelWithDebInfo|Win32
		{4213A193-AB90-3C37-8FB6-C3BFA8B7A166}.RelWithDebInfo|Win32.Build.0 = RelWithDebInfo|Win32
		{9F82A8CA-1BFF-3A3C-BC28-16864C752ACA}.Debug|Win32.ActiveCfg = Debug|Win32
		{9F82A8CA-1BFF-3A3C-BC28-16864C752ACA}.Debug|Win32.Build.0 = Debug|Win32
		{9F82A8CA-1BFF-3A3C-BC28-16864C752ACA}.Release|Win32.ActiveCfg = Release|Win32
		{9F82A8CA-1BFF-3A3C-BC28-16864C752ACA}.Release|Win32.Build.0 = Release|Win32
		{9F82A8CA-1BFF-3A3C-BC28-16864C752ACA}.MinSizeRel|Win32.ActiveCfg = MinSizeRel|Win32
		{9F82A8CA-1BFF-3A3C-BC28-16864C752ACA}.MinSizeRel|Win32.Build.0 = MinSizeRel|Win32
		{9F82A8CA-1BFF-3A3C-BC28-16864C752ACA}.RelWithDebInfo|Win32.ActiveCfg = RelWithDebInfo|Win32
		{9F82A8CA-1BFF-3A3C-BC28-16864C752ACA}.RelWithDebInfo|Win32.Build.0 = RelWithDebInfo|Win32
		{7F820E97-8117-3845-A40B-9C38461B644A}.Debug|Win32.ActiveCfg = Debug|Win32
		{7F820E97-8117-3845-A40B-9C38461B644A}.Debug|Win32.Build.0 = Debug|Win32
		{7F820E97-8117-3845-A40B-9C38461B644A}.Release|Win32.ActiveCfg = Release|Win32
		{7F820E97-8117-3845-A40B-9C38461B644A}.Release|Win32.Build.0 = Release|Win32
		{7F820E97-8117-3845-A40B-9C38461B644A}.MinSizeRel|Win32.ActiveCfg = MinSizeRel|Win32
		{7F820E97-8117-3845-A40B-9C38461B644A}.MinSizeRel|Win32.Build.0 = MinSizeRel|Win32
		{7F820E97-8117-3845-A40B-9C38461B644A}.RelWithDebInfo|Win32.ActiveCfg = RelWithDebInfo|Win32
		{7F820E97-8117-3845-A40B-9C38461B644A}.RelWithDebInfo|Win32.Build.0 = RelWithDebInfo|Win32
		{AED6492C-4B4F-303C-A10D-843AD794D955}.Debug|Win32.ActiveCfg = Debug|Win32
		{AED6492C-4B4F-303C-A10D-843AD794D955}.Debug|Win32.Build.0 = Debug|Win32
		{AED6492C-4B4F-303C-A10D-843AD794D955}.Release|Win32.ActiveCfg = Release|Win32
		{AED6492C-4B4F-303C-A10D-843AD794D955}.Release|Win32.Build.0 = Release|Win32
		{AED6492C-4B4F-303C-A10D-843AD794D955}.MinSizeRel|Win32.ActiveCfg = MinSizeRel|Win32
		{AED6492C-4B4F-303C-A10D-843AD794D955}.MinSizeRel|Win32.Build.0 = MinSizeRel|Win32
		{AED6492C-4B4F-303C-A10D-843AD794D955}.RelWithDebInfo|Win32.ActiveCfg = RelWithDebInfo|Win32
		{AED6492C-4B4F-303C-A10D-843AD794D955}.RelWithDebInfo|Win32.Build.0 = RelWithDebInfo|Win32
		{64953E53-BF02-30C4-9355-39615425652C}.Debug|Win32.ActiveCfg = Debug|Win32
		{64953E53-BF02-30C4-9355-39615425652C}.Debug|Win32.Build.0 = Debug|Win32
		{64953E53-BF02-30C4-9355-39615425652C}.Release|Win32.ActiveCfg = Release|Win32
		{64953E53-BF02-30C4-9355-39615425652C}.Release|Win32.Build.0 = Release|Win32
		{64953E53-BF02-30C4-9355-39615425652C}.MinSizeRel|Win32.ActiveCfg = MinSizeRel|Win32
		{64953E53-BF02-30C4-9355-39615425652C}.MinSizeRel|Win32.Build.0 = MinSizeRel|Win32
		{64953E53-BF02-30C4-9355-39615425652C}.RelWithDebInfo|Win32.ActiveCfg = RelWithDebInfo|Win32
		{64953E53-BF02-30C4-9355-39615425652C}.RelWithDebInfo|Win32.Build.0 = RelWithDebInfo|Win32
		{2BDF2625-4F64-336C-8EEA-395F880B4BBB}.Debug|Win32.ActiveCfg = Debug|Win32
		{2BDF2625-4F64-336C-8EEA-395F880B4BBB}.Debug|Win32.Build.0 = Debug|Win32
		{2BDF2625-4F64-336C-8EEA-395F880B4BBB}.Release|Win32.ActiveCfg = Release|Win32
		{2BDF2625-4F64-336C-8EEA-395F880B4BBB}.Release|Win32.Build.0 = Release|Win32
		{2BDF2625-4F64-336C-8EEA-395F880B4BBB}.MinSizeRel|Win32.ActiveCfg = MinSizeRel|Win32
		{2BDF2625-4F64-336C-8EEA-395F880B4BBB}.MinSizeRel|Win32.Build.0 = MinSizeRel|Win32
		{2BDF2625-4F64-336C-8EEA-395F880B4BBB}.RelWithDebInfo|Win32.ActiveCfg = RelWithDebInfo|Win32
		{2BDF2625-4F64-336C-8EEA-395F880B4BBB}.RelWithDebInfo|Win32.Build.0 = RelWithDebInfo|Win32
		{70F74A4D-B372-342D-9A02-E7274044B463}.Debug|Win32.ActiveCfg = Debug|Win32
		{70F74A4D-B372-342D-9A02-E7274044B463}.Debug|Win32.Build.0 = Debug|Win32
		{70F74A4D-B372-342D-9A02-E7274044B463}.Release|Win32.ActiveCfg = Release|Win32
		{70F74A4D-B372-342D-9A02-E7274044B463}.Release|Win32.Build.0 = Release|Win32
		{70F74A4D-B372-342D-9A02-E7274044B463}.MinSizeRel|Win32.ActiveCfg = MinSizeRel|Win32
		{70F74A4D-B372-342D-9A02-E7274044B463}.MinSizeRel|Win32.Build.0 = MinSizeRel|Win32
		{70F74A4D-B372-342D-9A02-E7274044B463}.RelWithDebInfo|Win32.ActiveCfg = RelWithDebInfo|Win32
		{70F74A4D-B372-342D-9A02-E7274044B463}.RelWithDebInfo|Win32.Build.0 = RelWithDebInfo|Win32
		{BA74EC7B-B0EB-3E08-AD93-985890B13649}.Debug|Win32.ActiveCfg = Debug|Win32
		{BA74EC7B-B0EB-3E08-AD93-985890B13649}.Debug|Win32.Build.0 = Debug|Win32
		{BA74EC7B-B0EB-3E08-AD93-985890B13649}.Release|Win32.ActiveCfg = Release|Win32
		{BA74EC7B-B0EB-3E08-AD93-985890B13649}.Release|Win32.Build.0 = Release|Win32
		{BA74EC7B-B0EB-3E08-AD93-985890B13649}.MinSizeRel|Win32.ActiveCfg = MinSizeRel|Win32
		{BA74EC7B-B0EB-3E08-AD93-985890B13649}.MinSizeRel|Win32.Build.0 = MinSizeRel|Win32
		{BA74EC7B-B0EB-3E08-AD93-985890B13649}.RelWithDebInfo|Win32.ActiveCfg = RelWithDebInfo|Win32
		{BA74EC7B-B0EB-3E08-AD93-985890B13649}.RelWithDebInfo|Win32.Build.0 = RelWithDebInfo|Win32
		{EF9F2CB6-8C87-3EC3-B968-27BD970D9FF6}.Debug|Win32.ActiveCfg = Debug|Win32
		{EF9F2CB6-8C87-3EC3-B968-27BD970D9FF6}.Debug|Win32.Build.0 = Debug|Win32
		{EF9F2CB6-8C87-3EC3-B968-27BD970D9FF6}.Release|Win32.ActiveCfg = Release|Win32
		{EF9F2CB6-8C87-3EC3-B968-27BD970D9FF6}.Release|Win32.Build.0 = Release|Win32
		{EF9F2CB6-8C87-3EC3-B968-27BD970D9FF6}.MinSizeRel|Win32.ActiveCfg = MinSizeRel|Win32
		{EF9F2CB6-8C87-3EC3-B968-27BD970D9FF6}.MinSizeRel|Win32.Build.0 = MinSizeRel|Win32
		{EF9F2CB6-8C87-3EC3-B968-27BD970D9FF6}.RelWithDebInfo|Win32.ActiveCfg = RelWithDebInfo|Win32
		{EF9F2CB6-8C87-3EC3-B968-27BD970D9FF6}.RelWithDebInfo|Win32.Build.0 = RelWithDebInfo|Win32
		{5CE7EF63-57D7-33BD-A43A-4246313232C8}.Debug|Win32.ActiveCfg = Debug|Win32
		{5CE7EF63-57D7-33BD-A43A-4246313232C8}.Debug|Win32.Build.0 = Debug|Win32
		{5CE7EF63-57D7-33BD-A43A-4246313232C8}.Release|Win32.ActiveCfg = Release|Win32
		{5CE7EF63-57D7-33BD-A43A-4246313232C8}.Release|Win32.Build.0 = Release|Win32
		{5CE7EF63-57D7-33BD-A43A-4246313232C8}.MinSizeRel|Win32.ActiveCfg = MinSizeRel|Win32
		{5CE7EF63-57D7-33BD-A43A-4246313232C8}.MinSizeRel|Win32.Build.0 = MinSizeRel|Win32
		{5CE7EF63-57D7-33BD-A43A-4246313232C8}.RelWithDebInfo|Win32.ActiveCfg = RelWithDebInfo|Win32
		{5CE7EF63-57D7-33BD-A43A-4246313232C8}.RelWithDebInfo|Win32.Build.0 = RelWithDebInfo|Win32
		{D7BAEE6B-3409-394F-B81A-6A8046F0241E}.Debug|Win32.ActiveCfg = Debug|Win32
		{D7BAEE6B-3409-394F-B81A-6A8046F0241E}.Debug|Win32.Build.0 = Debug|Win32
		{D7BAEE6B-3409-394F-B81A-6A8046F0241E}.Release|Win32.ActiveCfg = Release|Win32
		{D7BAEE6B-3409-394F-B81A-6A8046F0241E}.Release|Win32.Build.0 = Release|Win32
		{D7BAEE6B-3409-394F-B81A-6A8046F0241E}.MinSizeRel|Win32.ActiveCfg = MinSizeRel|Win32
		{D7BAEE6B-3409-394F-B81A-6A8046F0241E}.MinSizeRel|Win32.Build.0 = MinSizeRel|Win32
		{D7BAEE6B-3409-394F-B81A-6A8046F0241E}.RelWithDebInfo|Win32.ActiveCfg = RelWithDebInfo|Win32
		{D7BAEE6B-3409-394F-B81A-6A8046F0241E}.RelWithDebInfo|Win32.Build.0 = RelWithDebInfo|Win32
		{D1D669AC-8FDE-3589-8570-D8EE02A74349}.Debug|Win32.ActiveCfg = Debug|Win32
		{D1D669AC-8FDE-3589-8570-D8EE02A74349}.Debug|Win32.Build.0 = Debug|Win32
		{D1D669AC-8FDE-3589-8570-D8EE02A74349}.Release|Win32.ActiveCfg = Release|Win32
		{D1D669AC-8FDE-3589-8570-D8EE02A74349}.Release|Win32.Build.0 = Release|Win32
		{D1D669AC-8FDE-3589-8570-D8EE02A74349}.MinSizeRel|Win32.ActiveCfg = MinSizeRel|Win32
		{D1D669AC-8FDE-3589-8570-D8EE02A74349}.MinSizeRel|Win32.Build.0 = MinSizeRel|Win32
		{D1D669AC-8FDE-3589-8570-D8EE02A74349}.RelWithDebInfo|Win32.ActiveCfg = RelWithDebInfo|Win32
		{D1D669AC-8FDE-3589-8570-D8EE02A74349}.RelWithDebInfo|Win32.Build.0 = RelWithDebInfo|Win32
		{BA4D8EDA-2B3A-38C5-A04B-570A5616249F}.Debug|Win32.ActiveCfg = Debug|Win32
		{BA4D8EDA-2B3A-38C5-A04B-570A5616249F}.Debug|Win32.Build.0 = Debug|Win32
		{BA4D8EDA-2B3A-38C5-A04B-570A5616249F}.Release|Win32.ActiveCfg = Release|Win32
		{BA4D8EDA-2B3A-38C5-A04B-570A5616249F}.Release|Win32.Build.0 = Release|Win32
		{BA4D8EDA-2B3A-38C5-A04B-570A5616249F}.MinSizeRel|Win32.ActiveCfg = MinSizeRel|Win32
		{BA4D8EDA-2B3A-38C5-A04B-570A5616249F}.MinSizeRel|Win32.Build.0 = MinSizeRel|Win32
		{BA4D8EDA-2B3A-38C5-A04B-570A5616249F}.RelWithDebInfo|Win32.ActiveCfg = RelWithDebInfo|Win32
		{BA4D8EDA-2B3A-38C5-A04B-570A5616249F}.RelWithDebInfo|Win32.Build.0 = RelWithDebInfo|Win32
		{EAB3DEA8-2BCB-3C5A-A2F2-D326FB5C6527}.Debug|Win32.ActiveCfg = Debug|Win32
		{EAB3DEA8-2BCB-3C5A-A2F2-D326FB5C6527}.Debug|Win32.Build.0 = Debug|Win32
		{EAB3DEA8-2BCB-3C5A-A2F2-D326FB5C6527}.Release|Win32.ActiveCfg = Release|Win32
		{EAB3DEA8-2BCB-3C5A-A2F2-D326FB5C6527}.Release|Win32.Build.0 = Release|Win32
		{EAB3DEA8-2BCB-3C5A-A2F2-D326FB5C6527}.MinSizeRel|Win32.ActiveCfg = MinSizeRel|Win32
		{EAB3DEA8-2BCB-3C5A-A2F2-D326FB5C6527}.MinSizeRel|Win32.Build.0 = MinSizeRel|Win32
		{EAB3DEA8-2BCB-3C5A-A2F2-D326FB5C6527}.RelWithDebInfo|Win32.ActiveCfg = RelWithDebInfo|Win32
		{EAB3DEA8-2BCB-3C5A-A2F2-D326FB5C6527}.RelWithDebInfo|Win32.Build.0 = RelWithDebInfo|Win32
		{D50EAE94-E037-3301-8AFB-CB14AEB8CB63}.Debug|Win32.ActiveCfg = Debug|Win32
		{D50EAE94-E037-3301-8AFB-CB14AEB8CB63}.Debug|Win32.Build.0 = Debug|Win32
		{D50EAE94-E037-3301-8AFB-CB14AEB8CB63}.Release|Win32.ActiveCfg = Release|Win32
		{D50EAE94-E037-3301-8AFB-CB14AEB8CB63}.Release|Win32.Build.0 = Release|Win32
		{D50EAE94-E037-3301-8AFB-CB14AEB8CB63}.MinSizeRel|Win32.ActiveCfg = MinSizeRel|Win32
		{D50EAE94-E037-3301-8AFB-CB14AEB8CB63}.MinSizeRel|Win32.Build.0 = MinSizeRel|Win32
		{D50EAE94-E037-3301-8AFB-CB14AEB8CB63}.RelWithDebInfo|Win32.ActiveCfg = RelWithDebInfo|Win32
		{D50EAE94-E037-3301-8AFB-CB14AEB8CB63}.RelWithDebInfo|Win32.Build.0 = RelWithDebInfo|Win32
		{A4924B34-6BD6-37D2-B81E-24BB4F7D97B0}.Debug|Win32.ActiveCfg = Debug|Win32
		{A4924B34-6BD6-37D2-B81E-24BB4F7D97B0}.Debug|Win32.Build.0 = Debug|Win32
		{A4924B34-6BD6-37D2-B81E-24BB4F7D97B0}.Release|Win32.ActiveCfg = Release|Win32
		{A4924B34-6BD6-37D2-B81E-24BB4F7D97B0}.Release|Win32.Build.0 = Release|Win32
		{A4924B34-6BD6-37D2-B81E-24BB4F7D97B0}.MinSizeRel|Win32.ActiveCfg = MinSizeRel|Win32
		{A4924B34-6BD6-37D2-B81E-24BB4F7D97B0}.MinSizeRel|Win32.Build.0 = MinSizeRel|Win32
		{A4924B34-6BD6-37D2-B81E-24BB4F7D97B0}.RelWithDebInfo|Win32.ActiveCfg = RelWithDebInfo|Win32
		{A4924B34-6BD6-37D2-B81E-24BB4F7D97B0}.RelWithDebInfo|Win32.Build.0 = RelWithDebInfo|Win32
		{0EC2AA46-034A-309A-B03A-68AC82D1F645}.Debug|Win32.ActiveCfg = Debug|Win32
		{0EC2AA46-034A-309A-B03A-68AC82D1F645}.Debug|Win32.Build.0 = Debug|Win32
		{0EC2AA46-034A-309A-B03A-68AC82D1F645}.Release|Win32.ActiveCfg = Release|Win32
		{0EC2AA46-034A-309A-B03A-68AC82D1F645}.Release|Win32.Build.0 = Release|Win32
		{0EC2AA46-034A-309A-B03A-68AC82D1F645}.MinSizeRel|Win32.ActiveCfg = MinSizeRel|Win32
		{0EC2AA46-034A-309A-B03A-68AC82D1F645}.MinSizeRel|Win32.Build.0 = MinSizeRel|Win32
		{0EC2AA46-034A-309A-B03A-68AC82D1F645}.RelWithDebInfo|Win32.ActiveCfg = RelWithDebInfo|Win32
		{0EC2AA46-034A-309A-B03A-68AC82D1F645}.RelWithDebInfo|Win32.Build.0 = RelWithDebInfo|Win32
		{6E12495B-8009-3E0F-898E-1AD5F43EF570}.Debug|Win32.ActiveCfg = Debug|Win32
		{6E12495B-8009-3E0F-898E-1AD5F43EF570}.Debug|Win32.Build.0 = Debug|Win32
		{6E12495B-8009-3E0F-898E-1AD5F43EF570}.Release|Win32.ActiveCfg = Release|Win32
		{6E12495B-8009-3E0F-898E-1AD5F43EF570}.Release|Win32.Build.0 = Release|Win32
		{6E12495B-8009-3E0F-898E-1AD5F43EF570}.MinSizeRel|Win32.ActiveCfg = MinSizeRel|Win32
		{6E12495B-8009-3E0F-898E-1AD5F43EF570}.MinSizeRel|Win32.Build.0 = MinSizeRel|Win32
		{6E12495B-8009-3E0F-898E-1AD5F43EF570}.RelWithDebInfo|Win32.ActiveCfg = RelWithDebInfo|Win32
		{6E12495B-8009-3E0F-898E-1AD5F43EF570}.RelWithDebInfo|Win32.Build.0 = RelWithDebInfo|Win32
		{D3128B78-8213-3B95-B2A6-89BF5CBA9BB7}.Debug|Win32.ActiveCfg = Debug|Win32
		{D3128B78-8213-3B95-B2A6-89BF5CBA9BB7}.Debug|Win32.Build.0 = Debug|Win32
		{D3128B78-8213-3B95-B2A6-89BF5CBA9BB7}.Release|Win32.ActiveCfg = Release|Win32
		{D3128B78-8213-3B95-B2A6-89BF5CBA9BB7}.Release|Win32.Build.0 = Release|Win32
		{D3128B78-8213-3B95-B2A6-89BF5CBA9BB7}.MinSizeRel|Win32.ActiveCfg = MinSizeRel|Win32
		{D3128B78-8213-3B95-B2A6-89BF5CBA9BB7}.MinSizeRel|Win32.Build.0 = MinSizeRel|Win32
		{D3128B78-8213-3B95-B2A6-89BF5CBA9BB7}.RelWithDebInfo|Win32.ActiveCfg = RelWithDebInfo|Win32
		{D3128B78-8213-3B95-B2A6-89BF5CBA9BB7}.RelWithDebInfo|Win32.Build.0 = RelWithDebInfo|Win32
		{37904FEC-728C-3103-8FC2-603B2D02EAA8}.Debug|Win32.ActiveCfg = Debug|Win32
		{37904FEC-728C-3103-8FC2-603B2D02EAA8}.Debug|Win32.Build.0 = Debug|Win32
		{37904FEC-728C-3103-8FC2-603B2D02EAA8}.Release|Win32.ActiveCfg = Release|Win32
		{37904FEC-728C-3103-8FC2-603B2D02EAA8}.Release|Win32.Build.0 = Release|Win32
		{37904FEC-728C-3103-8FC2-603B2D02EAA8}.MinSizeRel|Win32.ActiveCfg = MinSizeRel|Win32
		{37904FEC-728C-3103-8FC2-603B2D02EAA8}.MinSizeRel|Win32.Build.0 = MinSizeRel|Win32
		{37904FEC-728C-3103-8FC2-603B2D02EAA8}.RelWithDebInfo|Win32.ActiveCfg = RelWithDebInfo|Win32
		{37904FEC-728C-3103-8FC2-603B2D02EAA8}.RelWithDebInfo|Win32.Build.0 = RelWithDebInfo|Win32
		{850EA2D8-3D7D-366E-A7D7-18EC996F5BC9}.Debug|Win32.ActiveCfg = Debug|Win32
		{850EA2D8-3D7D-366E-A7D7-18EC996F5BC9}.Debug|Win32.Build.0 = Debug|Win32
		{850EA2D8-3D7D-366E-A7D7-18EC996F5BC9}.Release|Win32.ActiveCfg = Release|Win32
		{850EA2D8-3D7D-366E-A7D7-18EC996F5BC9}.Release|Win32.Build.0 = Release|Win32
		{850EA2D8-3D7D-366E-A7D7-18EC996F5BC9}.MinSizeRel|Win32.ActiveCfg = MinSizeRel|Win32
		{850EA2D8-3D7D-366E-A7D7-18EC996F5BC9}.MinSizeRel|Win32.Build.0 = MinSizeRel|Win32
		{850EA2D8-3D7D-366E-A7D7-18EC996F5BC9}.RelWithDebInfo|Win32.ActiveCfg = RelWithDebInfo|Win32
		{850EA2D8-3D7D-366E-A7D7-18EC996F5BC9}.RelWithDebInfo|Win32.Build.0 = RelWithDebInfo|Win32
	EndGlobalSection
	GlobalSection(NestedProjects) = preSolution
		{63483515-6498-3C0A-86CF-30DBD9E8C983} = {232AF4B6-10AD-3630-B768-FC2FCDF4D989}
		{E7FB852F-F029-3BE5-B8D2-3C6D3D156707} = {232AF4B6-10AD-3630-B768-FC2FCDF4D989}
		{00CF28B9-F80B-33E8-9BCC-CC75766BA8F5} = {232AF4B6-10AD-3630-B768-FC2FCDF4D989}
		{0D6A88EC-E7C6-3F6D-85FB-7FDAFCC2CF92} = {71F5D4DD-DB4B-3867-A505-B85A80610A2A}
		{486DA1F7-F4F2-3627-B3F5-8A9C8E557254} = {1D6538DC-7F7E-394B-8308-631187022A1E}
		{E3BF3BF2-05B7-37BD-94AA-1150D3A0BC95} = {1D6538DC-7F7E-394B-8308-631187022A1E}
		{1AD666AE-2DAB-3E26-A3FC-493B5212AF38} = {1D6538DC-7F7E-394B-8308-631187022A1E}
		{D2C165B8-3C48-3E78-A610-9DC219043FEB} = {1D6538DC-7F7E-394B-8308-631187022A1E}
		{ADB721C4-5BB0-39C9-B632-535AAA5F295F} = {1D6538DC-7F7E-394B-8308-631187022A1E}
		{A5B86864-D052-3E2A-B8AE-8AA3D17493AE} = {1D6538DC-7F7E-394B-8308-631187022A1E}
		{4213A193-AB90-3C37-8FB6-C3BFA8B7A166} = {1D6538DC-7F7E-394B-8308-631187022A1E}
		{9F82A8CA-1BFF-3A3C-BC28-16864C752ACA} = {1D6538DC-7F7E-394B-8308-631187022A1E}
		{7F820E97-8117-3845-A40B-9C38461B644A} = {1D6538DC-7F7E-394B-8308-631187022A1E}
		{AED6492C-4B4F-303C-A10D-843AD794D955} = {1D6538DC-7F7E-394B-8308-631187022A1E}
		{64953E53-BF02-30C4-9355-39615425652C} = {1D6538DC-7F7E-394B-8308-631187022A1E}
		{2BDF2625-4F64-336C-8EEA-395F880B4BBB} = {1D6538DC-7F7E-394B-8308-631187022A1E}
		{70F74A4D-B372-342D-9A02-E7274044B463} = {1D6538DC-7F7E-394B-8308-631187022A1E}
		{BA74EC7B-B0EB-3E08-AD93-985890B13649} = {1D6538DC-7F7E-394B-8308-631187022A1E}
		{EF9F2CB6-8C87-3EC3-B968-27BD970D9FF6} = {1D6538DC-7F7E-394B-8308-631187022A1E}
		{5CE7EF63-57D7-33BD-A43A-4246313232C8} = {1D6538DC-7F7E-394B-8308-631187022A1E}
		{D7BAEE6B-3409-394F-B81A-6A8046F0241E} = {1D6538DC-7F7E-394B-8308-631187022A1E}
		{D1D669AC-8FDE-3589-8570-D8EE02A74349} = {1D6538DC-7F7E-394B-8308-631187022A1E}
		{BA4D8EDA-2B3A-38C5-A04B-570A5616249F} = {1D6538DC-7F7E-394B-8308-631187022A1E}
		{EAB3DEA8-2BCB-3C5A-A2F2-D326FB5C6527} = {1D6538DC-7F7E-394B-8308-631187022A1E}
		{D50EAE94-E037-3301-8AFB-CB14AEB8CB63} = {1D6538DC-7F7E-394B-8308-631187022A1E}
		{A4924B34-6BD6-37D2-B81E-24BB4F7D97B0} = {1D6538DC-7F7E-394B-8308-631187022A1E}
		{0EC2AA46-034A-309A-B03A-68AC82D1F645} = {1D6538DC-7F7E-394B-8308-631187022A1E}
		{6E12495B-8009-3E0F-898E-1AD5F43EF570} = {1D6538DC-7F7E-394B-8308-631187022A1E}
		{D3128B78-8213-3B95-B2A6-89BF5CBA9BB7} = {1D6538DC-7F7E-394B-8308-631187022A1E}
		{37904FEC-728C-3103-8FC2-603B2D02EAA8} = {1D6538DC-7F7E-394B-8308-631187022A1E}
		{850EA2D8-3D7D-366E-A7D7-18EC996F5BC9} = {1D6538DC-7F7E-394B-8308-631187022A1E}
	EndGlobalSection
	GlobalSection(ExtensibilityGlobals) = postSolution
		SolutionGuid = {F8715EFE-9177-318A-92F8-ABC84C4F8D20}
	EndGlobalSection
	GlobalSection(ExtensibilityAddIns) = postSolution
	EndGlobalSection
EndGlobal
