Microsoft Visual Studio Solution File, Format Version 12.00
# Visual Studio 15
Project("{2150E333-8FDC-42A3-9474-1A3956D46DE8}") = "CMake Targets", "CMake Targets", "{232AF4B6-10AD-3630-B768-FC2FCDF4D989}"
EndProject
Project("{2150E333-8FDC-42A3-9474-1A3956D46DE8}") = "Core", "Core", "{71F5D4DD-DB4B-3867-A505-B85A80610A2A}"
EndProject
Project("{2150E333-8FDC-42A3-9474-1A3956D46DE8}") = "Tests", "Tests", "{CBC21A80-D642-3932-B8BE-2F49D0A9FA8A}"
EndProject
Project("{8BC9CEB8-8B4A-11D0-8D11-00A0C91BC942}") = "ALL_BUILD", "ALL_BUILD.vcxproj", "{63483515-6498-3C0A-86CF-30DBD9E8C983}"
	ProjectSection(ProjectDependencies) = postProject
		{00CF28B9-F80B-33E8-9BCC-CC75766BA8F5} = {00CF28B9-F80B-33E8-9BCC-CC75766BA8F5}
		{B5E0C583-B636-3214-AA86-D72CE01239C9} = {B5E0C583-B636-3214-AA86-D72CE01239C9}
	EndProjectSection
EndProject
Project("{8BC9CEB8-8B4A-11D0-8D11-00A0C91BC942}") = "INSTALL", "INSTALL.vcxproj", "{E7FB852F-F029-3BE5-B8D2-3C6D3D156707}"
	ProjectSection(ProjectDependencies) = postProject
		{63483515-6498-3C0A-86CF-30DBD9E8C983} = {63483515-6498-3C0A-86CF-30DBD9E8C983}
		{00CF28B9-F80B-33E8-9BCC-CC75766BA8F5} = {00CF28B9-F80B-33E8-9BCC-CC75766BA8F5}
	EndProjectSection
EndProject
Project("{8BC9CEB8-8B4A-11D0-8D11-00A0C91BC942}") = "ZERO_CHECK", "..\..\\ZERO_CHECK.vcxproj", "{00CF28B9-F80B-33E8-9BCC-CC75766BA8F5}"
	ProjectSection(ProjectDependencies) = postProject
	EndProjectSection
EndProject
Project("{8BC9CEB8-8B4A-11D0-8D11-00A0C91BC942}") = "osgEarth", "..\osgEarth\osgEarth.vcxproj", "{0D6A88EC-E7C6-3F6D-85FB-7FDAFCC2CF92}"
	ProjectSection(ProjectDependencies) = postProject
		{00CF28B9-F80B-33E8-9BCC-CC75766BA8F5} = {00CF28B9-F80B-33E8-9BCC-CC75766BA8F5}
	EndProjectSection
EndProject
Project("{8BC9CEB8-8B4A-11D0-8D11-00A0C91BC942}") = "test_osgEarth_tests", "osgEarth_tests\test_osgEarth_tests.vcxproj", "{B5E0C583-B636-3214-AA86-D72CE01239C9}"
	ProjectSection(ProjectDependencies) = postProject
		{00CF28B9-F80B-33E8-9BCC-CC75766BA8F5} = {00CF28B9-F80B-33E8-9BCC-CC75766BA8F5}
		{0D6A88EC-E7C6-3F6D-85FB-7FDAFCC2CF92} = {0D6A88EC-E7C6-3F6D-85FB-7FDAFCC2CF92}
	EndProjectSection
EndProject
Global
	GlobalSection(SolutionConfigurationPlatforms) = preSolution
		Debug|Win32 = Debug|Win32
		Release|Win32 = Release|Win32
		MinSizeRel|Win32 = MinSizeRel|Win32
		RelWithDebInfo|Win32 = RelWithDebInfo|Win32
	EndGlobalSection
	GlobalSection(ProjectConfigurationPlatforms) = postSolution
		{63483515-6498-3C0A-86CF-30DBD9E8C983}.Debug|Win32.ActiveCfg = Debug|Win32
		{63483515-6498-3C0A-86CF-30DBD9E8C983}.Debug|Win32.Build.0 = Debug|Win32
		{63483515-6498-3C0A-86CF-30DBD9E8C983}.Release|Win32.ActiveCfg = Release|Win32
		{63483515-6498-3C0A-86CF-30DBD9E8C983}.Release|Win32.Build.0 = Release|Win32
		{63483515-6498-3C0A-86CF-30DBD9E8C983}.MinSizeRel|Win32.ActiveCfg = MinSizeRel|Win32
		{63483515-6498-3C0A-86CF-30DBD9E8C983}.MinSizeRel|Win32.Build.0 = MinSizeRel|Win32
		{63483515-6498-3C0A-86CF-30DBD9E8C983}.RelWithDebInfo|Win32.ActiveCfg = RelWithDebInfo|Win32
		{63483515-6498-3C0A-86CF-30DBD9E8C983}.RelWithDebInfo|Win32.Build.0 = RelWithDebInfo|Win32
		{E7FB852F-F029-3BE5-B8D2-3C6D3D156707}.Debug|Win32.ActiveCfg = Debug|Win32
		{E7FB852F-F029-3BE5-B8D2-3C6D3D156707}.Release|Win32.ActiveCfg = Release|Win32
		{E7FB852F-F029-3BE5-B8D2-3C6D3D156707}.MinSizeRel|Win32.ActiveCfg = MinSizeRel|Win32
		{E7FB852F-F029-3BE5-B8D2-3C6D3D156707}.RelWithDebInfo|Win32.ActiveCfg = RelWithDebInfo|Win32
		{00CF28B9-F80B-33E8-9BCC-CC75766BA8F5}.Debug|Win32.ActiveCfg = Debug|Win32
		{00CF28B9-F80B-33E8-9BCC-CC75766BA8F5}.Debug|Win32.Build.0 = Debug|Win32
		{00CF28B9-F80B-33E8-9BCC-CC75766BA8F5}.Release|Win32.ActiveCfg = Release|Win32
		{00CF28B9-F80B-33E8-9BCC-CC75766BA8F5}.Release|Win32.Build.0 = Release|Win32
		{00CF28B9-F80B-33E8-9BCC-CC75766BA8F5}.MinSizeRel|Win32.ActiveCfg = MinSizeRel|Win32
		{00CF28B9-F80B-33E8-9BCC-CC75766BA8F5}.MinSizeRel|Win32.Build.0 = MinSizeRel|Win32
		{00CF28B9-F80B-33E8-9BCC-CC75766BA8F5}.RelWithDebInfo|Win32.ActiveCfg = RelWithDebInfo|Win32
		{00CF28B9-F80B-33E8-9BCC-CC75766BA8F5}.RelWithDebInfo|Win32.Build.0 = RelWithDebInfo|Win32
		{0D6A88EC-E7C6-3F6D-85FB-7FDAFCC2CF92}.Debug|Win32.ActiveCfg = Debug|Win32
		{0D6A88EC-E7C6-3F6D-85FB-7FDAFCC2CF92}.Debug|Win32.Build.0 = Debug|Win32
		{0D6A88EC-E7C6-3F6D-85FB-7FDAFCC2CF92}.Release|Win32.ActiveCfg = Release|Win32
		{0D6A88EC-E7C6-3F6D-85FB-7FDAFCC2CF92}.Release|Win32.Build.0 = Release|Win32
		{0D6A88EC-E7C6-3F6D-85FB-7FDAFCC2CF92}.MinSizeRel|Win32.ActiveCfg = MinSizeRel|Win32
		{0D6A88EC-E7C6-3F6D-85FB-7FDAFCC2CF92}.MinSizeRel|Win32.Build.0 = MinSizeRel|Win32
		{0D6A88EC-E7C6-3F6D-85FB-7FDAFCC2CF92}.RelWithDebInfo|Win32.ActiveCfg = RelWithDebInfo|Win32
		{0D6A88EC-E7C6-3F6D-85FB-7FDAFCC2CF92}.RelWithDebInfo|Win32.Build.0 = RelWithDebInfo|Win32
		{B5E0C583-B636-3214-AA86-D72CE01239C9}.Debug|Win32.ActiveCfg = Debug|Win32
		{B5E0C583-B636-3214-AA86-D72CE01239C9}.Debug|Win32.Build.0 = Debug|Win32
		{B5E0C583-B636-3214-AA86-D72CE01239C9}.Release|Win32.ActiveCfg = Release|Win32
		{B5E0C583-B636-3214-AA86-D72CE01239C9}.Release|Win32.Build.0 = Release|Win32
		{B5E0C583-B636-3214-AA86-D72CE01239C9}.MinSizeRel|Win32.ActiveCfg = MinSizeRel|Win32
		{B5E0C583-B636-3214-AA86-D72CE01239C9}.MinSizeRel|Win32.Build.0 = MinSizeRel|Win32
		{B5E0C583-B636-3214-AA86-D72CE01239C9}.RelWithDebInfo|Win32.ActiveCfg = RelWithDebInfo|Win32
		{B5E0C583-B636-3214-AA86-D72CE01239C9}.RelWithDebInfo|Win32.Build.0 = RelWithDebInfo|Win32
	EndGlobalSection
	GlobalSection(NestedProjects) = preSolution
		{63483515-6498-3C0A-86CF-30DBD9E8C983} = {232AF4B6-10AD-3630-B768-FC2FCDF4D989}
		{E7FB852F-F029-3BE5-B8D2-3C6D3D156707} = {232AF4B6-10AD-3630-B768-FC2FCDF4D989}
		{00CF28B9-F80B-33E8-9BCC-CC75766BA8F5} = {232AF4B6-10AD-3630-B768-FC2FCDF4D989}
		{0D6A88EC-E7C6-3F6D-85FB-7FDAFCC2CF92} = {71F5D4DD-DB4B-3867-A505-B85A80610A2A}
		{B5E0C583-B636-3214-AA86-D72CE01239C9} = {CBC21A80-D642-3932-B8BE-2F49D0A9FA8A}
	EndGlobalSection
	GlobalSection(ExtensibilityGlobals) = postSolution
		SolutionGuid = {5F63C021-9A03-3F6B-A167-4627ADEE0FA4}
	EndGlobalSection
	GlobalSection(ExtensibilityAddIns) = postSolution
	EndGlobalSection
EndGlobal
