Microsoft Visual Studio Solution File, Format Version 12.00
# Visual Studio 15
Project("{2150E333-8FDC-42A3-9474-1A3956D46DE8}") = "CMake Targets", "CMake Targets", "{232AF4B6-10AD-3630-B768-FC2FCDF4D989}"
EndProject
Project("{2150E333-8FDC-42A3-9474-1A3956D46DE8}") = "Core", "Core", "{71F5D4DD-DB4B-3867-A505-B85A80610A2A}"
EndProject
Project("{2150E333-8FDC-42A3-9474-1A3956D46DE8}") = "NodeKits", "NodeKits", "{EDD8EEFE-FEB4-37E5-8D64-F59C95FC889B}"
EndProject
Project("{2150E333-8FDC-42A3-9474-1A3956D46DE8}") = "Samples", "Samples", "{14CBEAA0-A061-38BB-9506-94AA18A5AC3C}"
EndProject
Project("{2150E333-8FDC-42A3-9474-1A3956D46DE8}") = "Tools", "Tools", "{8F7F3D21-D32C-3000-A19C-73437EE34D4D}"
EndProject
Project("{8BC9CEB8-8B4A-11D0-8D11-00A0C91BC942}") = "ALL_BUILD", "ALL_BUILD.vcxproj", "{63483515-6498-3C0A-86CF-30DBD9E8C983}"
	ProjectSection(ProjectDependencies) = postProject
		{00CF28B9-F80B-33E8-9BCC-CC75766BA8F5} = {00CF28B9-F80B-33E8-9BCC-CC75766BA8F5}
		{0835A84C-13C4-3CBF-A325-540E582E141E} = {0835A84C-13C4-3CBF-A325-540E582E141E}
		{142B30BB-2237-3860-99FC-B559A8505582} = {142B30BB-2237-3860-99FC-B559A8505582}
		{3D378C1C-4CBE-34E1-8BBC-3A45E530D3AA} = {3D378C1C-4CBE-34E1-8BBC-3A45E530D3AA}
		{7CA1F378-D303-338E-8187-4AA69A550EF9} = {7CA1F378-D303-338E-8187-4AA69A550EF9}
		{513EB00A-7E2B-3ED2-B8EC-394665A42D1E} = {513EB00A-7E2B-3ED2-B8EC-394665A42D1E}
		{A669CE52-BEC1-3E39-BD66-A77A798A568F} = {A669CE52-BEC1-3E39-BD66-A77A798A568F}
		{FEAFA394-7A1C-39B0-A815-03D94C84DCAD} = {FEAFA394-7A1C-39B0-A815-03D94C84DCAD}
		{6E4645FF-7B9C-32E1-8E5B-014EBA550D0B} = {6E4645FF-7B9C-32E1-8E5B-014EBA550D0B}
		{C58D0A81-7BD2-3F48-B5E8-574A6B8A8B17} = {C58D0A81-7BD2-3F48-B5E8-574A6B8A8B17}
		{34C24A57-9D7B-382F-B7C1-DF9A1613FB81} = {34C24A57-9D7B-382F-B7C1-DF9A1613FB81}
		{62285D67-DD47-3B84-A2ED-560343481BFC} = {62285D67-DD47-3B84-A2ED-560343481BFC}
		{0FFA1DBF-9507-3057-A31E-BD378465661E} = {0FFA1DBF-9507-3057-A31E-BD378465661E}
		{BF114F7D-9B2B-3D4C-8ECD-61B073108DAC} = {BF114F7D-9B2B-3D4C-8ECD-61B073108DAC}
		{815BD995-F64D-3E30-AF6A-5AADA366F0B6} = {815BD995-F64D-3E30-AF6A-5AADA366F0B6}
		{41DCB7C4-6E89-3E62-BBAC-6BC53DE3E5CA} = {41DCB7C4-6E89-3E62-BBAC-6BC53DE3E5CA}
		{4C8ABCAD-0AC2-303E-BB7C-F26D868A2F1C} = {4C8ABCAD-0AC2-303E-BB7C-F26D868A2F1C}
		{ABC79E07-7E15-3525-8013-C21D1379BED3} = {ABC79E07-7E15-3525-8013-C21D1379BED3}
		{378BB26B-854D-351C-90E9-C5BF8B39E0D6} = {378BB26B-854D-351C-90E9-C5BF8B39E0D6}
		{4F2162E7-BA6E-3BF3-A8A5-5740752FF45F} = {4F2162E7-BA6E-3BF3-A8A5-5740752FF45F}
		{07AB17EA-4C32-3D35-86E1-77502DC0D4BE} = {07AB17EA-4C32-3D35-86E1-77502DC0D4BE}
		{9160AC12-7B45-3828-8B96-95E7CEC7CFC8} = {9160AC12-7B45-3828-8B96-95E7CEC7CFC8}
		{662E3D3B-7F23-3CA5-A486-526B2C2ACEA1} = {662E3D3B-7F23-3CA5-A486-526B2C2ACEA1}
		{0B48D595-FE51-3A58-A9A7-A4846B91BE4D} = {0B48D595-FE51-3A58-A9A7-A4846B91BE4D}
		{E386E53D-902E-3D46-AC87-DDDB7E28CA37} = {E386E53D-902E-3D46-AC87-DDDB7E28CA37}
		{C72D5FE2-5479-3F27-BC98-6F5530C3BB97} = {C72D5FE2-5479-3F27-BC98-6F5530C3BB97}
		{84941E88-08ED-3E80-9058-ECF1717FDC29} = {84941E88-08ED-3E80-9058-ECF1717FDC29}
		{E3059C08-9C18-3FD6-9708-D8089171F963} = {E3059C08-9C18-3FD6-9708-D8089171F963}
		{40E0BA43-7A0C-322F-906E-49B95FE074A8} = {40E0BA43-7A0C-322F-906E-49B95FE074A8}
		{8AF33F0E-5944-3B59-AA74-CB53598E0FDC} = {8AF33F0E-5944-3B59-AA74-CB53598E0FDC}
		{C6CE6290-EA2C-3356-9D85-9F98B4F26B50} = {C6CE6290-EA2C-3356-9D85-9F98B4F26B50}
		{67DC584E-746D-3694-92AA-C4C5D593AD52} = {67DC584E-746D-3694-92AA-C4C5D593AD52}
		{35CA79C6-0CDB-3622-8D47-BED0CB03C36D} = {35CA79C6-0CDB-3622-8D47-BED0CB03C36D}
		{876FFC64-76BC-3658-B149-009D33F04D9C} = {876FFC64-76BC-3658-B149-009D33F04D9C}
		{016BDFB7-8233-34AD-BFF6-D4F65E7F8EF0} = {016BDFB7-8233-34AD-BFF6-D4F65E7F8EF0}
		{115DE8BC-8DAF-3E9A-83D8-9E7F04467934} = {115DE8BC-8DAF-3E9A-83D8-9E7F04467934}
		{B9000EC4-0986-316A-8B07-A8F828F2193F} = {B9000EC4-0986-316A-8B07-A8F828F2193F}
		{EE6B1047-30AB-3B16-A63B-34E807E89EC5} = {EE6B1047-30AB-3B16-A63B-34E807E89EC5}
		{47BD6AAA-7DA4-3A19-80FD-7D7C941D4EF4} = {47BD6AAA-7DA4-3A19-80FD-7D7C941D4EF4}
		{A636813D-6E01-34A9-AB0D-9B723DC5C561} = {A636813D-6E01-34A9-AB0D-9B723DC5C561}
		{663A604C-6CED-38C9-9728-F8469240C44E} = {663A604C-6CED-38C9-9728-F8469240C44E}
		{22DFC668-C9C7-3095-A095-A2ECEF876E6F} = {22DFC668-C9C7-3095-A095-A2ECEF876E6F}
		{160AFF3F-61B3-301E-8462-12A9F9E77121} = {160AFF3F-61B3-301E-8462-12A9F9E77121}
		{658D2C81-B938-3630-AE26-C19913D6C3EF} = {658D2C81-B938-3630-AE26-C19913D6C3EF}
		{5F49E969-D73C-3BBF-AD44-D2D6C7DFF354} = {5F49E969-D73C-3BBF-AD44-D2D6C7DFF354}
		{0CA23FBF-8E98-3AD2-BE30-DDF5A9091D90} = {0CA23FBF-8E98-3AD2-BE30-DDF5A9091D90}
		{98AC9A1C-6890-3D0F-9EE1-3B17D3874C3C} = {98AC9A1C-6890-3D0F-9EE1-3B17D3874C3C}
		{B3CBE356-4091-30E2-9F09-7C5C86009E30} = {B3CBE356-4091-30E2-9F09-7C5C86009E30}
		{CD122D01-A4F1-3BAA-BCFE-9E24919B8CF2} = {CD122D01-A4F1-3BAA-BCFE-9E24919B8CF2}
		{46535818-44F8-3EB2-88AB-C8ABD8532B16} = {46535818-44F8-3EB2-88AB-C8ABD8532B16}
		{81608B0A-FE8B-3699-ACD9-CC355821776E} = {81608B0A-FE8B-3699-ACD9-CC355821776E}
		{3984C4B8-5E68-34EB-ACE1-EC8B5EC9166A} = {3984C4B8-5E68-34EB-ACE1-EC8B5EC9166A}
		{5C140B74-B899-30EA-99C3-FF7B5E8C0C3A} = {5C140B74-B899-30EA-99C3-FF7B5E8C0C3A}
		{245CB1EF-0EDA-362F-8708-0AABA5BAC6CD} = {245CB1EF-0EDA-362F-8708-0AABA5BAC6CD}
		{D4D5A9CD-5AB9-3834-8D2B-0F736FDCD2E0} = {D4D5A9CD-5AB9-3834-8D2B-0F736FDCD2E0}
		{FE3F1A95-F8ED-3AFE-85F7-7F18FBA1CF00} = {FE3F1A95-F8ED-3AFE-85F7-7F18FBA1CF00}
		{B88C2A1C-3610-3B16-90E5-71D6ABD665DA} = {B88C2A1C-3610-3B16-90E5-71D6ABD665DA}
		{B30D5DB6-D01C-32F0-A439-635FEC3C1F57} = {B30D5DB6-D01C-32F0-A439-635FEC3C1F57}
		{F67E86C2-243D-3057-B7E5-E53F62DFB481} = {F67E86C2-243D-3057-B7E5-E53F62DFB481}
		{B56CBD2B-4EEB-30CC-BE73-DE5CD8087A0A} = {B56CBD2B-4EEB-30CC-BE73-DE5CD8087A0A}
		{234A91C2-8499-37BC-B843-ACC60ED39FB6} = {234A91C2-8499-37BC-B843-ACC60ED39FB6}
	EndProjectSection
EndProject
Project("{8BC9CEB8-8B4A-11D0-8D11-00A0C91BC942}") = "INSTALL", "INSTALL.vcxproj", "{E7FB852F-F029-3BE5-B8D2-3C6D3D156707}"
	ProjectSection(ProjectDependencies) = postProject
		{63483515-6498-3C0A-86CF-30DBD9E8C983} = {63483515-6498-3C0A-86CF-30DBD9E8C983}
		{00CF28B9-F80B-33E8-9BCC-CC75766BA8F5} = {00CF28B9-F80B-33E8-9BCC-CC75766BA8F5}
	EndProjectSection
EndProject
Project("{8BC9CEB8-8B4A-11D0-8D11-00A0C91BC942}") = "ZERO_CHECK", "..\..\\ZERO_CHECK.vcxproj", "{00CF28B9-F80B-33E8-9BCC-CC75766BA8F5}"
	ProjectSection(ProjectDependencies) = postProject
	EndProjectSection
EndProject
Project("{8BC9CEB8-8B4A-11D0-8D11-00A0C91BC942}") = "application_osgearth_3pv", "osgearth_3pv\application_osgearth_3pv.vcxproj", "{0835A84C-13C4-3CBF-A325-540E582E141E}"
	ProjectSection(ProjectDependencies) = postProject
		{00CF28B9-F80B-33E8-9BCC-CC75766BA8F5} = {00CF28B9-F80B-33E8-9BCC-CC75766BA8F5}
		{0D6A88EC-E7C6-3F6D-85FB-7FDAFCC2CF92} = {0D6A88EC-E7C6-3F6D-85FB-7FDAFCC2CF92}
	EndProjectSection
EndProject
Project("{8BC9CEB8-8B4A-11D0-8D11-00A0C91BC942}") = "application_osgearth_annotation", "osgearth_annotation\application_osgearth_annotation.vcxproj", "{142B30BB-2237-3860-99FC-B559A8505582}"
	ProjectSection(ProjectDependencies) = postProject
		{00CF28B9-F80B-33E8-9BCC-CC75766BA8F5} = {00CF28B9-F80B-33E8-9BCC-CC75766BA8F5}
		{0D6A88EC-E7C6-3F6D-85FB-7FDAFCC2CF92} = {0D6A88EC-E7C6-3F6D-85FB-7FDAFCC2CF92}
	EndProjectSection
EndProject
Project("{8BC9CEB8-8B4A-11D0-8D11-00A0C91BC942}") = "application_osgearth_atlas", "osgearth_atlas\application_osgearth_atlas.vcxproj", "{3D378C1C-4CBE-34E1-8BBC-3A45E530D3AA}"
	ProjectSection(ProjectDependencies) = postProject
		{00CF28B9-F80B-33E8-9BCC-CC75766BA8F5} = {00CF28B9-F80B-33E8-9BCC-CC75766BA8F5}
		{0D6A88EC-E7C6-3F6D-85FB-7FDAFCC2CF92} = {0D6A88EC-E7C6-3F6D-85FB-7FDAFCC2CF92}
	EndProjectSection
EndProject
Project("{8BC9CEB8-8B4A-11D0-8D11-00A0C91BC942}") = "application_osgearth_boundarygen", "osgearth_boundarygen\application_osgearth_boundarygen.vcxproj", "{7CA1F378-D303-338E-8187-4AA69A550EF9}"
	ProjectSection(ProjectDependencies) = postProject
		{00CF28B9-F80B-33E8-9BCC-CC75766BA8F5} = {00CF28B9-F80B-33E8-9BCC-CC75766BA8F5}
		{0D6A88EC-E7C6-3F6D-85FB-7FDAFCC2CF92} = {0D6A88EC-E7C6-3F6D-85FB-7FDAFCC2CF92}
	EndProjectSection
EndProject
Project("{8BC9CEB8-8B4A-11D0-8D11-00A0C91BC942}") = "application_osgearth_callouts", "osgearth_callouts\application_osgearth_callouts.vcxproj", "{513EB00A-7E2B-3ED2-B8EC-394665A42D1E}"
	ProjectSection(ProjectDependencies) = postProject
		{00CF28B9-F80B-33E8-9BCC-CC75766BA8F5} = {00CF28B9-F80B-33E8-9BCC-CC75766BA8F5}
		{0D6A88EC-E7C6-3F6D-85FB-7FDAFCC2CF92} = {0D6A88EC-E7C6-3F6D-85FB-7FDAFCC2CF92}
	EndProjectSection
EndProject
Project("{8BC9CEB8-8B4A-11D0-8D11-00A0C91BC942}") = "application_osgearth_city", "osgearth_city\application_osgearth_city.vcxproj", "{A669CE52-BEC1-3E39-BD66-A77A798A568F}"
	ProjectSection(ProjectDependencies) = postProject
		{00CF28B9-F80B-33E8-9BCC-CC75766BA8F5} = {00CF28B9-F80B-33E8-9BCC-CC75766BA8F5}
		{0D6A88EC-E7C6-3F6D-85FB-7FDAFCC2CF92} = {0D6A88EC-E7C6-3F6D-85FB-7FDAFCC2CF92}
	EndProjectSection
EndProject
Project("{8BC9CEB8-8B4A-11D0-8D11-00A0C91BC942}") = "application_osgearth_clamp", "osgearth_clamp\application_osgearth_clamp.vcxproj", "{FEAFA394-7A1C-39B0-A815-03D94C84DCAD}"
	ProjectSection(ProjectDependencies) = postProject
		{00CF28B9-F80B-33E8-9BCC-CC75766BA8F5} = {00CF28B9-F80B-33E8-9BCC-CC75766BA8F5}
		{0D6A88EC-E7C6-3F6D-85FB-7FDAFCC2CF92} = {0D6A88EC-E7C6-3F6D-85FB-7FDAFCC2CF92}
	EndProjectSection
EndProject
Project("{8BC9CEB8-8B4A-11D0-8D11-00A0C91BC942}") = "application_osgearth_cluster", "osgearth_cluster\application_osgearth_cluster.vcxproj", "{6E4645FF-7B9C-32E1-8E5B-014EBA550D0B}"
	ProjectSection(ProjectDependencies) = postProject
		{00CF28B9-F80B-33E8-9BCC-CC75766BA8F5} = {00CF28B9-F80B-33E8-9BCC-CC75766BA8F5}
		{0D6A88EC-E7C6-3F6D-85FB-7FDAFCC2CF92} = {0D6A88EC-E7C6-3F6D-85FB-7FDAFCC2CF92}
	EndProjectSection
EndProject
Project("{8BC9CEB8-8B4A-11D0-8D11-00A0C91BC942}") = "application_osgearth_computerangecallback", "osgearth_computerangecallback\application_osgearth_computerangecallback.vcxproj", "{C58D0A81-7BD2-3F48-B5E8-574A6B8A8B17}"
	ProjectSection(ProjectDependencies) = postProject
		{00CF28B9-F80B-33E8-9BCC-CC75766BA8F5} = {00CF28B9-F80B-33E8-9BCC-CC75766BA8F5}
		{0D6A88EC-E7C6-3F6D-85FB-7FDAFCC2CF92} = {0D6A88EC-E7C6-3F6D-85FB-7FDAFCC2CF92}
	EndProjectSection
EndProject
Project("{8BC9CEB8-8B4A-11D0-8D11-00A0C91BC942}") = "application_osgearth_controls", "osgearth_controls\application_osgearth_controls.vcxproj", "{34C24A57-9D7B-382F-B7C1-DF9A1613FB81}"
	ProjectSection(ProjectDependencies) = postProject
		{00CF28B9-F80B-33E8-9BCC-CC75766BA8F5} = {00CF28B9-F80B-33E8-9BCC-CC75766BA8F5}
		{0D6A88EC-E7C6-3F6D-85FB-7FDAFCC2CF92} = {0D6A88EC-E7C6-3F6D-85FB-7FDAFCC2CF92}
	EndProjectSection
EndProject
Project("{8BC9CEB8-8B4A-11D0-8D11-00A0C91BC942}") = "application_osgearth_conv", "osgearth_conv\application_osgearth_conv.vcxproj", "{62285D67-DD47-3B84-A2ED-560343481BFC}"
	ProjectSection(ProjectDependencies) = postProject
		{00CF28B9-F80B-33E8-9BCC-CC75766BA8F5} = {00CF28B9-F80B-33E8-9BCC-CC75766BA8F5}
		{0D6A88EC-E7C6-3F6D-85FB-7FDAFCC2CF92} = {0D6A88EC-E7C6-3F6D-85FB-7FDAFCC2CF92}
	EndProjectSection
EndProject
Project("{8BC9CEB8-8B4A-11D0-8D11-00A0C91BC942}") = "application_osgearth_datetime", "osgearth_datetime\application_osgearth_datetime.vcxproj", "{0FFA1DBF-9507-3057-A31E-BD378465661E}"
	ProjectSection(ProjectDependencies) = postProject
		{00CF28B9-F80B-33E8-9BCC-CC75766BA8F5} = {00CF28B9-F80B-33E8-9BCC-CC75766BA8F5}
		{0D6A88EC-E7C6-3F6D-85FB-7FDAFCC2CF92} = {0D6A88EC-E7C6-3F6D-85FB-7FDAFCC2CF92}
	EndProjectSection
EndProject
Project("{8BC9CEB8-8B4A-11D0-8D11-00A0C91BC942}") = "application_osgearth_decal", "osgearth_decal\application_osgearth_decal.vcxproj", "{BF114F7D-9B2B-3D4C-8ECD-61B073108DAC}"
	ProjectSection(ProjectDependencies) = postProject
		{00CF28B9-F80B-33E8-9BCC-CC75766BA8F5} = {00CF28B9-F80B-33E8-9BCC-CC75766BA8F5}
		{0D6A88EC-E7C6-3F6D-85FB-7FDAFCC2CF92} = {0D6A88EC-E7C6-3F6D-85FB-7FDAFCC2CF92}
	EndProjectSection
EndProject
Project("{8BC9CEB8-8B4A-11D0-8D11-00A0C91BC942}") = "application_osgearth_drawables", "osgearth_drawables\application_osgearth_drawables.vcxproj", "{815BD995-F64D-3E30-AF6A-5AADA366F0B6}"
	ProjectSection(ProjectDependencies) = postProject
		{00CF28B9-F80B-33E8-9BCC-CC75766BA8F5} = {00CF28B9-F80B-33E8-9BCC-CC75766BA8F5}
		{0D6A88EC-E7C6-3F6D-85FB-7FDAFCC2CF92} = {0D6A88EC-E7C6-3F6D-85FB-7FDAFCC2CF92}
	EndProjectSection
EndProject
Project("{8BC9CEB8-8B4A-11D0-8D11-00A0C91BC942}") = "application_osgearth_eci", "osgearth_eci\application_osgearth_eci.vcxproj", "{41DCB7C4-6E89-3E62-BBAC-6BC53DE3E5CA}"
	ProjectSection(ProjectDependencies) = postProject
		{00CF28B9-F80B-33E8-9BCC-CC75766BA8F5} = {00CF28B9-F80B-33E8-9BCC-CC75766BA8F5}
		{0D6A88EC-E7C6-3F6D-85FB-7FDAFCC2CF92} = {0D6A88EC-E7C6-3F6D-85FB-7FDAFCC2CF92}
	EndProjectSection
EndProject
Project("{8BC9CEB8-8B4A-11D0-8D11-00A0C91BC942}") = "application_osgearth_elevation", "osgearth_elevation\application_osgearth_elevation.vcxproj", "{4C8ABCAD-0AC2-303E-BB7C-F26D868A2F1C}"
	ProjectSection(ProjectDependencies) = postProject
		{00CF28B9-F80B-33E8-9BCC-CC75766BA8F5} = {00CF28B9-F80B-33E8-9BCC-CC75766BA8F5}
		{0D6A88EC-E7C6-3F6D-85FB-7FDAFCC2CF92} = {0D6A88EC-E7C6-3F6D-85FB-7FDAFCC2CF92}
	EndProjectSection
EndProject
Project("{8BC9CEB8-8B4A-11D0-8D11-00A0C91BC942}") = "application_osgearth_ephemeris", "osgearth_ephemeris\application_osgearth_ephemeris.vcxproj", "{ABC79E07-7E15-3525-8013-C21D1379BED3}"
	ProjectSection(ProjectDependencies) = postProject
		{00CF28B9-F80B-33E8-9BCC-CC75766BA8F5} = {00CF28B9-F80B-33E8-9BCC-CC75766BA8F5}
		{0D6A88EC-E7C6-3F6D-85FB-7FDAFCC2CF92} = {0D6A88EC-E7C6-3F6D-85FB-7FDAFCC2CF92}
	EndProjectSection
EndProject
Project("{8BC9CEB8-8B4A-11D0-8D11-00A0C91BC942}") = "application_osgearth_exportgroundcover", "osgearth_exportgroundcover\application_osgearth_exportgroundcover.vcxproj", "{378BB26B-854D-351C-90E9-C5BF8B39E0D6}"
	ProjectSection(ProjectDependencies) = postProject
		{00CF28B9-F80B-33E8-9BCC-CC75766BA8F5} = {00CF28B9-F80B-33E8-9BCC-CC75766BA8F5}
		{0D6A88EC-E7C6-3F6D-85FB-7FDAFCC2CF92} = {0D6A88EC-E7C6-3F6D-85FB-7FDAFCC2CF92}
		{CD7421D4-76FF-3761-89BC-EDC30968A7F7} = {CD7421D4-76FF-3761-89BC-EDC30968A7F7}
	EndProjectSection
EndProject
Project("{8BC9CEB8-8B4A-11D0-8D11-00A0C91BC942}") = "application_osgearth_featurefilter", "osgearth_featurefilter\application_osgearth_featurefilter.vcxproj", "{4F2162E7-BA6E-3BF3-A8A5-5740752FF45F}"
	ProjectSection(ProjectDependencies) = postProject
		{00CF28B9-F80B-33E8-9BCC-CC75766BA8F5} = {00CF28B9-F80B-33E8-9BCC-CC75766BA8F5}
		{0D6A88EC-E7C6-3F6D-85FB-7FDAFCC2CF92} = {0D6A88EC-E7C6-3F6D-85FB-7FDAFCC2CF92}
	EndProjectSection
EndProject
Project("{8BC9CEB8-8B4A-11D0-8D11-00A0C91BC942}") = "application_osgearth_featurequery", "osgearth_featurequery\application_osgearth_featurequery.vcxproj", "{07AB17EA-4C32-3D35-86E1-77502DC0D4BE}"
	ProjectSection(ProjectDependencies) = postProject
		{00CF28B9-F80B-33E8-9BCC-CC75766BA8F5} = {00CF28B9-F80B-33E8-9BCC-CC75766BA8F5}
		{0D6A88EC-E7C6-3F6D-85FB-7FDAFCC2CF92} = {0D6A88EC-E7C6-3F6D-85FB-7FDAFCC2CF92}
	EndProjectSection
EndProject
Project("{8BC9CEB8-8B4A-11D0-8D11-00A0C91BC942}") = "application_osgearth_features", "osgearth_features\application_osgearth_features.vcxproj", "{9160AC12-7B45-3828-8B96-95E7CEC7CFC8}"
	ProjectSection(ProjectDependencies) = postProject
		{00CF28B9-F80B-33E8-9BCC-CC75766BA8F5} = {00CF28B9-F80B-33E8-9BCC-CC75766BA8F5}
		{0D6A88EC-E7C6-3F6D-85FB-7FDAFCC2CF92} = {0D6A88EC-E7C6-3F6D-85FB-7FDAFCC2CF92}
	EndProjectSection
EndProject
Project("{8BC9CEB8-8B4A-11D0-8D11-00A0C91BC942}") = "application_osgearth_geocode", "osgearth_geocode\application_osgearth_geocode.vcxproj", "{662E3D3B-7F23-3CA5-A486-526B2C2ACEA1}"
	ProjectSection(ProjectDependencies) = postProject
		{00CF28B9-F80B-33E8-9BCC-CC75766BA8F5} = {00CF28B9-F80B-33E8-9BCC-CC75766BA8F5}
		{0D6A88EC-E7C6-3F6D-85FB-7FDAFCC2CF92} = {0D6A88EC-E7C6-3F6D-85FB-7FDAFCC2CF92}
	EndProjectSection
EndProject
Project("{8BC9CEB8-8B4A-11D0-8D11-00A0C91BC942}") = "application_osgearth_geodetic_graticule", "osgearth_geodetic_graticule\application_osgearth_geodetic_graticule.vcxproj", "{0B48D595-FE51-3A58-A9A7-A4846B91BE4D}"
	ProjectSection(ProjectDependencies) = postProject
		{00CF28B9-F80B-33E8-9BCC-CC75766BA8F5} = {00CF28B9-F80B-33E8-9BCC-CC75766BA8F5}
		{0D6A88EC-E7C6-3F6D-85FB-7FDAFCC2CF92} = {0D6A88EC-E7C6-3F6D-85FB-7FDAFCC2CF92}
	EndProjectSection
EndProject
Project("{8BC9CEB8-8B4A-11D0-8D11-00A0C91BC942}") = "application_osgearth_graticule", "osgearth_graticule\application_osgearth_graticule.vcxproj", "{E386E53D-902E-3D46-AC87-DDDB7E28CA37}"
	ProjectSection(ProjectDependencies) = postProject
		{00CF28B9-F80B-33E8-9BCC-CC75766BA8F5} = {00CF28B9-F80B-33E8-9BCC-CC75766BA8F5}
		{0D6A88EC-E7C6-3F6D-85FB-7FDAFCC2CF92} = {0D6A88EC-E7C6-3F6D-85FB-7FDAFCC2CF92}
	EndProjectSection
EndProject
Project("{8BC9CEB8-8B4A-11D0-8D11-00A0C91BC942}") = "application_osgearth_horizon", "osgearth_horizon\application_osgearth_horizon.vcxproj", "{C72D5FE2-5479-3F27-BC98-6F5530C3BB97}"
	ProjectSection(ProjectDependencies) = postProject
		{00CF28B9-F80B-33E8-9BCC-CC75766BA8F5} = {00CF28B9-F80B-33E8-9BCC-CC75766BA8F5}
		{0D6A88EC-E7C6-3F6D-85FB-7FDAFCC2CF92} = {0D6A88EC-E7C6-3F6D-85FB-7FDAFCC2CF92}
	EndProjectSection
EndProject
Project("{8BC9CEB8-8B4A-11D0-8D11-00A0C91BC942}") = "application_osgearth_htm", "osgearth_htm\application_osgearth_htm.vcxproj", "{84941E88-08ED-3E80-9058-ECF1717FDC29}"
	ProjectSection(ProjectDependencies) = postProject
		{00CF28B9-F80B-33E8-9BCC-CC75766BA8F5} = {00CF28B9-F80B-33E8-9BCC-CC75766BA8F5}
		{0D6A88EC-E7C6-3F6D-85FB-7FDAFCC2CF92} = {0D6A88EC-E7C6-3F6D-85FB-7FDAFCC2CF92}
	EndProjectSection
EndProject
Project("{8BC9CEB8-8B4A-11D0-8D11-00A0C91BC942}") = "application_osgearth_http", "osgearth_http\application_osgearth_http.vcxproj", "{E3059C08-9C18-3FD6-9708-D8089171F963}"
	ProjectSection(ProjectDependencies) = postProject
		{00CF28B9-F80B-33E8-9BCC-CC75766BA8F5} = {00CF28B9-F80B-33E8-9BCC-CC75766BA8F5}
		{0D6A88EC-E7C6-3F6D-85FB-7FDAFCC2CF92} = {0D6A88EC-E7C6-3F6D-85FB-7FDAFCC2CF92}
	EndProjectSection
EndProject
Project("{8BC9CEB8-8B4A-11D0-8D11-00A0C91BC942}") = "application_osgearth_imageoverlay", "osgearth_imageoverlay\application_osgearth_imageoverlay.vcxproj", "{40E0BA43-7A0C-322F-906E-49B95FE074A8}"
	ProjectSection(ProjectDependencies) = postProject
		{00CF28B9-F80B-33E8-9BCC-CC75766BA8F5} = {00CF28B9-F80B-33E8-9BCC-CC75766BA8F5}
		{0D6A88EC-E7C6-3F6D-85FB-7FDAFCC2CF92} = {0D6A88EC-E7C6-3F6D-85FB-7FDAFCC2CF92}
	EndProjectSection
EndProject
Project("{8BC9CEB8-8B4A-11D0-8D11-00A0C91BC942}") = "application_osgearth_imgui", "osgearth_imgui\application_osgearth_imgui.vcxproj", "{8AF33F0E-5944-3B59-AA74-CB53598E0FDC}"
	ProjectSection(ProjectDependencies) = postProject
		{00CF28B9-F80B-33E8-9BCC-CC75766BA8F5} = {00CF28B9-F80B-33E8-9BCC-CC75766BA8F5}
		{0D6A88EC-E7C6-3F6D-85FB-7FDAFCC2CF92} = {0D6A88EC-E7C6-3F6D-85FB-7FDAFCC2CF92}
	EndProjectSection
EndProject
Project("{8BC9CEB8-8B4A-11D0-8D11-00A0C91BC942}") = "application_osgearth_infinitescroll", "osgearth_infinitescroll\application_osgearth_infinitescroll.vcxproj", "{C6CE6290-EA2C-3356-9D85-9F98B4F26B50}"
	ProjectSection(ProjectDependencies) = postProject
		{00CF28B9-F80B-33E8-9BCC-CC75766BA8F5} = {00CF28B9-F80B-33E8-9BCC-CC75766BA8F5}
		{0D6A88EC-E7C6-3F6D-85FB-7FDAFCC2CF92} = {0D6A88EC-E7C6-3F6D-85FB-7FDAFCC2CF92}
	EndProjectSection
EndProject
Project("{8BC9CEB8-8B4A-11D0-8D11-00A0C91BC942}") = "application_osgearth_lights", "osgearth_lights\application_osgearth_lights.vcxproj", "{67DC584E-746D-3694-92AA-C4C5D593AD52}"
	ProjectSection(ProjectDependencies) = postProject
		{00CF28B9-F80B-33E8-9BCC-CC75766BA8F5} = {00CF28B9-F80B-33E8-9BCC-CC75766BA8F5}
		{0D6A88EC-E7C6-3F6D-85FB-7FDAFCC2CF92} = {0D6A88EC-E7C6-3F6D-85FB-7FDAFCC2CF92}
	EndProjectSection
EndProject
Project("{8BC9CEB8-8B4A-11D0-8D11-00A0C91BC942}") = "application_osgearth_los", "osgearth_los\application_osgearth_los.vcxproj", "{35CA79C6-0CDB-3622-8D47-BED0CB03C36D}"
	ProjectSection(ProjectDependencies) = postProject
		{00CF28B9-F80B-33E8-9BCC-CC75766BA8F5} = {00CF28B9-F80B-33E8-9BCC-CC75766BA8F5}
		{0D6A88EC-E7C6-3F6D-85FB-7FDAFCC2CF92} = {0D6A88EC-E7C6-3F6D-85FB-7FDAFCC2CF92}
	EndProjectSection
EndProject
Project("{8BC9CEB8-8B4A-11D0-8D11-00A0C91BC942}") = "application_osgearth_magnify", "osgearth_magnify\application_osgearth_magnify.vcxproj", "{876FFC64-76BC-3658-B149-009D33F04D9C}"
	ProjectSection(ProjectDependencies) = postProject
		{00CF28B9-F80B-33E8-9BCC-CC75766BA8F5} = {00CF28B9-F80B-33E8-9BCC-CC75766BA8F5}
		{0D6A88EC-E7C6-3F6D-85FB-7FDAFCC2CF92} = {0D6A88EC-E7C6-3F6D-85FB-7FDAFCC2CF92}
	EndProjectSection
EndProject
Project("{8BC9CEB8-8B4A-11D0-8D11-00A0C91BC942}") = "application_osgearth_manip", "osgearth_manip\application_osgearth_manip.vcxproj", "{016BDFB7-8233-34AD-BFF6-D4F65E7F8EF0}"
	ProjectSection(ProjectDependencies) = postProject
		{00CF28B9-F80B-33E8-9BCC-CC75766BA8F5} = {00CF28B9-F80B-33E8-9BCC-CC75766BA8F5}
		{0D6A88EC-E7C6-3F6D-85FB-7FDAFCC2CF92} = {0D6A88EC-E7C6-3F6D-85FB-7FDAFCC2CF92}
	EndProjectSection
EndProject
Project("{8BC9CEB8-8B4A-11D0-8D11-00A0C91BC942}") = "application_osgearth_map", "osgearth_map\application_osgearth_map.vcxproj", "{115DE8BC-8DAF-3E9A-83D8-9E7F04467934}"
	ProjectSection(ProjectDependencies) = postProject
		{00CF28B9-F80B-33E8-9BCC-CC75766BA8F5} = {00CF28B9-F80B-33E8-9BCC-CC75766BA8F5}
		{0D6A88EC-E7C6-3F6D-85FB-7FDAFCC2CF92} = {0D6A88EC-E7C6-3F6D-85FB-7FDAFCC2CF92}
	EndProjectSection
EndProject
Project("{8BC9CEB8-8B4A-11D0-8D11-00A0C91BC942}") = "application_osgearth_measure", "osgearth_measure\application_osgearth_measure.vcxproj", "{B9000EC4-0986-316A-8B07-A8F828F2193F}"
	ProjectSection(ProjectDependencies) = postProject
		{00CF28B9-F80B-33E8-9BCC-CC75766BA8F5} = {00CF28B9-F80B-33E8-9BCC-CC75766BA8F5}
		{0D6A88EC-E7C6-3F6D-85FB-7FDAFCC2CF92} = {0D6A88EC-E7C6-3F6D-85FB-7FDAFCC2CF92}
	EndProjectSection
EndProject
Project("{8BC9CEB8-8B4A-11D0-8D11-00A0C91BC942}") = "application_osgearth_minimap", "osgearth_minimap\application_osgearth_minimap.vcxproj", "{EE6B1047-30AB-3B16-A63B-34E807E89EC5}"
	ProjectSection(ProjectDependencies) = postProject
		{00CF28B9-F80B-33E8-9BCC-CC75766BA8F5} = {00CF28B9-F80B-33E8-9BCC-CC75766BA8F5}
		{0D6A88EC-E7C6-3F6D-85FB-7FDAFCC2CF92} = {0D6A88EC-E7C6-3F6D-85FB-7FDAFCC2CF92}
	EndProjectSection
EndProject
Project("{8BC9CEB8-8B4A-11D0-8D11-00A0C91BC942}") = "application_osgearth_mrt", "osgearth_mrt\application_osgearth_mrt.vcxproj", "{47BD6AAA-7DA4-3A19-80FD-7D7C941D4EF4}"
	ProjectSection(ProjectDependencies) = postProject
		{00CF28B9-F80B-33E8-9BCC-CC75766BA8F5} = {00CF28B9-F80B-33E8-9BCC-CC75766BA8F5}
		{0D6A88EC-E7C6-3F6D-85FB-7FDAFCC2CF92} = {0D6A88EC-E7C6-3F6D-85FB-7FDAFCC2CF92}
	EndProjectSection
EndProject
Project("{8BC9CEB8-8B4A-11D0-8D11-00A0C91BC942}") = "application_osgearth_noisegen", "osgearth_noisegen\application_osgearth_noisegen.vcxproj", "{A636813D-6E01-34A9-AB0D-9B723DC5C561}"
	ProjectSection(ProjectDependencies) = postProject
		{00CF28B9-F80B-33E8-9BCC-CC75766BA8F5} = {00CF28B9-F80B-33E8-9BCC-CC75766BA8F5}
		{0D6A88EC-E7C6-3F6D-85FB-7FDAFCC2CF92} = {0D6A88EC-E7C6-3F6D-85FB-7FDAFCC2CF92}
	EndProjectSection
EndProject
Project("{8BC9CEB8-8B4A-11D0-8D11-00A0C91BC942}") = "application_osgearth_occlusionculling", "osgearth_occlusionculling\application_osgearth_occlusionculling.vcxproj", "{663A604C-6CED-38C9-9728-F8469240C44E}"
	ProjectSection(ProjectDependencies) = postProject
		{00CF28B9-F80B-33E8-9BCC-CC75766BA8F5} = {00CF28B9-F80B-33E8-9BCC-CC75766BA8F5}
		{0D6A88EC-E7C6-3F6D-85FB-7FDAFCC2CF92} = {0D6A88EC-E7C6-3F6D-85FB-7FDAFCC2CF92}
	EndProjectSection
EndProject
Project("{8BC9CEB8-8B4A-11D0-8D11-00A0C91BC942}") = "application_osgearth_overlayviewer", "osgearth_overlayviewer\application_osgearth_overlayviewer.vcxproj", "{22DFC668-C9C7-3095-A095-A2ECEF876E6F}"
	ProjectSection(ProjectDependencies) = postProject
		{00CF28B9-F80B-33E8-9BCC-CC75766BA8F5} = {00CF28B9-F80B-33E8-9BCC-CC75766BA8F5}
		{0D6A88EC-E7C6-3F6D-85FB-7FDAFCC2CF92} = {0D6A88EC-E7C6-3F6D-85FB-7FDAFCC2CF92}
	EndProjectSection
EndProject
Project("{8BC9CEB8-8B4A-11D0-8D11-00A0C91BC942}") = "application_osgearth_pick", "osgearth_pick\application_osgearth_pick.vcxproj", "{160AFF3F-61B3-301E-8462-12A9F9E77121}"
	ProjectSection(ProjectDependencies) = postProject
		{00CF28B9-F80B-33E8-9BCC-CC75766BA8F5} = {00CF28B9-F80B-33E8-9BCC-CC75766BA8F5}
		{0D6A88EC-E7C6-3F6D-85FB-7FDAFCC2CF92} = {0D6A88EC-E7C6-3F6D-85FB-7FDAFCC2CF92}
	EndProjectSection
EndProject
Project("{8BC9CEB8-8B4A-11D0-8D11-00A0C91BC942}") = "application_osgearth_scenegraphcallbacks", "osgearth_scenegraphcallbacks\application_osgearth_scenegraphcallbacks.vcxproj", "{658D2C81-B938-3630-AE26-C19913D6C3EF}"
	ProjectSection(ProjectDependencies) = postProject
		{00CF28B9-F80B-33E8-9BCC-CC75766BA8F5} = {00CF28B9-F80B-33E8-9BCC-CC75766BA8F5}
		{0D6A88EC-E7C6-3F6D-85FB-7FDAFCC2CF92} = {0D6A88EC-E7C6-3F6D-85FB-7FDAFCC2CF92}
	EndProjectSection
EndProject
Project("{8BC9CEB8-8B4A-11D0-8D11-00A0C91BC942}") = "application_osgearth_sequencecontrol", "osgearth_sequencecontrol\application_osgearth_sequencecontrol.vcxproj", "{5F49E969-D73C-3BBF-AD44-D2D6C7DFF354}"
	ProjectSection(ProjectDependencies) = postProject
		{00CF28B9-F80B-33E8-9BCC-CC75766BA8F5} = {00CF28B9-F80B-33E8-9BCC-CC75766BA8F5}
		{0D6A88EC-E7C6-3F6D-85FB-7FDAFCC2CF92} = {0D6A88EC-E7C6-3F6D-85FB-7FDAFCC2CF92}
	EndProjectSection
EndProject
Project("{8BC9CEB8-8B4A-11D0-8D11-00A0C91BC942}") = "application_osgearth_server", "osgearth_server\application_osgearth_server.vcxproj", "{0CA23FBF-8E98-3AD2-BE30-DDF5A9091D90}"
	ProjectSection(ProjectDependencies) = postProject
		{00CF28B9-F80B-33E8-9BCC-CC75766BA8F5} = {00CF28B9-F80B-33E8-9BCC-CC75766BA8F5}
		{0D6A88EC-E7C6-3F6D-85FB-7FDAFCC2CF92} = {0D6A88EC-E7C6-3F6D-85FB-7FDAFCC2CF92}
	EndProjectSection
EndProject
Project("{8BC9CEB8-8B4A-11D0-8D11-00A0C91BC942}") = "application_osgearth_shadercomp", "osgearth_shadercomp\application_osgearth_shadercomp.vcxproj", "{98AC9A1C-6890-3D0F-9EE1-3B17D3874C3C}"
	ProjectSection(ProjectDependencies) = postProject
		{00CF28B9-F80B-33E8-9BCC-CC75766BA8F5} = {00CF28B9-F80B-33E8-9BCC-CC75766BA8F5}
		{0D6A88EC-E7C6-3F6D-85FB-7FDAFCC2CF92} = {0D6A88EC-E7C6-3F6D-85FB-7FDAFCC2CF92}
	EndProjectSection
EndProject
Project("{8BC9CEB8-8B4A-11D0-8D11-00A0C91BC942}") = "application_osgearth_shadergen", "osgearth_shadergen\application_osgearth_shadergen.vcxproj", "{B3CBE356-4091-30E2-9F09-7C5C86009E30}"
	ProjectSection(ProjectDependencies) = postProject
		{00CF28B9-F80B-33E8-9BCC-CC75766BA8F5} = {00CF28B9-F80B-33E8-9BCC-CC75766BA8F5}
		{0D6A88EC-E7C6-3F6D-85FB-7FDAFCC2CF92} = {0D6A88EC-E7C6-3F6D-85FB-7FDAFCC2CF92}
	EndProjectSection
EndProject
Project("{8BC9CEB8-8B4A-11D0-8D11-00A0C91BC942}") = "application_osgearth_skyview", "osgearth_skyview\application_osgearth_skyview.vcxproj", "{CD122D01-A4F1-3BAA-BCFE-9E24919B8CF2}"
	ProjectSection(ProjectDependencies) = postProject
		{00CF28B9-F80B-33E8-9BCC-CC75766BA8F5} = {00CF28B9-F80B-33E8-9BCC-CC75766BA8F5}
		{0D6A88EC-E7C6-3F6D-85FB-7FDAFCC2CF92} = {0D6A88EC-E7C6-3F6D-85FB-7FDAFCC2CF92}
	EndProjectSection
EndProject
Project("{8BC9CEB8-8B4A-11D0-8D11-00A0C91BC942}") = "application_osgearth_splat", "osgearth_splat\application_osgearth_splat.vcxproj", "{46535818-44F8-3EB2-88AB-C8ABD8532B16}"
	ProjectSection(ProjectDependencies) = postProject
		{00CF28B9-F80B-33E8-9BCC-CC75766BA8F5} = {00CF28B9-F80B-33E8-9BCC-CC75766BA8F5}
		{0D6A88EC-E7C6-3F6D-85FB-7FDAFCC2CF92} = {0D6A88EC-E7C6-3F6D-85FB-7FDAFCC2CF92}
		{CD7421D4-76FF-3761-89BC-EDC30968A7F7} = {CD7421D4-76FF-3761-89BC-EDC30968A7F7}
	EndProjectSection
EndProject
Project("{8BC9CEB8-8B4A-11D0-8D11-00A0C91BC942}") = "application_osgearth_srstest", "osgearth_srstest\application_osgearth_srstest.vcxproj", "{81608B0A-FE8B-3699-ACD9-CC355821776E}"
	ProjectSection(ProjectDependencies) = postProject
		{00CF28B9-F80B-33E8-9BCC-CC75766BA8F5} = {00CF28B9-F80B-33E8-9BCC-CC75766BA8F5}
		{0D6A88EC-E7C6-3F6D-85FB-7FDAFCC2CF92} = {0D6A88EC-E7C6-3F6D-85FB-7FDAFCC2CF92}
	EndProjectSection
EndProject
Project("{8BC9CEB8-8B4A-11D0-8D11-00A0C91BC942}") = "application_osgearth_terrainprofile", "osgearth_terrainprofile\application_osgearth_terrainprofile.vcxproj", "{3984C4B8-5E68-34EB-ACE1-EC8B5EC9166A}"
	ProjectSection(ProjectDependencies) = postProject
		{00CF28B9-F80B-33E8-9BCC-CC75766BA8F5} = {00CF28B9-F80B-33E8-9BCC-CC75766BA8F5}
		{0D6A88EC-E7C6-3F6D-85FB-7FDAFCC2CF92} = {0D6A88EC-E7C6-3F6D-85FB-7FDAFCC2CF92}
	EndProjectSection
EndProject
Project("{8BC9CEB8-8B4A-11D0-8D11-00A0C91BC942}") = "application_osgearth_tfs", "osgearth_tfs\application_osgearth_tfs.vcxproj", "{5C140B74-B899-30EA-99C3-FF7B5E8C0C3A}"
	ProjectSection(ProjectDependencies) = postProject
		{00CF28B9-F80B-33E8-9BCC-CC75766BA8F5} = {00CF28B9-F80B-33E8-9BCC-CC75766BA8F5}
		{0D6A88EC-E7C6-3F6D-85FB-7FDAFCC2CF92} = {0D6A88EC-E7C6-3F6D-85FB-7FDAFCC2CF92}
	EndProjectSection
EndProject
Project("{8BC9CEB8-8B4A-11D0-8D11-00A0C91BC942}") = "application_osgearth_toc", "osgearth_toc\application_osgearth_toc.vcxproj", "{245CB1EF-0EDA-362F-8708-0AABA5BAC6CD}"
	ProjectSection(ProjectDependencies) = postProject
		{00CF28B9-F80B-33E8-9BCC-CC75766BA8F5} = {00CF28B9-F80B-33E8-9BCC-CC75766BA8F5}
		{0D6A88EC-E7C6-3F6D-85FB-7FDAFCC2CF92} = {0D6A88EC-E7C6-3F6D-85FB-7FDAFCC2CF92}
	EndProjectSection
EndProject
Project("{8BC9CEB8-8B4A-11D0-8D11-00A0C91BC942}") = "application_osgearth_tracks", "osgearth_tracks\application_osgearth_tracks.vcxproj", "{D4D5A9CD-5AB9-3834-8D2B-0F736FDCD2E0}"
	ProjectSection(ProjectDependencies) = postProject
		{00CF28B9-F80B-33E8-9BCC-CC75766BA8F5} = {00CF28B9-F80B-33E8-9BCC-CC75766BA8F5}
		{0D6A88EC-E7C6-3F6D-85FB-7FDAFCC2CF92} = {0D6A88EC-E7C6-3F6D-85FB-7FDAFCC2CF92}
	EndProjectSection
EndProject
Project("{8BC9CEB8-8B4A-11D0-8D11-00A0C91BC942}") = "application_osgearth_transform", "osgearth_transform\application_osgearth_transform.vcxproj", "{FE3F1A95-F8ED-3AFE-85F7-7F18FBA1CF00}"
	ProjectSection(ProjectDependencies) = postProject
		{00CF28B9-F80B-33E8-9BCC-CC75766BA8F5} = {00CF28B9-F80B-33E8-9BCC-CC75766BA8F5}
		{0D6A88EC-E7C6-3F6D-85FB-7FDAFCC2CF92} = {0D6A88EC-E7C6-3F6D-85FB-7FDAFCC2CF92}
	EndProjectSection
EndProject
Project("{8BC9CEB8-8B4A-11D0-8D11-00A0C91BC942}") = "application_osgearth_version", "osgearth_version\application_osgearth_version.vcxproj", "{B88C2A1C-3610-3B16-90E5-71D6ABD665DA}"
	ProjectSection(ProjectDependencies) = postProject
		{00CF28B9-F80B-33E8-9BCC-CC75766BA8F5} = {00CF28B9-F80B-33E8-9BCC-CC75766BA8F5}
		{0D6A88EC-E7C6-3F6D-85FB-7FDAFCC2CF92} = {0D6A88EC-E7C6-3F6D-85FB-7FDAFCC2CF92}
	EndProjectSection
EndProject
Project("{8BC9CEB8-8B4A-11D0-8D11-00A0C91BC942}") = "application_osgearth_video", "osgearth_video\application_osgearth_video.vcxproj", "{B30D5DB6-D01C-32F0-A439-635FEC3C1F57}"
	ProjectSection(ProjectDependencies) = postProject
		{00CF28B9-F80B-33E8-9BCC-CC75766BA8F5} = {00CF28B9-F80B-33E8-9BCC-CC75766BA8F5}
		{0D6A88EC-E7C6-3F6D-85FB-7FDAFCC2CF92} = {0D6A88EC-E7C6-3F6D-85FB-7FDAFCC2CF92}
	EndProjectSection
EndProject
Project("{8BC9CEB8-8B4A-11D0-8D11-00A0C91BC942}") = "application_osgearth_viewer", "osgearth_viewer\application_osgearth_viewer.vcxproj", "{F67E86C2-243D-3057-B7E5-E53F62DFB481}"
	ProjectSection(ProjectDependencies) = postProject
		{00CF28B9-F80B-33E8-9BCC-CC75766BA8F5} = {00CF28B9-F80B-33E8-9BCC-CC75766BA8F5}
		{0D6A88EC-E7C6-3F6D-85FB-7FDAFCC2CF92} = {0D6A88EC-E7C6-3F6D-85FB-7FDAFCC2CF92}
	EndProjectSection
EndProject
Project("{8BC9CEB8-8B4A-11D0-8D11-00A0C91BC942}") = "application_osgearth_wfs", "osgearth_wfs\application_osgearth_wfs.vcxproj", "{B56CBD2B-4EEB-30CC-BE73-DE5CD8087A0A}"
	ProjectSection(ProjectDependencies) = postProject
		{00CF28B9-F80B-33E8-9BCC-CC75766BA8F5} = {00CF28B9-F80B-33E8-9BCC-CC75766BA8F5}
		{0D6A88EC-E7C6-3F6D-85FB-7FDAFCC2CF92} = {0D6A88EC-E7C6-3F6D-85FB-7FDAFCC2CF92}
	EndProjectSection
EndProject
Project("{8BC9CEB8-8B4A-11D0-8D11-00A0C91BC942}") = "application_osgearth_windows", "osgearth_windows\application_osgearth_windows.vcxproj", "{234A91C2-8499-37BC-B843-ACC60ED39FB6}"
	ProjectSection(ProjectDependencies) = postProject
		{00CF28B9-F80B-33E8-9BCC-CC75766BA8F5} = {00CF28B9-F80B-33E8-9BCC-CC75766BA8F5}
		{0D6A88EC-E7C6-3F6D-85FB-7FDAFCC2CF92} = {0D6A88EC-E7C6-3F6D-85FB-7FDAFCC2CF92}
	EndProjectSection
EndProject
Project("{8BC9CEB8-8B4A-11D0-8D11-00A0C91BC942}") = "osgEarth", "..\osgEarth\osgEarth.vcxproj", "{0D6A88EC-E7C6-3F6D-85FB-7FDAFCC2CF92}"
	ProjectSection(ProjectDependencies) = postProject
		{00CF28B9-F80B-33E8-9BCC-CC75766BA8F5} = {00CF28B9-F80B-33E8-9BCC-CC75766BA8F5}
	EndProjectSection
EndProject
Project("{8BC9CEB8-8B4A-11D0-8D11-00A0C91BC942}") = "osgEarthSplat", "..\osgEarthSplat\osgEarthSplat.vcxproj", "{CD7421D4-76FF-3761-89BC-EDC30968A7F7}"
	ProjectSection(ProjectDependencies) = postProject
		{00CF28B9-F80B-33E8-9BCC-CC75766BA8F5} = {00CF28B9-F80B-33E8-9BCC-CC75766BA8F5}
		{0D6A88EC-E7C6-3F6D-85FB-7FDAFCC2CF92} = {0D6A88EC-E7C6-3F6D-85FB-7FDAFCC2CF92}
	EndProjectSection
EndProject
Global
	GlobalSection(SolutionConfigurationPlatforms) = preSolution
		Debug|Win32 = Debug|Win32
		Release|Win32 = Release|Win32
		MinSizeRel|Win32 = MinSizeRel|Win32
		RelWithDebInfo|Win32 = RelWithDebInfo|Win32
	EndGlobalSection
	GlobalSection(ProjectConfigurationPlatforms) = postSolution
		{63483515-6498-3C0A-86CF-30DBD9E8C983}.Debug|Win32.ActiveCfg = Debug|Win32
		{63483515-6498-3C0A-86CF-30DBD9E8C983}.Debug|Win32.Build.0 = Debug|Win32
		{63483515-6498-3C0A-86CF-30DBD9E8C983}.Release|Win32.ActiveCfg = Release|Win32
		{63483515-6498-3C0A-86CF-30DBD9E8C983}.Release|Win32.Build.0 = Release|Win32
		{63483515-6498-3C0A-86CF-30DBD9E8C983}.MinSizeRel|Win32.ActiveCfg = MinSizeRel|Win32
		{63483515-6498-3C0A-86CF-30DBD9E8C983}.MinSizeRel|Win32.Build.0 = MinSizeRel|Win32
		{63483515-6498-3C0A-86CF-30DBD9E8C983}.RelWithDebInfo|Win32.ActiveCfg = RelWithDebInfo|Win32
		{63483515-6498-3C0A-86CF-30DBD9E8C983}.RelWithDebInfo|Win32.Build.0 = RelWithDebInfo|Win32
		{E7FB852F-F029-3BE5-B8D2-3C6D3D156707}.Debug|Win32.ActiveCfg = Debug|Win32
		{E7FB852F-F029-3BE5-B8D2-3C6D3D156707}.Release|Win32.ActiveCfg = Release|Win32
		{E7FB852F-F029-3BE5-B8D2-3C6D3D156707}.MinSizeRel|Win32.ActiveCfg = MinSizeRel|Win32
		{E7FB852F-F029-3BE5-B8D2-3C6D3D156707}.RelWithDebInfo|Win32.ActiveCfg = RelWithDebInfo|Win32
		{00CF28B9-F80B-33E8-9BCC-CC75766BA8F5}.Debug|Win32.ActiveCfg = Debug|Win32
		{00CF28B9-F80B-33E8-9BCC-CC75766BA8F5}.Debug|Win32.Build.0 = Debug|Win32
		{00CF28B9-F80B-33E8-9BCC-CC75766BA8F5}.Release|Win32.ActiveCfg = Release|Win32
		{00CF28B9-F80B-33E8-9BCC-CC75766BA8F5}.Release|Win32.Build.0 = Release|Win32
		{00CF28B9-F80B-33E8-9BCC-CC75766BA8F5}.MinSizeRel|Win32.ActiveCfg = MinSizeRel|Win32
		{00CF28B9-F80B-33E8-9BCC-CC75766BA8F5}.MinSizeRel|Win32.Build.0 = MinSizeRel|Win32
		{00CF28B9-F80B-33E8-9BCC-CC75766BA8F5}.RelWithDebInfo|Win32.ActiveCfg = RelWithDebInfo|Win32
		{00CF28B9-F80B-33E8-9BCC-CC75766BA8F5}.RelWithDebInfo|Win32.Build.0 = RelWithDebInfo|Win32
		{0835A84C-13C4-3CBF-A325-540E582E141E}.Debug|Win32.ActiveCfg = Debug|Win32
		{0835A84C-13C4-3CBF-A325-540E582E141E}.Debug|Win32.Build.0 = Debug|Win32
		{0835A84C-13C4-3CBF-A325-540E582E141E}.Release|Win32.ActiveCfg = Release|Win32
		{0835A84C-13C4-3CBF-A325-540E582E141E}.Release|Win32.Build.0 = Release|Win32
		{0835A84C-13C4-3CBF-A325-540E582E141E}.MinSizeRel|Win32.ActiveCfg = MinSizeRel|Win32
		{0835A84C-13C4-3CBF-A325-540E582E141E}.MinSizeRel|Win32.Build.0 = MinSizeRel|Win32
		{0835A84C-13C4-3CBF-A325-540E582E141E}.RelWithDebInfo|Win32.ActiveCfg = RelWithDebInfo|Win32
		{0835A84C-13C4-3CBF-A325-540E582E141E}.RelWithDebInfo|Win32.Build.0 = RelWithDebInfo|Win32
		{142B30BB-2237-3860-99FC-B559A8505582}.Debug|Win32.ActiveCfg = Debug|Win32
		{142B30BB-2237-3860-99FC-B559A8505582}.Debug|Win32.Build.0 = Debug|Win32
		{142B30BB-2237-3860-99FC-B559A8505582}.Release|Win32.ActiveCfg = Release|Win32
		{142B30BB-2237-3860-99FC-B559A8505582}.Release|Win32.Build.0 = Release|Win32
		{142B30BB-2237-3860-99FC-B559A8505582}.MinSizeRel|Win32.ActiveCfg = MinSizeRel|Win32
		{142B30BB-2237-3860-99FC-B559A8505582}.MinSizeRel|Win32.Build.0 = MinSizeRel|Win32
		{142B30BB-2237-3860-99FC-B559A8505582}.RelWithDebInfo|Win32.ActiveCfg = RelWithDebInfo|Win32
		{142B30BB-2237-3860-99FC-B559A8505582}.RelWithDebInfo|Win32.Build.0 = RelWithDebInfo|Win32
		{3D378C1C-4CBE-34E1-8BBC-3A45E530D3AA}.Debug|Win32.ActiveCfg = Debug|Win32
		{3D378C1C-4CBE-34E1-8BBC-3A45E530D3AA}.Debug|Win32.Build.0 = Debug|Win32
		{3D378C1C-4CBE-34E1-8BBC-3A45E530D3AA}.Release|Win32.ActiveCfg = Release|Win32
		{3D378C1C-4CBE-34E1-8BBC-3A45E530D3AA}.Release|Win32.Build.0 = Release|Win32
		{3D378C1C-4CBE-34E1-8BBC-3A45E530D3AA}.MinSizeRel|Win32.ActiveCfg = MinSizeRel|Win32
		{3D378C1C-4CBE-34E1-8BBC-3A45E530D3AA}.MinSizeRel|Win32.Build.0 = MinSizeRel|Win32
		{3D378C1C-4CBE-34E1-8BBC-3A45E530D3AA}.RelWithDebInfo|Win32.ActiveCfg = RelWithDebInfo|Win32
		{3D378C1C-4CBE-34E1-8BBC-3A45E530D3AA}.RelWithDebInfo|Win32.Build.0 = RelWithDebInfo|Win32
		{7CA1F378-D303-338E-8187-4AA69A550EF9}.Debug|Win32.ActiveCfg = Debug|Win32
		{7CA1F378-D303-338E-8187-4AA69A550EF9}.Debug|Win32.Build.0 = Debug|Win32
		{7CA1F378-D303-338E-8187-4AA69A550EF9}.Release|Win32.ActiveCfg = Release|Win32
		{7CA1F378-D303-338E-8187-4AA69A550EF9}.Release|Win32.Build.0 = Release|Win32
		{7CA1F378-D303-338E-8187-4AA69A550EF9}.MinSizeRel|Win32.ActiveCfg = MinSizeRel|Win32
		{7CA1F378-D303-338E-8187-4AA69A550EF9}.MinSizeRel|Win32.Build.0 = MinSizeRel|Win32
		{7CA1F378-D303-338E-8187-4AA69A550EF9}.RelWithDebInfo|Win32.ActiveCfg = RelWithDebInfo|Win32
		{7CA1F378-D303-338E-8187-4AA69A550EF9}.RelWithDebInfo|Win32.Build.0 = RelWithDebInfo|Win32
		{513EB00A-7E2B-3ED2-B8EC-394665A42D1E}.Debug|Win32.ActiveCfg = Debug|Win32
		{513EB00A-7E2B-3ED2-B8EC-394665A42D1E}.Debug|Win32.Build.0 = Debug|Win32
		{513EB00A-7E2B-3ED2-B8EC-394665A42D1E}.Release|Win32.ActiveCfg = Release|Win32
		{513EB00A-7E2B-3ED2-B8EC-394665A42D1E}.Release|Win32.Build.0 = Release|Win32
		{513EB00A-7E2B-3ED2-B8EC-394665A42D1E}.MinSizeRel|Win32.ActiveCfg = MinSizeRel|Win32
		{513EB00A-7E2B-3ED2-B8EC-394665A42D1E}.MinSizeRel|Win32.Build.0 = MinSizeRel|Win32
		{513EB00A-7E2B-3ED2-B8EC-394665A42D1E}.RelWithDebInfo|Win32.ActiveCfg = RelWithDebInfo|Win32
		{513EB00A-7E2B-3ED2-B8EC-394665A42D1E}.RelWithDebInfo|Win32.Build.0 = RelWithDebInfo|Win32
		{A669CE52-BEC1-3E39-BD66-A77A798A568F}.Debug|Win32.ActiveCfg = Debug|Win32
		{A669CE52-BEC1-3E39-BD66-A77A798A568F}.Debug|Win32.Build.0 = Debug|Win32
		{A669CE52-BEC1-3E39-BD66-A77A798A568F}.Release|Win32.ActiveCfg = Release|Win32
		{A669CE52-BEC1-3E39-BD66-A77A798A568F}.Release|Win32.Build.0 = Release|Win32
		{A669CE52-BEC1-3E39-BD66-A77A798A568F}.MinSizeRel|Win32.ActiveCfg = MinSizeRel|Win32
		{A669CE52-BEC1-3E39-BD66-A77A798A568F}.MinSizeRel|Win32.Build.0 = MinSizeRel|Win32
		{A669CE52-BEC1-3E39-BD66-A77A798A568F}.RelWithDebInfo|Win32.ActiveCfg = RelWithDebInfo|Win32
		{A669CE52-BEC1-3E39-BD66-A77A798A568F}.RelWithDebInfo|Win32.Build.0 = RelWithDebInfo|Win32
		{FEAFA394-7A1C-39B0-A815-03D94C84DCAD}.Debug|Win32.ActiveCfg = Debug|Win32
		{FEAFA394-7A1C-39B0-A815-03D94C84DCAD}.Debug|Win32.Build.0 = Debug|Win32
		{FEAFA394-7A1C-39B0-A815-03D94C84DCAD}.Release|Win32.ActiveCfg = Release|Win32
		{FEAFA394-7A1C-39B0-A815-03D94C84DCAD}.Release|Win32.Build.0 = Release|Win32
		{FEAFA394-7A1C-39B0-A815-03D94C84DCAD}.MinSizeRel|Win32.ActiveCfg = MinSizeRel|Win32
		{FEAFA394-7A1C-39B0-A815-03D94C84DCAD}.MinSizeRel|Win32.Build.0 = MinSizeRel|Win32
		{FEAFA394-7A1C-39B0-A815-03D94C84DCAD}.RelWithDebInfo|Win32.ActiveCfg = RelWithDebInfo|Win32
		{FEAFA394-7A1C-39B0-A815-03D94C84DCAD}.RelWithDebInfo|Win32.Build.0 = RelWithDebInfo|Win32
		{6E4645FF-7B9C-32E1-8E5B-014EBA550D0B}.Debug|Win32.ActiveCfg = Debug|Win32
		{6E4645FF-7B9C-32E1-8E5B-014EBA550D0B}.Debug|Win32.Build.0 = Debug|Win32
		{6E4645FF-7B9C-32E1-8E5B-014EBA550D0B}.Release|Win32.ActiveCfg = Release|Win32
		{6E4645FF-7B9C-32E1-8E5B-014EBA550D0B}.Release|Win32.Build.0 = Release|Win32
		{6E4645FF-7B9C-32E1-8E5B-014EBA550D0B}.MinSizeRel|Win32.ActiveCfg = MinSizeRel|Win32
		{6E4645FF-7B9C-32E1-8E5B-014EBA550D0B}.MinSizeRel|Win32.Build.0 = MinSizeRel|Win32
		{6E4645FF-7B9C-32E1-8E5B-014EBA550D0B}.RelWithDebInfo|Win32.ActiveCfg = RelWithDebInfo|Win32
		{6E4645FF-7B9C-32E1-8E5B-014EBA550D0B}.RelWithDebInfo|Win32.Build.0 = RelWithDebInfo|Win32
		{C58D0A81-7BD2-3F48-B5E8-574A6B8A8B17}.Debug|Win32.ActiveCfg = Debug|Win32
		{C58D0A81-7BD2-3F48-B5E8-574A6B8A8B17}.Debug|Win32.Build.0 = Debug|Win32
		{C58D0A81-7BD2-3F48-B5E8-574A6B8A8B17}.Release|Win32.ActiveCfg = Release|Win32
		{C58D0A81-7BD2-3F48-B5E8-574A6B8A8B17}.Release|Win32.Build.0 = Release|Win32
		{C58D0A81-7BD2-3F48-B5E8-574A6B8A8B17}.MinSizeRel|Win32.ActiveCfg = MinSizeRel|Win32
		{C58D0A81-7BD2-3F48-B5E8-574A6B8A8B17}.MinSizeRel|Win32.Build.0 = MinSizeRel|Win32
		{C58D0A81-7BD2-3F48-B5E8-574A6B8A8B17}.RelWithDebInfo|Win32.ActiveCfg = RelWithDebInfo|Win32
		{C58D0A81-7BD2-3F48-B5E8-574A6B8A8B17}.RelWithDebInfo|Win32.Build.0 = RelWithDebInfo|Win32
		{34C24A57-9D7B-382F-B7C1-DF9A1613FB81}.Debug|Win32.ActiveCfg = Debug|Win32
		{34C24A57-9D7B-382F-B7C1-DF9A1613FB81}.Debug|Win32.Build.0 = Debug|Win32
		{34C24A57-9D7B-382F-B7C1-DF9A1613FB81}.Release|Win32.ActiveCfg = Release|Win32
		{34C24A57-9D7B-382F-B7C1-DF9A1613FB81}.Release|Win32.Build.0 = Release|Win32
		{34C24A57-9D7B-382F-B7C1-DF9A1613FB81}.MinSizeRel|Win32.ActiveCfg = MinSizeRel|Win32
		{34C24A57-9D7B-382F-B7C1-DF9A1613FB81}.MinSizeRel|Win32.Build.0 = MinSizeRel|Win32
		{34C24A57-9D7B-382F-B7C1-DF9A1613FB81}.RelWithDebInfo|Win32.ActiveCfg = RelWithDebInfo|Win32
		{34C24A57-9D7B-382F-B7C1-DF9A1613FB81}.RelWithDebInfo|Win32.Build.0 = RelWithDebInfo|Win32
		{62285D67-DD47-3B84-A2ED-560343481BFC}.Debug|Win32.ActiveCfg = Debug|Win32
		{62285D67-DD47-3B84-A2ED-560343481BFC}.Debug|Win32.Build.0 = Debug|Win32
		{62285D67-DD47-3B84-A2ED-560343481BFC}.Release|Win32.ActiveCfg = Release|Win32
		{62285D67-DD47-3B84-A2ED-560343481BFC}.Release|Win32.Build.0 = Release|Win32
		{62285D67-DD47-3B84-A2ED-560343481BFC}.MinSizeRel|Win32.ActiveCfg = MinSizeRel|Win32
		{62285D67-DD47-3B84-A2ED-560343481BFC}.MinSizeRel|Win32.Build.0 = MinSizeRel|Win32
		{62285D67-DD47-3B84-A2ED-560343481BFC}.RelWithDebInfo|Win32.ActiveCfg = RelWithDebInfo|Win32
		{62285D67-DD47-3B84-A2ED-560343481BFC}.RelWithDebInfo|Win32.Build.0 = RelWithDebInfo|Win32
		{0FFA1DBF-9507-3057-A31E-BD378465661E}.Debug|Win32.ActiveCfg = Debug|Win32
		{0FFA1DBF-9507-3057-A31E-BD378465661E}.Debug|Win32.Build.0 = Debug|Win32
		{0FFA1DBF-9507-3057-A31E-BD378465661E}.Release|Win32.ActiveCfg = Release|Win32
		{0FFA1DBF-9507-3057-A31E-BD378465661E}.Release|Win32.Build.0 = Release|Win32
		{0FFA1DBF-9507-3057-A31E-BD378465661E}.MinSizeRel|Win32.ActiveCfg = MinSizeRel|Win32
		{0FFA1DBF-9507-3057-A31E-BD378465661E}.MinSizeRel|Win32.Build.0 = MinSizeRel|Win32
		{0FFA1DBF-9507-3057-A31E-BD378465661E}.RelWithDebInfo|Win32.ActiveCfg = RelWithDebInfo|Win32
		{0FFA1DBF-9507-3057-A31E-BD378465661E}.RelWithDebInfo|Win32.Build.0 = RelWithDebInfo|Win32
		{BF114F7D-9B2B-3D4C-8ECD-61B073108DAC}.Debug|Win32.ActiveCfg = Debug|Win32
		{BF114F7D-9B2B-3D4C-8ECD-61B073108DAC}.Debug|Win32.Build.0 = Debug|Win32
		{BF114F7D-9B2B-3D4C-8ECD-61B073108DAC}.Release|Win32.ActiveCfg = Release|Win32
		{BF114F7D-9B2B-3D4C-8ECD-61B073108DAC}.Release|Win32.Build.0 = Release|Win32
		{BF114F7D-9B2B-3D4C-8ECD-61B073108DAC}.MinSizeRel|Win32.ActiveCfg = MinSizeRel|Win32
		{BF114F7D-9B2B-3D4C-8ECD-61B073108DAC}.MinSizeRel|Win32.Build.0 = MinSizeRel|Win32
		{BF114F7D-9B2B-3D4C-8ECD-61B073108DAC}.RelWithDebInfo|Win32.ActiveCfg = RelWithDebInfo|Win32
		{BF114F7D-9B2B-3D4C-8ECD-61B073108DAC}.RelWithDebInfo|Win32.Build.0 = RelWithDebInfo|Win32
		{815BD995-F64D-3E30-AF6A-5AADA366F0B6}.Debug|Win32.ActiveCfg = Debug|Win32
		{815BD995-F64D-3E30-AF6A-5AADA366F0B6}.Debug|Win32.Build.0 = Debug|Win32
		{815BD995-F64D-3E30-AF6A-5AADA366F0B6}.Release|Win32.ActiveCfg = Release|Win32
		{815BD995-F64D-3E30-AF6A-5AADA366F0B6}.Release|Win32.Build.0 = Release|Win32
		{815BD995-F64D-3E30-AF6A-5AADA366F0B6}.MinSizeRel|Win32.ActiveCfg = MinSizeRel|Win32
		{815BD995-F64D-3E30-AF6A-5AADA366F0B6}.MinSizeRel|Win32.Build.0 = MinSizeRel|Win32
		{815BD995-F64D-3E30-AF6A-5AADA366F0B6}.RelWithDebInfo|Win32.ActiveCfg = RelWithDebInfo|Win32
		{815BD995-F64D-3E30-AF6A-5AADA366F0B6}.RelWithDebInfo|Win32.Build.0 = RelWithDebInfo|Win32
		{41DCB7C4-6E89-3E62-BBAC-6BC53DE3E5CA}.Debug|Win32.ActiveCfg = Debug|Win32
		{41DCB7C4-6E89-3E62-BBAC-6BC53DE3E5CA}.Debug|Win32.Build.0 = Debug|Win32
		{41DCB7C4-6E89-3E62-BBAC-6BC53DE3E5CA}.Release|Win32.ActiveCfg = Release|Win32
		{41DCB7C4-6E89-3E62-BBAC-6BC53DE3E5CA}.Release|Win32.Build.0 = Release|Win32
		{41DCB7C4-6E89-3E62-BBAC-6BC53DE3E5CA}.MinSizeRel|Win32.ActiveCfg = MinSizeRel|Win32
		{41DCB7C4-6E89-3E62-BBAC-6BC53DE3E5CA}.MinSizeRel|Win32.Build.0 = MinSizeRel|Win32
		{41DCB7C4-6E89-3E62-BBAC-6BC53DE3E5CA}.RelWithDebInfo|Win32.ActiveCfg = RelWithDebInfo|Win32
		{41DCB7C4-6E89-3E62-BBAC-6BC53DE3E5CA}.RelWithDebInfo|Win32.Build.0 = RelWithDebInfo|Win32
		{4C8ABCAD-0AC2-303E-BB7C-F26D868A2F1C}.Debug|Win32.ActiveCfg = Debug|Win32
		{4C8ABCAD-0AC2-303E-BB7C-F26D868A2F1C}.Debug|Win32.Build.0 = Debug|Win32
		{4C8ABCAD-0AC2-303E-BB7C-F26D868A2F1C}.Release|Win32.ActiveCfg = Release|Win32
		{4C8ABCAD-0AC2-303E-BB7C-F26D868A2F1C}.Release|Win32.Build.0 = Release|Win32
		{4C8ABCAD-0AC2-303E-BB7C-F26D868A2F1C}.MinSizeRel|Win32.ActiveCfg = MinSizeRel|Win32
		{4C8ABCAD-0AC2-303E-BB7C-F26D868A2F1C}.MinSizeRel|Win32.Build.0 = MinSizeRel|Win32
		{4C8ABCAD-0AC2-303E-BB7C-F26D868A2F1C}.RelWithDebInfo|Win32.ActiveCfg = RelWithDebInfo|Win32
		{4C8ABCAD-0AC2-303E-BB7C-F26D868A2F1C}.RelWithDebInfo|Win32.Build.0 = RelWithDebInfo|Win32
		{ABC79E07-7E15-3525-8013-C21D1379BED3}.Debug|Win32.ActiveCfg = Debug|Win32
		{ABC79E07-7E15-3525-8013-C21D1379BED3}.Debug|Win32.Build.0 = Debug|Win32
		{ABC79E07-7E15-3525-8013-C21D1379BED3}.Release|Win32.ActiveCfg = Release|Win32
		{ABC79E07-7E15-3525-8013-C21D1379BED3}.Release|Win32.Build.0 = Release|Win32
		{ABC79E07-7E15-3525-8013-C21D1379BED3}.MinSizeRel|Win32.ActiveCfg = MinSizeRel|Win32
		{ABC79E07-7E15-3525-8013-C21D1379BED3}.MinSizeRel|Win32.Build.0 = MinSizeRel|Win32
		{ABC79E07-7E15-3525-8013-C21D1379BED3}.RelWithDebInfo|Win32.ActiveCfg = RelWithDebInfo|Win32
		{ABC79E07-7E15-3525-8013-C21D1379BED3}.RelWithDebInfo|Win32.Build.0 = RelWithDebInfo|Win32
		{378BB26B-854D-351C-90E9-C5BF8B39E0D6}.Debug|Win32.ActiveCfg = Debug|Win32
		{378BB26B-854D-351C-90E9-C5BF8B39E0D6}.Debug|Win32.Build.0 = Debug|Win32
		{378BB26B-854D-351C-90E9-C5BF8B39E0D6}.Release|Win32.ActiveCfg = Release|Win32
		{378BB26B-854D-351C-90E9-C5BF8B39E0D6}.Release|Win32.Build.0 = Release|Win32
		{378BB26B-854D-351C-90E9-C5BF8B39E0D6}.MinSizeRel|Win32.ActiveCfg = MinSizeRel|Win32
		{378BB26B-854D-351C-90E9-C5BF8B39E0D6}.MinSizeRel|Win32.Build.0 = MinSizeRel|Win32
		{378BB26B-854D-351C-90E9-C5BF8B39E0D6}.RelWithDebInfo|Win32.ActiveCfg = RelWithDebInfo|Win32
		{378BB26B-854D-351C-90E9-C5BF8B39E0D6}.RelWithDebInfo|Win32.Build.0 = RelWithDebInfo|Win32
		{4F2162E7-BA6E-3BF3-A8A5-5740752FF45F}.Debug|Win32.ActiveCfg = Debug|Win32
		{4F2162E7-BA6E-3BF3-A8A5-5740752FF45F}.Debug|Win32.Build.0 = Debug|Win32
		{4F2162E7-BA6E-3BF3-A8A5-5740752FF45F}.Release|Win32.ActiveCfg = Release|Win32
		{4F2162E7-BA6E-3BF3-A8A5-5740752FF45F}.Release|Win32.Build.0 = Release|Win32
		{4F2162E7-BA6E-3BF3-A8A5-5740752FF45F}.MinSizeRel|Win32.ActiveCfg = MinSizeRel|Win32
		{4F2162E7-BA6E-3BF3-A8A5-5740752FF45F}.MinSizeRel|Win32.Build.0 = MinSizeRel|Win32
		{4F2162E7-BA6E-3BF3-A8A5-5740752FF45F}.RelWithDebInfo|Win32.ActiveCfg = RelWithDebInfo|Win32
		{4F2162E7-BA6E-3BF3-A8A5-5740752FF45F}.RelWithDebInfo|Win32.Build.0 = RelWithDebInfo|Win32
		{07AB17EA-4C32-3D35-86E1-77502DC0D4BE}.Debug|Win32.ActiveCfg = Debug|Win32
		{07AB17EA-4C32-3D35-86E1-77502DC0D4BE}.Debug|Win32.Build.0 = Debug|Win32
		{07AB17EA-4C32-3D35-86E1-77502DC0D4BE}.Release|Win32.ActiveCfg = Release|Win32
		{07AB17EA-4C32-3D35-86E1-77502DC0D4BE}.Release|Win32.Build.0 = Release|Win32
		{07AB17EA-4C32-3D35-86E1-77502DC0D4BE}.MinSizeRel|Win32.ActiveCfg = MinSizeRel|Win32
		{07AB17EA-4C32-3D35-86E1-77502DC0D4BE}.MinSizeRel|Win32.Build.0 = MinSizeRel|Win32
		{07AB17EA-4C32-3D35-86E1-77502DC0D4BE}.RelWithDebInfo|Win32.ActiveCfg = RelWithDebInfo|Win32
		{07AB17EA-4C32-3D35-86E1-77502DC0D4BE}.RelWithDebInfo|Win32.Build.0 = RelWithDebInfo|Win32
		{9160AC12-7B45-3828-8B96-95E7CEC7CFC8}.Debug|Win32.ActiveCfg = Debug|Win32
		{9160AC12-7B45-3828-8B96-95E7CEC7CFC8}.Debug|Win32.Build.0 = Debug|Win32
		{9160AC12-7B45-3828-8B96-95E7CEC7CFC8}.Release|Win32.ActiveCfg = Release|Win32
		{9160AC12-7B45-3828-8B96-95E7CEC7CFC8}.Release|Win32.Build.0 = Release|Win32
		{9160AC12-7B45-3828-8B96-95E7CEC7CFC8}.MinSizeRel|Win32.ActiveCfg = MinSizeRel|Win32
		{9160AC12-7B45-3828-8B96-95E7CEC7CFC8}.MinSizeRel|Win32.Build.0 = MinSizeRel|Win32
		{9160AC12-7B45-3828-8B96-95E7CEC7CFC8}.RelWithDebInfo|Win32.ActiveCfg = RelWithDebInfo|Win32
		{9160AC12-7B45-3828-8B96-95E7CEC7CFC8}.RelWithDebInfo|Win32.Build.0 = RelWithDebInfo|Win32
		{662E3D3B-7F23-3CA5-A486-526B2C2ACEA1}.Debug|Win32.ActiveCfg = Debug|Win32
		{662E3D3B-7F23-3CA5-A486-526B2C2ACEA1}.Debug|Win32.Build.0 = Debug|Win32
		{662E3D3B-7F23-3CA5-A486-526B2C2ACEA1}.Release|Win32.ActiveCfg = Release|Win32
		{662E3D3B-7F23-3CA5-A486-526B2C2ACEA1}.Release|Win32.Build.0 = Release|Win32
		{662E3D3B-7F23-3CA5-A486-526B2C2ACEA1}.MinSizeRel|Win32.ActiveCfg = MinSizeRel|Win32
		{662E3D3B-7F23-3CA5-A486-526B2C2ACEA1}.MinSizeRel|Win32.Build.0 = MinSizeRel|Win32
		{662E3D3B-7F23-3CA5-A486-526B2C2ACEA1}.RelWithDebInfo|Win32.ActiveCfg = RelWithDebInfo|Win32
		{662E3D3B-7F23-3CA5-A486-526B2C2ACEA1}.RelWithDebInfo|Win32.Build.0 = RelWithDebInfo|Win32
		{0B48D595-FE51-3A58-A9A7-A4846B91BE4D}.Debug|Win32.ActiveCfg = Debug|Win32
		{0B48D595-FE51-3A58-A9A7-A4846B91BE4D}.Debug|Win32.Build.0 = Debug|Win32
		{0B48D595-FE51-3A58-A9A7-A4846B91BE4D}.Release|Win32.ActiveCfg = Release|Win32
		{0B48D595-FE51-3A58-A9A7-A4846B91BE4D}.Release|Win32.Build.0 = Release|Win32
		{0B48D595-FE51-3A58-A9A7-A4846B91BE4D}.MinSizeRel|Win32.ActiveCfg = MinSizeRel|Win32
		{0B48D595-FE51-3A58-A9A7-A4846B91BE4D}.MinSizeRel|Win32.Build.0 = MinSizeRel|Win32
		{0B48D595-FE51-3A58-A9A7-A4846B91BE4D}.RelWithDebInfo|Win32.ActiveCfg = RelWithDebInfo|Win32
		{0B48D595-FE51-3A58-A9A7-A4846B91BE4D}.RelWithDebInfo|Win32.Build.0 = RelWithDebInfo|Win32
		{E386E53D-902E-3D46-AC87-DDDB7E28CA37}.Debug|Win32.ActiveCfg = Debug|Win32
		{E386E53D-902E-3D46-AC87-DDDB7E28CA37}.Debug|Win32.Build.0 = Debug|Win32
		{E386E53D-902E-3D46-AC87-DDDB7E28CA37}.Release|Win32.ActiveCfg = Release|Win32
		{E386E53D-902E-3D46-AC87-DDDB7E28CA37}.Release|Win32.Build.0 = Release|Win32
		{E386E53D-902E-3D46-AC87-DDDB7E28CA37}.MinSizeRel|Win32.ActiveCfg = MinSizeRel|Win32
		{E386E53D-902E-3D46-AC87-DDDB7E28CA37}.MinSizeRel|Win32.Build.0 = MinSizeRel|Win32
		{E386E53D-902E-3D46-AC87-DDDB7E28CA37}.RelWithDebInfo|Win32.ActiveCfg = RelWithDebInfo|Win32
		{E386E53D-902E-3D46-AC87-DDDB7E28CA37}.RelWithDebInfo|Win32.Build.0 = RelWithDebInfo|Win32
		{C72D5FE2-5479-3F27-BC98-6F5530C3BB97}.Debug|Win32.ActiveCfg = Debug|Win32
		{C72D5FE2-5479-3F27-BC98-6F5530C3BB97}.Debug|Win32.Build.0 = Debug|Win32
		{C72D5FE2-5479-3F27-BC98-6F5530C3BB97}.Release|Win32.ActiveCfg = Release|Win32
		{C72D5FE2-5479-3F27-BC98-6F5530C3BB97}.Release|Win32.Build.0 = Release|Win32
		{C72D5FE2-5479-3F27-BC98-6F5530C3BB97}.MinSizeRel|Win32.ActiveCfg = MinSizeRel|Win32
		{C72D5FE2-5479-3F27-BC98-6F5530C3BB97}.MinSizeRel|Win32.Build.0 = MinSizeRel|Win32
		{C72D5FE2-5479-3F27-BC98-6F5530C3BB97}.RelWithDebInfo|Win32.ActiveCfg = RelWithDebInfo|Win32
		{C72D5FE2-5479-3F27-BC98-6F5530C3BB97}.RelWithDebInfo|Win32.Build.0 = RelWithDebInfo|Win32
		{84941E88-08ED-3E80-9058-ECF1717FDC29}.Debug|Win32.ActiveCfg = Debug|Win32
		{84941E88-08ED-3E80-9058-ECF1717FDC29}.Debug|Win32.Build.0 = Debug|Win32
		{84941E88-08ED-3E80-9058-ECF1717FDC29}.Release|Win32.ActiveCfg = Release|Win32
		{84941E88-08ED-3E80-9058-ECF1717FDC29}.Release|Win32.Build.0 = Release|Win32
		{84941E88-08ED-3E80-9058-ECF1717FDC29}.MinSizeRel|Win32.ActiveCfg = MinSizeRel|Win32
		{84941E88-08ED-3E80-9058-ECF1717FDC29}.MinSizeRel|Win32.Build.0 = MinSizeRel|Win32
		{84941E88-08ED-3E80-9058-ECF1717FDC29}.RelWithDebInfo|Win32.ActiveCfg = RelWithDebInfo|Win32
		{84941E88-08ED-3E80-9058-ECF1717FDC29}.RelWithDebInfo|Win32.Build.0 = RelWithDebInfo|Win32
		{E3059C08-9C18-3FD6-9708-D8089171F963}.Debug|Win32.ActiveCfg = Debug|Win32
		{E3059C08-9C18-3FD6-9708-D8089171F963}.Debug|Win32.Build.0 = Debug|Win32
		{E3059C08-9C18-3FD6-9708-D8089171F963}.Release|Win32.ActiveCfg = Release|Win32
		{E3059C08-9C18-3FD6-9708-D8089171F963}.Release|Win32.Build.0 = Release|Win32
		{E3059C08-9C18-3FD6-9708-D8089171F963}.MinSizeRel|Win32.ActiveCfg = MinSizeRel|Win32
		{E3059C08-9C18-3FD6-9708-D8089171F963}.MinSizeRel|Win32.Build.0 = MinSizeRel|Win32
		{E3059C08-9C18-3FD6-9708-D8089171F963}.RelWithDebInfo|Win32.ActiveCfg = RelWithDebInfo|Win32
		{E3059C08-9C18-3FD6-9708-D8089171F963}.RelWithDebInfo|Win32.Build.0 = RelWithDebInfo|Win32
		{40E0BA43-7A0C-322F-906E-49B95FE074A8}.Debug|Win32.ActiveCfg = Debug|Win32
		{40E0BA43-7A0C-322F-906E-49B95FE074A8}.Debug|Win32.Build.0 = Debug|Win32
		{40E0BA43-7A0C-322F-906E-49B95FE074A8}.Release|Win32.ActiveCfg = Release|Win32
		{40E0BA43-7A0C-322F-906E-49B95FE074A8}.Release|Win32.Build.0 = Release|Win32
		{40E0BA43-7A0C-322F-906E-49B95FE074A8}.MinSizeRel|Win32.ActiveCfg = MinSizeRel|Win32
		{40E0BA43-7A0C-322F-906E-49B95FE074A8}.MinSizeRel|Win32.Build.0 = MinSizeRel|Win32
		{40E0BA43-7A0C-322F-906E-49B95FE074A8}.RelWithDebInfo|Win32.ActiveCfg = RelWithDebInfo|Win32
		{40E0BA43-7A0C-322F-906E-49B95FE074A8}.RelWithDebInfo|Win32.Build.0 = RelWithDebInfo|Win32
		{8AF33F0E-5944-3B59-AA74-CB53598E0FDC}.Debug|Win32.ActiveCfg = Debug|Win32
		{8AF33F0E-5944-3B59-AA74-CB53598E0FDC}.Debug|Win32.Build.0 = Debug|Win32
		{8AF33F0E-5944-3B59-AA74-CB53598E0FDC}.Release|Win32.ActiveCfg = Release|Win32
		{8AF33F0E-5944-3B59-AA74-CB53598E0FDC}.Release|Win32.Build.0 = Release|Win32
		{8AF33F0E-5944-3B59-AA74-CB53598E0FDC}.MinSizeRel|Win32.ActiveCfg = MinSizeRel|Win32
		{8AF33F0E-5944-3B59-AA74-CB53598E0FDC}.MinSizeRel|Win32.Build.0 = MinSizeRel|Win32
		{8AF33F0E-5944-3B59-AA74-CB53598E0FDC}.RelWithDebInfo|Win32.ActiveCfg = RelWithDebInfo|Win32
		{8AF33F0E-5944-3B59-AA74-CB53598E0FDC}.RelWithDebInfo|Win32.Build.0 = RelWithDebInfo|Win32
		{C6CE6290-EA2C-3356-9D85-9F98B4F26B50}.Debug|Win32.ActiveCfg = Debug|Win32
		{C6CE6290-EA2C-3356-9D85-9F98B4F26B50}.Debug|Win32.Build.0 = Debug|Win32
		{C6CE6290-EA2C-3356-9D85-9F98B4F26B50}.Release|Win32.ActiveCfg = Release|Win32
		{C6CE6290-EA2C-3356-9D85-9F98B4F26B50}.Release|Win32.Build.0 = Release|Win32
		{C6CE6290-EA2C-3356-9D85-9F98B4F26B50}.MinSizeRel|Win32.ActiveCfg = MinSizeRel|Win32
		{C6CE6290-EA2C-3356-9D85-9F98B4F26B50}.MinSizeRel|Win32.Build.0 = MinSizeRel|Win32
		{C6CE6290-EA2C-3356-9D85-9F98B4F26B50}.RelWithDebInfo|Win32.ActiveCfg = RelWithDebInfo|Win32
		{C6CE6290-EA2C-3356-9D85-9F98B4F26B50}.RelWithDebInfo|Win32.Build.0 = RelWithDebInfo|Win32
		{67DC584E-746D-3694-92AA-C4C5D593AD52}.Debug|Win32.ActiveCfg = Debug|Win32
		{67DC584E-746D-3694-92AA-C4C5D593AD52}.Debug|Win32.Build.0 = Debug|Win32
		{67DC584E-746D-3694-92AA-C4C5D593AD52}.Release|Win32.ActiveCfg = Release|Win32
		{67DC584E-746D-3694-92AA-C4C5D593AD52}.Release|Win32.Build.0 = Release|Win32
		{67DC584E-746D-3694-92AA-C4C5D593AD52}.MinSizeRel|Win32.ActiveCfg = MinSizeRel|Win32
		{67DC584E-746D-3694-92AA-C4C5D593AD52}.MinSizeRel|Win32.Build.0 = MinSizeRel|Win32
		{67DC584E-746D-3694-92AA-C4C5D593AD52}.RelWithDebInfo|Win32.ActiveCfg = RelWithDebInfo|Win32
		{67DC584E-746D-3694-92AA-C4C5D593AD52}.RelWithDebInfo|Win32.Build.0 = RelWithDebInfo|Win32
		{35CA79C6-0CDB-3622-8D47-BED0CB03C36D}.Debug|Win32.ActiveCfg = Debug|Win32
		{35CA79C6-0CDB-3622-8D47-BED0CB03C36D}.Debug|Win32.Build.0 = Debug|Win32
		{35CA79C6-0CDB-3622-8D47-BED0CB03C36D}.Release|Win32.ActiveCfg = Release|Win32
		{35CA79C6-0CDB-3622-8D47-BED0CB03C36D}.Release|Win32.Build.0 = Release|Win32
		{35CA79C6-0CDB-3622-8D47-BED0CB03C36D}.MinSizeRel|Win32.ActiveCfg = MinSizeRel|Win32
		{35CA79C6-0CDB-3622-8D47-BED0CB03C36D}.MinSizeRel|Win32.Build.0 = MinSizeRel|Win32
		{35CA79C6-0CDB-3622-8D47-BED0CB03C36D}.RelWithDebInfo|Win32.ActiveCfg = RelWithDebInfo|Win32
		{35CA79C6-0CDB-3622-8D47-BED0CB03C36D}.RelWithDebInfo|Win32.Build.0 = RelWithDebInfo|Win32
		{876FFC64-76BC-3658-B149-009D33F04D9C}.Debug|Win32.ActiveCfg = Debug|Win32
		{876FFC64-76BC-3658-B149-009D33F04D9C}.Debug|Win32.Build.0 = Debug|Win32
		{876FFC64-76BC-3658-B149-009D33F04D9C}.Release|Win32.ActiveCfg = Release|Win32
		{876FFC64-76BC-3658-B149-009D33F04D9C}.Release|Win32.Build.0 = Release|Win32
		{876FFC64-76BC-3658-B149-009D33F04D9C}.MinSizeRel|Win32.ActiveCfg = MinSizeRel|Win32
		{876FFC64-76BC-3658-B149-009D33F04D9C}.MinSizeRel|Win32.Build.0 = MinSizeRel|Win32
		{876FFC64-76BC-3658-B149-009D33F04D9C}.RelWithDebInfo|Win32.ActiveCfg = RelWithDebInfo|Win32
		{876FFC64-76BC-3658-B149-009D33F04D9C}.RelWithDebInfo|Win32.Build.0 = RelWithDebInfo|Win32
		{016BDFB7-8233-34AD-BFF6-D4F65E7F8EF0}.Debug|Win32.ActiveCfg = Debug|Win32
		{016BDFB7-8233-34AD-BFF6-D4F65E7F8EF0}.Debug|Win32.Build.0 = Debug|Win32
		{016BDFB7-8233-34AD-BFF6-D4F65E7F8EF0}.Release|Win32.ActiveCfg = Release|Win32
		{016BDFB7-8233-34AD-BFF6-D4F65E7F8EF0}.Release|Win32.Build.0 = Release|Win32
		{016BDFB7-8233-34AD-BFF6-D4F65E7F8EF0}.MinSizeRel|Win32.ActiveCfg = MinSizeRel|Win32
		{016BDFB7-8233-34AD-BFF6-D4F65E7F8EF0}.MinSizeRel|Win32.Build.0 = MinSizeRel|Win32
		{016BDFB7-8233-34AD-BFF6-D4F65E7F8EF0}.RelWithDebInfo|Win32.ActiveCfg = RelWithDebInfo|Win32
		{016BDFB7-8233-34AD-BFF6-D4F65E7F8EF0}.RelWithDebInfo|Win32.Build.0 = RelWithDebInfo|Win32
		{115DE8BC-8DAF-3E9A-83D8-9E7F04467934}.Debug|Win32.ActiveCfg = Debug|Win32
		{115DE8BC-8DAF-3E9A-83D8-9E7F04467934}.Debug|Win32.Build.0 = Debug|Win32
		{115DE8BC-8DAF-3E9A-83D8-9E7F04467934}.Release|Win32.ActiveCfg = Release|Win32
		{115DE8BC-8DAF-3E9A-83D8-9E7F04467934}.Release|Win32.Build.0 = Release|Win32
		{115DE8BC-8DAF-3E9A-83D8-9E7F04467934}.MinSizeRel|Win32.ActiveCfg = MinSizeRel|Win32
		{115DE8BC-8DAF-3E9A-83D8-9E7F04467934}.MinSizeRel|Win32.Build.0 = MinSizeRel|Win32
		{115DE8BC-8DAF-3E9A-83D8-9E7F04467934}.RelWithDebInfo|Win32.ActiveCfg = RelWithDebInfo|Win32
		{115DE8BC-8DAF-3E9A-83D8-9E7F04467934}.RelWithDebInfo|Win32.Build.0 = RelWithDebInfo|Win32
		{B9000EC4-0986-316A-8B07-A8F828F2193F}.Debug|Win32.ActiveCfg = Debug|Win32
		{B9000EC4-0986-316A-8B07-A8F828F2193F}.Debug|Win32.Build.0 = Debug|Win32
		{B9000EC4-0986-316A-8B07-A8F828F2193F}.Release|Win32.ActiveCfg = Release|Win32
		{B9000EC4-0986-316A-8B07-A8F828F2193F}.Release|Win32.Build.0 = Release|Win32
		{B9000EC4-0986-316A-8B07-A8F828F2193F}.MinSizeRel|Win32.ActiveCfg = MinSizeRel|Win32
		{B9000EC4-0986-316A-8B07-A8F828F2193F}.MinSizeRel|Win32.Build.0 = MinSizeRel|Win32
		{B9000EC4-0986-316A-8B07-A8F828F2193F}.RelWithDebInfo|Win32.ActiveCfg = RelWithDebInfo|Win32
		{B9000EC4-0986-316A-8B07-A8F828F2193F}.RelWithDebInfo|Win32.Build.0 = RelWithDebInfo|Win32
		{EE6B1047-30AB-3B16-A63B-34E807E89EC5}.Debug|Win32.ActiveCfg = Debug|Win32
		{EE6B1047-30AB-3B16-A63B-34E807E89EC5}.Debug|Win32.Build.0 = Debug|Win32
		{EE6B1047-30AB-3B16-A63B-34E807E89EC5}.Release|Win32.ActiveCfg = Release|Win32
		{EE6B1047-30AB-3B16-A63B-34E807E89EC5}.Release|Win32.Build.0 = Release|Win32
		{EE6B1047-30AB-3B16-A63B-34E807E89EC5}.MinSizeRel|Win32.ActiveCfg = MinSizeRel|Win32
		{EE6B1047-30AB-3B16-A63B-34E807E89EC5}.MinSizeRel|Win32.Build.0 = MinSizeRel|Win32
		{EE6B1047-30AB-3B16-A63B-34E807E89EC5}.RelWithDebInfo|Win32.ActiveCfg = RelWithDebInfo|Win32
		{EE6B1047-30AB-3B16-A63B-34E807E89EC5}.RelWithDebInfo|Win32.Build.0 = RelWithDebInfo|Win32
		{47BD6AAA-7DA4-3A19-80FD-7D7C941D4EF4}.Debug|Win32.ActiveCfg = Debug|Win32
		{47BD6AAA-7DA4-3A19-80FD-7D7C941D4EF4}.Debug|Win32.Build.0 = Debug|Win32
		{47BD6AAA-7DA4-3A19-80FD-7D7C941D4EF4}.Release|Win32.ActiveCfg = Release|Win32
		{47BD6AAA-7DA4-3A19-80FD-7D7C941D4EF4}.Release|Win32.Build.0 = Release|Win32
		{47BD6AAA-7DA4-3A19-80FD-7D7C941D4EF4}.MinSizeRel|Win32.ActiveCfg = MinSizeRel|Win32
		{47BD6AAA-7DA4-3A19-80FD-7D7C941D4EF4}.MinSizeRel|Win32.Build.0 = MinSizeRel|Win32
		{47BD6AAA-7DA4-3A19-80FD-7D7C941D4EF4}.RelWithDebInfo|Win32.ActiveCfg = RelWithDebInfo|Win32
		{47BD6AAA-7DA4-3A19-80FD-7D7C941D4EF4}.RelWithDebInfo|Win32.Build.0 = RelWithDebInfo|Win32
		{A636813D-6E01-34A9-AB0D-9B723DC5C561}.Debug|Win32.ActiveCfg = Debug|Win32
		{A636813D-6E01-34A9-AB0D-9B723DC5C561}.Debug|Win32.Build.0 = Debug|Win32
		{A636813D-6E01-34A9-AB0D-9B723DC5C561}.Release|Win32.ActiveCfg = Release|Win32
		{A636813D-6E01-34A9-AB0D-9B723DC5C561}.Release|Win32.Build.0 = Release|Win32
		{A636813D-6E01-34A9-AB0D-9B723DC5C561}.MinSizeRel|Win32.ActiveCfg = MinSizeRel|Win32
		{A636813D-6E01-34A9-AB0D-9B723DC5C561}.MinSizeRel|Win32.Build.0 = MinSizeRel|Win32
		{A636813D-6E01-34A9-AB0D-9B723DC5C561}.RelWithDebInfo|Win32.ActiveCfg = RelWithDebInfo|Win32
		{A636813D-6E01-34A9-AB0D-9B723DC5C561}.RelWithDebInfo|Win32.Build.0 = RelWithDebInfo|Win32
		{663A604C-6CED-38C9-9728-F8469240C44E}.Debug|Win32.ActiveCfg = Debug|Win32
		{663A604C-6CED-38C9-9728-F8469240C44E}.Debug|Win32.Build.0 = Debug|Win32
		{663A604C-6CED-38C9-9728-F8469240C44E}.Release|Win32.ActiveCfg = Release|Win32
		{663A604C-6CED-38C9-9728-F8469240C44E}.Release|Win32.Build.0 = Release|Win32
		{663A604C-6CED-38C9-9728-F8469240C44E}.MinSizeRel|Win32.ActiveCfg = MinSizeRel|Win32
		{663A604C-6CED-38C9-9728-F8469240C44E}.MinSizeRel|Win32.Build.0 = MinSizeRel|Win32
		{663A604C-6CED-38C9-9728-F8469240C44E}.RelWithDebInfo|Win32.ActiveCfg = RelWithDebInfo|Win32
		{663A604C-6CED-38C9-9728-F8469240C44E}.RelWithDebInfo|Win32.Build.0 = RelWithDebInfo|Win32
		{22DFC668-C9C7-3095-A095-A2ECEF876E6F}.Debug|Win32.ActiveCfg = Debug|Win32
		{22DFC668-C9C7-3095-A095-A2ECEF876E6F}.Debug|Win32.Build.0 = Debug|Win32
		{22DFC668-C9C7-3095-A095-A2ECEF876E6F}.Release|Win32.ActiveCfg = Release|Win32
		{22DFC668-C9C7-3095-A095-A2ECEF876E6F}.Release|Win32.Build.0 = Release|Win32
		{22DFC668-C9C7-3095-A095-A2ECEF876E6F}.MinSizeRel|Win32.ActiveCfg = MinSizeRel|Win32
		{22DFC668-C9C7-3095-A095-A2ECEF876E6F}.MinSizeRel|Win32.Build.0 = MinSizeRel|Win32
		{22DFC668-C9C7-3095-A095-A2ECEF876E6F}.RelWithDebInfo|Win32.ActiveCfg = RelWithDebInfo|Win32
		{22DFC668-C9C7-3095-A095-A2ECEF876E6F}.RelWithDebInfo|Win32.Build.0 = RelWithDebInfo|Win32
		{160AFF3F-61B3-301E-8462-12A9F9E77121}.Debug|Win32.ActiveCfg = Debug|Win32
		{160AFF3F-61B3-301E-8462-12A9F9E77121}.Debug|Win32.Build.0 = Debug|Win32
		{160AFF3F-61B3-301E-8462-12A9F9E77121}.Release|Win32.ActiveCfg = Release|Win32
		{160AFF3F-61B3-301E-8462-12A9F9E77121}.Release|Win32.Build.0 = Release|Win32
		{160AFF3F-61B3-301E-8462-12A9F9E77121}.MinSizeRel|Win32.ActiveCfg = MinSizeRel|Win32
		{160AFF3F-61B3-301E-8462-12A9F9E77121}.MinSizeRel|Win32.Build.0 = MinSizeRel|Win32
		{160AFF3F-61B3-301E-8462-12A9F9E77121}.RelWithDebInfo|Win32.ActiveCfg = RelWithDebInfo|Win32
		{160AFF3F-61B3-301E-8462-12A9F9E77121}.RelWithDebInfo|Win32.Build.0 = RelWithDebInfo|Win32
		{658D2C81-B938-3630-AE26-C19913D6C3EF}.Debug|Win32.ActiveCfg = Debug|Win32
		{658D2C81-B938-3630-AE26-C19913D6C3EF}.Debug|Win32.Build.0 = Debug|Win32
		{658D2C81-B938-3630-AE26-C19913D6C3EF}.Release|Win32.ActiveCfg = Release|Win32
		{658D2C81-B938-3630-AE26-C19913D6C3EF}.Release|Win32.Build.0 = Release|Win32
		{658D2C81-B938-3630-AE26-C19913D6C3EF}.MinSizeRel|Win32.ActiveCfg = MinSizeRel|Win32
		{658D2C81-B938-3630-AE26-C19913D6C3EF}.MinSizeRel|Win32.Build.0 = MinSizeRel|Win32
		{658D2C81-B938-3630-AE26-C19913D6C3EF}.RelWithDebInfo|Win32.ActiveCfg = RelWithDebInfo|Win32
		{658D2C81-B938-3630-AE26-C19913D6C3EF}.RelWithDebInfo|Win32.Build.0 = RelWithDebInfo|Win32
		{5F49E969-D73C-3BBF-AD44-D2D6C7DFF354}.Debug|Win32.ActiveCfg = Debug|Win32
		{5F49E969-D73C-3BBF-AD44-D2D6C7DFF354}.Debug|Win32.Build.0 = Debug|Win32
		{5F49E969-D73C-3BBF-AD44-D2D6C7DFF354}.Release|Win32.ActiveCfg = Release|Win32
		{5F49E969-D73C-3BBF-AD44-D2D6C7DFF354}.Release|Win32.Build.0 = Release|Win32
		{5F49E969-D73C-3BBF-AD44-D2D6C7DFF354}.MinSizeRel|Win32.ActiveCfg = MinSizeRel|Win32
		{5F49E969-D73C-3BBF-AD44-D2D6C7DFF354}.MinSizeRel|Win32.Build.0 = MinSizeRel|Win32
		{5F49E969-D73C-3BBF-AD44-D2D6C7DFF354}.RelWithDebInfo|Win32.ActiveCfg = RelWithDebInfo|Win32
		{5F49E969-D73C-3BBF-AD44-D2D6C7DFF354}.RelWithDebInfo|Win32.Build.0 = RelWithDebInfo|Win32
		{0CA23FBF-8E98-3AD2-BE30-DDF5A9091D90}.Debug|Win32.ActiveCfg = Debug|Win32
		{0CA23FBF-8E98-3AD2-BE30-DDF5A9091D90}.Debug|Win32.Build.0 = Debug|Win32
		{0CA23FBF-8E98-3AD2-BE30-DDF5A9091D90}.Release|Win32.ActiveCfg = Release|Win32
		{0CA23FBF-8E98-3AD2-BE30-DDF5A9091D90}.Release|Win32.Build.0 = Release|Win32
		{0CA23FBF-8E98-3AD2-BE30-DDF5A9091D90}.MinSizeRel|Win32.ActiveCfg = MinSizeRel|Win32
		{0CA23FBF-8E98-3AD2-BE30-DDF5A9091D90}.MinSizeRel|Win32.Build.0 = MinSizeRel|Win32
		{0CA23FBF-8E98-3AD2-BE30-DDF5A9091D90}.RelWithDebInfo|Win32.ActiveCfg = RelWithDebInfo|Win32
		{0CA23FBF-8E98-3AD2-BE30-DDF5A9091D90}.RelWithDebInfo|Win32.Build.0 = RelWithDebInfo|Win32
		{98AC9A1C-6890-3D0F-9EE1-3B17D3874C3C}.Debug|Win32.ActiveCfg = Debug|Win32
		{98AC9A1C-6890-3D0F-9EE1-3B17D3874C3C}.Debug|Win32.Build.0 = Debug|Win32
		{98AC9A1C-6890-3D0F-9EE1-3B17D3874C3C}.Release|Win32.ActiveCfg = Release|Win32
		{98AC9A1C-6890-3D0F-9EE1-3B17D3874C3C}.Release|Win32.Build.0 = Release|Win32
		{98AC9A1C-6890-3D0F-9EE1-3B17D3874C3C}.MinSizeRel|Win32.ActiveCfg = MinSizeRel|Win32
		{98AC9A1C-6890-3D0F-9EE1-3B17D3874C3C}.MinSizeRel|Win32.Build.0 = MinSizeRel|Win32
		{98AC9A1C-6890-3D0F-9EE1-3B17D3874C3C}.RelWithDebInfo|Win32.ActiveCfg = RelWithDebInfo|Win32
		{98AC9A1C-6890-3D0F-9EE1-3B17D3874C3C}.RelWithDebInfo|Win32.Build.0 = RelWithDebInfo|Win32
		{B3CBE356-4091-30E2-9F09-7C5C86009E30}.Debug|Win32.ActiveCfg = Debug|Win32
		{B3CBE356-4091-30E2-9F09-7C5C86009E30}.Debug|Win32.Build.0 = Debug|Win32
		{B3CBE356-4091-30E2-9F09-7C5C86009E30}.Release|Win32.ActiveCfg = Release|Win32
		{B3CBE356-4091-30E2-9F09-7C5C86009E30}.Release|Win32.Build.0 = Release|Win32
		{B3CBE356-4091-30E2-9F09-7C5C86009E30}.MinSizeRel|Win32.ActiveCfg = MinSizeRel|Win32
		{B3CBE356-4091-30E2-9F09-7C5C86009E30}.MinSizeRel|Win32.Build.0 = MinSizeRel|Win32
		{B3CBE356-4091-30E2-9F09-7C5C86009E30}.RelWithDebInfo|Win32.ActiveCfg = RelWithDebInfo|Win32
		{B3CBE356-4091-30E2-9F09-7C5C86009E30}.RelWithDebInfo|Win32.Build.0 = RelWithDebInfo|Win32
		{CD122D01-A4F1-3BAA-BCFE-9E24919B8CF2}.Debug|Win32.ActiveCfg = Debug|Win32
		{CD122D01-A4F1-3BAA-BCFE-9E24919B8CF2}.Debug|Win32.Build.0 = Debug|Win32
		{CD122D01-A4F1-3BAA-BCFE-9E24919B8CF2}.Release|Win32.ActiveCfg = Release|Win32
		{CD122D01-A4F1-3BAA-BCFE-9E24919B8CF2}.Release|Win32.Build.0 = Release|Win32
		{CD122D01-A4F1-3BAA-BCFE-9E24919B8CF2}.MinSizeRel|Win32.ActiveCfg = MinSizeRel|Win32
		{CD122D01-A4F1-3BAA-BCFE-9E24919B8CF2}.MinSizeRel|Win32.Build.0 = MinSizeRel|Win32
		{CD122D01-A4F1-3BAA-BCFE-9E24919B8CF2}.RelWithDebInfo|Win32.ActiveCfg = RelWithDebInfo|Win32
		{CD122D01-A4F1-3BAA-BCFE-9E24919B8CF2}.RelWithDebInfo|Win32.Build.0 = RelWithDebInfo|Win32
		{46535818-44F8-3EB2-88AB-C8ABD8532B16}.Debug|Win32.ActiveCfg = Debug|Win32
		{46535818-44F8-3EB2-88AB-C8ABD8532B16}.Debug|Win32.Build.0 = Debug|Win32
		{46535818-44F8-3EB2-88AB-C8ABD8532B16}.Release|Win32.ActiveCfg = Release|Win32
		{46535818-44F8-3EB2-88AB-C8ABD8532B16}.Release|Win32.Build.0 = Release|Win32
		{46535818-44F8-3EB2-88AB-C8ABD8532B16}.MinSizeRel|Win32.ActiveCfg = MinSizeRel|Win32
		{46535818-44F8-3EB2-88AB-C8ABD8532B16}.MinSizeRel|Win32.Build.0 = MinSizeRel|Win32
		{46535818-44F8-3EB2-88AB-C8ABD8532B16}.RelWithDebInfo|Win32.ActiveCfg = RelWithDebInfo|Win32
		{46535818-44F8-3EB2-88AB-C8ABD8532B16}.RelWithDebInfo|Win32.Build.0 = RelWithDebInfo|Win32
		{81608B0A-FE8B-3699-ACD9-CC355821776E}.Debug|Win32.ActiveCfg = Debug|Win32
		{81608B0A-FE8B-3699-ACD9-CC355821776E}.Debug|Win32.Build.0 = Debug|Win32
		{81608B0A-FE8B-3699-ACD9-CC355821776E}.Release|Win32.ActiveCfg = Release|Win32
		{81608B0A-FE8B-3699-ACD9-CC355821776E}.Release|Win32.Build.0 = Release|Win32
		{81608B0A-FE8B-3699-ACD9-CC355821776E}.MinSizeRel|Win32.ActiveCfg = MinSizeRel|Win32
		{81608B0A-FE8B-3699-ACD9-CC355821776E}.MinSizeRel|Win32.Build.0 = MinSizeRel|Win32
		{81608B0A-FE8B-3699-ACD9-CC355821776E}.RelWithDebInfo|Win32.ActiveCfg = RelWithDebInfo|Win32
		{81608B0A-FE8B-3699-ACD9-CC355821776E}.RelWithDebInfo|Win32.Build.0 = RelWithDebInfo|Win32
		{3984C4B8-5E68-34EB-ACE1-EC8B5EC9166A}.Debug|Win32.ActiveCfg = Debug|Win32
		{3984C4B8-5E68-34EB-ACE1-EC8B5EC9166A}.Debug|Win32.Build.0 = Debug|Win32
		{3984C4B8-5E68-34EB-ACE1-EC8B5EC9166A}.Release|Win32.ActiveCfg = Release|Win32
		{3984C4B8-5E68-34EB-ACE1-EC8B5EC9166A}.Release|Win32.Build.0 = Release|Win32
		{3984C4B8-5E68-34EB-ACE1-EC8B5EC9166A}.MinSizeRel|Win32.ActiveCfg = MinSizeRel|Win32
		{3984C4B8-5E68-34EB-ACE1-EC8B5EC9166A}.MinSizeRel|Win32.Build.0 = MinSizeRel|Win32
		{3984C4B8-5E68-34EB-ACE1-EC8B5EC9166A}.RelWithDebInfo|Win32.ActiveCfg = RelWithDebInfo|Win32
		{3984C4B8-5E68-34EB-ACE1-EC8B5EC9166A}.RelWithDebInfo|Win32.Build.0 = RelWithDebInfo|Win32
		{5C140B74-B899-30EA-99C3-FF7B5E8C0C3A}.Debug|Win32.ActiveCfg = Debug|Win32
		{5C140B74-B899-30EA-99C3-FF7B5E8C0C3A}.Debug|Win32.Build.0 = Debug|Win32
		{5C140B74-B899-30EA-99C3-FF7B5E8C0C3A}.Release|Win32.ActiveCfg = Release|Win32
		{5C140B74-B899-30EA-99C3-FF7B5E8C0C3A}.Release|Win32.Build.0 = Release|Win32
		{5C140B74-B899-30EA-99C3-FF7B5E8C0C3A}.MinSizeRel|Win32.ActiveCfg = MinSizeRel|Win32
		{5C140B74-B899-30EA-99C3-FF7B5E8C0C3A}.MinSizeRel|Win32.Build.0 = MinSizeRel|Win32
		{5C140B74-B899-30EA-99C3-FF7B5E8C0C3A}.RelWithDebInfo|Win32.ActiveCfg = RelWithDebInfo|Win32
		{5C140B74-B899-30EA-99C3-FF7B5E8C0C3A}.RelWithDebInfo|Win32.Build.0 = RelWithDebInfo|Win32
		{245CB1EF-0EDA-362F-8708-0AABA5BAC6CD}.Debug|Win32.ActiveCfg = Debug|Win32
		{245CB1EF-0EDA-362F-8708-0AABA5BAC6CD}.Debug|Win32.Build.0 = Debug|Win32
		{245CB1EF-0EDA-362F-8708-0AABA5BAC6CD}.Release|Win32.ActiveCfg = Release|Win32
		{245CB1EF-0EDA-362F-8708-0AABA5BAC6CD}.Release|Win32.Build.0 = Release|Win32
		{245CB1EF-0EDA-362F-8708-0AABA5BAC6CD}.MinSizeRel|Win32.ActiveCfg = MinSizeRel|Win32
		{245CB1EF-0EDA-362F-8708-0AABA5BAC6CD}.MinSizeRel|Win32.Build.0 = MinSizeRel|Win32
		{245CB1EF-0EDA-362F-8708-0AABA5BAC6CD}.RelWithDebInfo|Win32.ActiveCfg = RelWithDebInfo|Win32
		{245CB1EF-0EDA-362F-8708-0AABA5BAC6CD}.RelWithDebInfo|Win32.Build.0 = RelWithDebInfo|Win32
		{D4D5A9CD-5AB9-3834-8D2B-0F736FDCD2E0}.Debug|Win32.ActiveCfg = Debug|Win32
		{D4D5A9CD-5AB9-3834-8D2B-0F736FDCD2E0}.Debug|Win32.Build.0 = Debug|Win32
		{D4D5A9CD-5AB9-3834-8D2B-0F736FDCD2E0}.Release|Win32.ActiveCfg = Release|Win32
		{D4D5A9CD-5AB9-3834-8D2B-0F736FDCD2E0}.Release|Win32.Build.0 = Release|Win32
		{D4D5A9CD-5AB9-3834-8D2B-0F736FDCD2E0}.MinSizeRel|Win32.ActiveCfg = MinSizeRel|Win32
		{D4D5A9CD-5AB9-3834-8D2B-0F736FDCD2E0}.MinSizeRel|Win32.Build.0 = MinSizeRel|Win32
		{D4D5A9CD-5AB9-3834-8D2B-0F736FDCD2E0}.RelWithDebInfo|Win32.ActiveCfg = RelWithDebInfo|Win32
		{D4D5A9CD-5AB9-3834-8D2B-0F736FDCD2E0}.RelWithDebInfo|Win32.Build.0 = RelWithDebInfo|Win32
		{FE3F1A95-F8ED-3AFE-85F7-7F18FBA1CF00}.Debug|Win32.ActiveCfg = Debug|Win32
		{FE3F1A95-F8ED-3AFE-85F7-7F18FBA1CF00}.Debug|Win32.Build.0 = Debug|Win32
		{FE3F1A95-F8ED-3AFE-85F7-7F18FBA1CF00}.Release|Win32.ActiveCfg = Release|Win32
		{FE3F1A95-F8ED-3AFE-85F7-7F18FBA1CF00}.Release|Win32.Build.0 = Release|Win32
		{FE3F1A95-F8ED-3AFE-85F7-7F18FBA1CF00}.MinSizeRel|Win32.ActiveCfg = MinSizeRel|Win32
		{FE3F1A95-F8ED-3AFE-85F7-7F18FBA1CF00}.MinSizeRel|Win32.Build.0 = MinSizeRel|Win32
		{FE3F1A95-F8ED-3AFE-85F7-7F18FBA1CF00}.RelWithDebInfo|Win32.ActiveCfg = RelWithDebInfo|Win32
		{FE3F1A95-F8ED-3AFE-85F7-7F18FBA1CF00}.RelWithDebInfo|Win32.Build.0 = RelWithDebInfo|Win32
		{B88C2A1C-3610-3B16-90E5-71D6ABD665DA}.Debug|Win32.ActiveCfg = Debug|Win32
		{B88C2A1C-3610-3B16-90E5-71D6ABD665DA}.Debug|Win32.Build.0 = Debug|Win32
		{B88C2A1C-3610-3B16-90E5-71D6ABD665DA}.Release|Win32.ActiveCfg = Release|Win32
		{B88C2A1C-3610-3B16-90E5-71D6ABD665DA}.Release|Win32.Build.0 = Release|Win32
		{B88C2A1C-3610-3B16-90E5-71D6ABD665DA}.MinSizeRel|Win32.ActiveCfg = MinSizeRel|Win32
		{B88C2A1C-3610-3B16-90E5-71D6ABD665DA}.MinSizeRel|Win32.Build.0 = MinSizeRel|Win32
		{B88C2A1C-3610-3B16-90E5-71D6ABD665DA}.RelWithDebInfo|Win32.ActiveCfg = RelWithDebInfo|Win32
		{B88C2A1C-3610-3B16-90E5-71D6ABD665DA}.RelWithDebInfo|Win32.Build.0 = RelWithDebInfo|Win32
		{B30D5DB6-D01C-32F0-A439-635FEC3C1F57}.Debug|Win32.ActiveCfg = Debug|Win32
		{B30D5DB6-D01C-32F0-A439-635FEC3C1F57}.Debug|Win32.Build.0 = Debug|Win32
		{B30D5DB6-D01C-32F0-A439-635FEC3C1F57}.Release|Win32.ActiveCfg = Release|Win32
		{B30D5DB6-D01C-32F0-A439-635FEC3C1F57}.Release|Win32.Build.0 = Release|Win32
		{B30D5DB6-D01C-32F0-A439-635FEC3C1F57}.MinSizeRel|Win32.ActiveCfg = MinSizeRel|Win32
		{B30D5DB6-D01C-32F0-A439-635FEC3C1F57}.MinSizeRel|Win32.Build.0 = MinSizeRel|Win32
		{B30D5DB6-D01C-32F0-A439-635FEC3C1F57}.RelWithDebInfo|Win32.ActiveCfg = RelWithDebInfo|Win32
		{B30D5DB6-D01C-32F0-A439-635FEC3C1F57}.RelWithDebInfo|Win32.Build.0 = RelWithDebInfo|Win32
		{F67E86C2-243D-3057-B7E5-E53F62DFB481}.Debug|Win32.ActiveCfg = Debug|Win32
		{F67E86C2-243D-3057-B7E5-E53F62DFB481}.Debug|Win32.Build.0 = Debug|Win32
		{F67E86C2-243D-3057-B7E5-E53F62DFB481}.Release|Win32.ActiveCfg = Release|Win32
		{F67E86C2-243D-3057-B7E5-E53F62DFB481}.Release|Win32.Build.0 = Release|Win32
		{F67E86C2-243D-3057-B7E5-E53F62DFB481}.MinSizeRel|Win32.ActiveCfg = MinSizeRel|Win32
		{F67E86C2-243D-3057-B7E5-E53F62DFB481}.MinSizeRel|Win32.Build.0 = MinSizeRel|Win32
		{F67E86C2-243D-3057-B7E5-E53F62DFB481}.RelWithDebInfo|Win32.ActiveCfg = RelWithDebInfo|Win32
		{F67E86C2-243D-3057-B7E5-E53F62DFB481}.RelWithDebInfo|Win32.Build.0 = RelWithDebInfo|Win32
		{B56CBD2B-4EEB-30CC-BE73-DE5CD8087A0A}.Debug|Win32.ActiveCfg = Debug|Win32
		{B56CBD2B-4EEB-30CC-BE73-DE5CD8087A0A}.Debug|Win32.Build.0 = Debug|Win32
		{B56CBD2B-4EEB-30CC-BE73-DE5CD8087A0A}.Release|Win32.ActiveCfg = Release|Win32
		{B56CBD2B-4EEB-30CC-BE73-DE5CD8087A0A}.Release|Win32.Build.0 = Release|Win32
		{B56CBD2B-4EEB-30CC-BE73-DE5CD8087A0A}.MinSizeRel|Win32.ActiveCfg = MinSizeRel|Win32
		{B56CBD2B-4EEB-30CC-BE73-DE5CD8087A0A}.MinSizeRel|Win32.Build.0 = MinSizeRel|Win32
		{B56CBD2B-4EEB-30CC-BE73-DE5CD8087A0A}.RelWithDebInfo|Win32.ActiveCfg = RelWithDebInfo|Win32
		{B56CBD2B-4EEB-30CC-BE73-DE5CD8087A0A}.RelWithDebInfo|Win32.Build.0 = RelWithDebInfo|Win32
		{234A91C2-8499-37BC-B843-ACC60ED39FB6}.Debug|Win32.ActiveCfg = Debug|Win32
		{234A91C2-8499-37BC-B843-ACC60ED39FB6}.Debug|Win32.Build.0 = Debug|Win32
		{234A91C2-8499-37BC-B843-ACC60ED39FB6}.Release|Win32.ActiveCfg = Release|Win32
		{234A91C2-8499-37BC-B843-ACC60ED39FB6}.Release|Win32.Build.0 = Release|Win32
		{234A91C2-8499-37BC-B843-ACC60ED39FB6}.MinSizeRel|Win32.ActiveCfg = MinSizeRel|Win32
		{234A91C2-8499-37BC-B843-ACC60ED39FB6}.MinSizeRel|Win32.Build.0 = MinSizeRel|Win32
		{234A91C2-8499-37BC-B843-ACC60ED39FB6}.RelWithDebInfo|Win32.ActiveCfg = RelWithDebInfo|Win32
		{234A91C2-8499-37BC-B843-ACC60ED39FB6}.RelWithDebInfo|Win32.Build.0 = RelWithDebInfo|Win32
		{0D6A88EC-E7C6-3F6D-85FB-7FDAFCC2CF92}.Debug|Win32.ActiveCfg = Debug|Win32
		{0D6A88EC-E7C6-3F6D-85FB-7FDAFCC2CF92}.Debug|Win32.Build.0 = Debug|Win32
		{0D6A88EC-E7C6-3F6D-85FB-7FDAFCC2CF92}.Release|Win32.ActiveCfg = Release|Win32
		{0D6A88EC-E7C6-3F6D-85FB-7FDAFCC2CF92}.Release|Win32.Build.0 = Release|Win32
		{0D6A88EC-E7C6-3F6D-85FB-7FDAFCC2CF92}.MinSizeRel|Win32.ActiveCfg = MinSizeRel|Win32
		{0D6A88EC-E7C6-3F6D-85FB-7FDAFCC2CF92}.MinSizeRel|Win32.Build.0 = MinSizeRel|Win32
		{0D6A88EC-E7C6-3F6D-85FB-7FDAFCC2CF92}.RelWithDebInfo|Win32.ActiveCfg = RelWithDebInfo|Win32
		{0D6A88EC-E7C6-3F6D-85FB-7FDAFCC2CF92}.RelWithDebInfo|Win32.Build.0 = RelWithDebInfo|Win32
		{CD7421D4-76FF-3761-89BC-EDC30968A7F7}.Debug|Win32.ActiveCfg = Debug|Win32
		{CD7421D4-76FF-3761-89BC-EDC30968A7F7}.Debug|Win32.Build.0 = Debug|Win32
		{CD7421D4-76FF-3761-89BC-EDC30968A7F7}.Release|Win32.ActiveCfg = Release|Win32
		{CD7421D4-76FF-3761-89BC-EDC30968A7F7}.Release|Win32.Build.0 = Release|Win32
		{CD7421D4-76FF-3761-89BC-EDC30968A7F7}.MinSizeRel|Win32.ActiveCfg = MinSizeRel|Win32
		{CD7421D4-76FF-3761-89BC-EDC30968A7F7}.MinSizeRel|Win32.Build.0 = MinSizeRel|Win32
		{CD7421D4-76FF-3761-89BC-EDC30968A7F7}.RelWithDebInfo|Win32.ActiveCfg = RelWithDebInfo|Win32
		{CD7421D4-76FF-3761-89BC-EDC30968A7F7}.RelWithDebInfo|Win32.Build.0 = RelWithDebInfo|Win32
	EndGlobalSection
	GlobalSection(NestedProjects) = preSolution
		{63483515-6498-3C0A-86CF-30DBD9E8C983} = {232AF4B6-10AD-3630-B768-FC2FCDF4D989}
		{E7FB852F-F029-3BE5-B8D2-3C6D3D156707} = {232AF4B6-10AD-3630-B768-FC2FCDF4D989}
		{00CF28B9-F80B-33E8-9BCC-CC75766BA8F5} = {232AF4B6-10AD-3630-B768-FC2FCDF4D989}
		{0D6A88EC-E7C6-3F6D-85FB-7FDAFCC2CF92} = {71F5D4DD-DB4B-3867-A505-B85A80610A2A}
		{CD7421D4-76FF-3761-89BC-EDC30968A7F7} = {EDD8EEFE-FEB4-37E5-8D64-F59C95FC889B}
		{142B30BB-2237-3860-99FC-B559A8505582} = {14CBEAA0-A061-38BB-9506-94AA18A5AC3C}
		{513EB00A-7E2B-3ED2-B8EC-394665A42D1E} = {14CBEAA0-A061-38BB-9506-94AA18A5AC3C}
		{A669CE52-BEC1-3E39-BD66-A77A798A568F} = {14CBEAA0-A061-38BB-9506-94AA18A5AC3C}
		{6E4645FF-7B9C-32E1-8E5B-014EBA550D0B} = {14CBEAA0-A061-38BB-9506-94AA18A5AC3C}
		{C58D0A81-7BD2-3F48-B5E8-574A6B8A8B17} = {14CBEAA0-A061-38BB-9506-94AA18A5AC3C}
		{34C24A57-9D7B-382F-B7C1-DF9A1613FB81} = {14CBEAA0-A061-38BB-9506-94AA18A5AC3C}
		{0FFA1DBF-9507-3057-A31E-BD378465661E} = {14CBEAA0-A061-38BB-9506-94AA18A5AC3C}
		{BF114F7D-9B2B-3D4C-8ECD-61B073108DAC} = {14CBEAA0-A061-38BB-9506-94AA18A5AC3C}
		{815BD995-F64D-3E30-AF6A-5AADA366F0B6} = {14CBEAA0-A061-38BB-9506-94AA18A5AC3C}
		{41DCB7C4-6E89-3E62-BBAC-6BC53DE3E5CA} = {14CBEAA0-A061-38BB-9506-94AA18A5AC3C}
		{4C8ABCAD-0AC2-303E-BB7C-F26D868A2F1C} = {14CBEAA0-A061-38BB-9506-94AA18A5AC3C}
		{ABC79E07-7E15-3525-8013-C21D1379BED3} = {14CBEAA0-A061-38BB-9506-94AA18A5AC3C}
		{4F2162E7-BA6E-3BF3-A8A5-5740752FF45F} = {14CBEAA0-A061-38BB-9506-94AA18A5AC3C}
		{07AB17EA-4C32-3D35-86E1-77502DC0D4BE} = {14CBEAA0-A061-38BB-9506-94AA18A5AC3C}
		{9160AC12-7B45-3828-8B96-95E7CEC7CFC8} = {14CBEAA0-A061-38BB-9506-94AA18A5AC3C}
		{662E3D3B-7F23-3CA5-A486-526B2C2ACEA1} = {14CBEAA0-A061-38BB-9506-94AA18A5AC3C}
		{0B48D595-FE51-3A58-A9A7-A4846B91BE4D} = {14CBEAA0-A061-38BB-9506-94AA18A5AC3C}
		{E386E53D-902E-3D46-AC87-DDDB7E28CA37} = {14CBEAA0-A061-38BB-9506-94AA18A5AC3C}
		{C72D5FE2-5479-3F27-BC98-6F5530C3BB97} = {14CBEAA0-A061-38BB-9506-94AA18A5AC3C}
		{84941E88-08ED-3E80-9058-ECF1717FDC29} = {14CBEAA0-A061-38BB-9506-94AA18A5AC3C}
		{E3059C08-9C18-3FD6-9708-D8089171F963} = {14CBEAA0-A061-38BB-9506-94AA18A5AC3C}
		{40E0BA43-7A0C-322F-906E-49B95FE074A8} = {14CBEAA0-A061-38BB-9506-94AA18A5AC3C}
		{8AF33F0E-5944-3B59-AA74-CB53598E0FDC} = {14CBEAA0-A061-38BB-9506-94AA18A5AC3C}
		{C6CE6290-EA2C-3356-9D85-9F98B4F26B50} = {14CBEAA0-A061-38BB-9506-94AA18A5AC3C}
		{67DC584E-746D-3694-92AA-C4C5D593AD52} = {14CBEAA0-A061-38BB-9506-94AA18A5AC3C}
		{35CA79C6-0CDB-3622-8D47-BED0CB03C36D} = {14CBEAA0-A061-38BB-9506-94AA18A5AC3C}
		{876FFC64-76BC-3658-B149-009D33F04D9C} = {14CBEAA0-A061-38BB-9506-94AA18A5AC3C}
		{016BDFB7-8233-34AD-BFF6-D4F65E7F8EF0} = {14CBEAA0-A061-38BB-9506-94AA18A5AC3C}
		{115DE8BC-8DAF-3E9A-83D8-9E7F04467934} = {14CBEAA0-A061-38BB-9506-94AA18A5AC3C}
		{B9000EC4-0986-316A-8B07-A8F828F2193F} = {14CBEAA0-A061-38BB-9506-94AA18A5AC3C}
		{EE6B1047-30AB-3B16-A63B-34E807E89EC5} = {14CBEAA0-A061-38BB-9506-94AA18A5AC3C}
		{47BD6AAA-7DA4-3A19-80FD-7D7C941D4EF4} = {14CBEAA0-A061-38BB-9506-94AA18A5AC3C}
		{A636813D-6E01-34A9-AB0D-9B723DC5C561} = {14CBEAA0-A061-38BB-9506-94AA18A5AC3C}
		{663A604C-6CED-38C9-9728-F8469240C44E} = {14CBEAA0-A061-38BB-9506-94AA18A5AC3C}
		{160AFF3F-61B3-301E-8462-12A9F9E77121} = {14CBEAA0-A061-38BB-9506-94AA18A5AC3C}
		{658D2C81-B938-3630-AE26-C19913D6C3EF} = {14CBEAA0-A061-38BB-9506-94AA18A5AC3C}
		{5F49E969-D73C-3BBF-AD44-D2D6C7DFF354} = {14CBEAA0-A061-38BB-9506-94AA18A5AC3C}
		{0CA23FBF-8E98-3AD2-BE30-DDF5A9091D90} = {14CBEAA0-A061-38BB-9506-94AA18A5AC3C}
		{98AC9A1C-6890-3D0F-9EE1-3B17D3874C3C} = {14CBEAA0-A061-38BB-9506-94AA18A5AC3C}
		{B3CBE356-4091-30E2-9F09-7C5C86009E30} = {14CBEAA0-A061-38BB-9506-94AA18A5AC3C}
		{CD122D01-A4F1-3BAA-BCFE-9E24919B8CF2} = {14CBEAA0-A061-38BB-9506-94AA18A5AC3C}
		{46535818-44F8-3EB2-88AB-C8ABD8532B16} = {14CBEAA0-A061-38BB-9506-94AA18A5AC3C}
		{81608B0A-FE8B-3699-ACD9-CC355821776E} = {14CBEAA0-A061-38BB-9506-94AA18A5AC3C}
		{3984C4B8-5E68-34EB-ACE1-EC8B5EC9166A} = {14CBEAA0-A061-38BB-9506-94AA18A5AC3C}
		{D4D5A9CD-5AB9-3834-8D2B-0F736FDCD2E0} = {14CBEAA0-A061-38BB-9506-94AA18A5AC3C}
		{FE3F1A95-F8ED-3AFE-85F7-7F18FBA1CF00} = {14CBEAA0-A061-38BB-9506-94AA18A5AC3C}
		{B30D5DB6-D01C-32F0-A439-635FEC3C1F57} = {14CBEAA0-A061-38BB-9506-94AA18A5AC3C}
		{B56CBD2B-4EEB-30CC-BE73-DE5CD8087A0A} = {14CBEAA0-A061-38BB-9506-94AA18A5AC3C}
		{234A91C2-8499-37BC-B843-ACC60ED39FB6} = {14CBEAA0-A061-38BB-9506-94AA18A5AC3C}
		{0835A84C-13C4-3CBF-A325-540E582E141E} = {8F7F3D21-D32C-3000-A19C-73437EE34D4D}
		{3D378C1C-4CBE-34E1-8BBC-3A45E530D3AA} = {8F7F3D21-D32C-3000-A19C-73437EE34D4D}
		{7CA1F378-D303-338E-8187-4AA69A550EF9} = {8F7F3D21-D32C-3000-A19C-73437EE34D4D}
		{FEAFA394-7A1C-39B0-A815-03D94C84DCAD} = {8F7F3D21-D32C-3000-A19C-73437EE34D4D}
		{62285D67-DD47-3B84-A2ED-560343481BFC} = {8F7F3D21-D32C-3000-A19C-73437EE34D4D}
		{378BB26B-854D-351C-90E9-C5BF8B39E0D6} = {8F7F3D21-D32C-3000-A19C-73437EE34D4D}
		{22DFC668-C9C7-3095-A095-A2ECEF876E6F} = {8F7F3D21-D32C-3000-A19C-73437EE34D4D}
		{5C140B74-B899-30EA-99C3-FF7B5E8C0C3A} = {8F7F3D21-D32C-3000-A19C-73437EE34D4D}
		{245CB1EF-0EDA-362F-8708-0AABA5BAC6CD} = {8F7F3D21-D32C-3000-A19C-73437EE34D4D}
		{B88C2A1C-3610-3B16-90E5-71D6ABD665DA} = {8F7F3D21-D32C-3000-A19C-73437EE34D4D}
		{F67E86C2-243D-3057-B7E5-E53F62DFB481} = {8F7F3D21-D32C-3000-A19C-73437EE34D4D}
	EndGlobalSection
	GlobalSection(ExtensibilityGlobals) = postSolution
		SolutionGuid = {3CF7261F-47BF-342F-9B64-819ED561AD17}
	EndGlobalSection
	GlobalSection(ExtensibilityAddIns) = postSolution
	EndGlobalSection
EndGlobal
