<?xml version="1.0" encoding="utf-8"?>
<Project ToolsVersion="15.0" xmlns="http://schemas.microsoft.com/developer/msbuild/2003">
  <ItemGroup>
    <ClCompile Include="..\..\..\src\osgEarthSplat\GrassLayer.cpp">
      <Filter>Source Files</Filter>
    </ClCompile>
    <ClCompile Include="..\..\..\src\osgEarthSplat\GroundCover.cpp">
      <Filter>Source Files</Filter>
    </ClCompile>
    <ClCompile Include="..\..\..\src\osgEarthSplat\GroundCoverFeatureGenerator.cpp">
      <Filter>Source Files</Filter>
    </ClCompile>
    <ClCompile Include="..\..\..\src\osgEarthSplat\GroundCoverFeatureSource.cpp">
      <Filter>Source Files</Filter>
    </ClCompile>
    <ClCompile Include="..\..\..\src\osgEarthSplat\GroundCoverLayer.cpp">
      <Filter>Source Files</Filter>
    </ClCompile>
    <ClCompile Include="..\..\..\src\osgEarthSplat\NoiseTextureFactory.cpp">
      <Filter>Source Files</Filter>
    </ClCompile>
    <ClCompile Include="..\..\..\src\osgEarthSplat\RoadSurfaceLayer.cpp">
      <Filter>Source Files</Filter>
    </ClCompile>
    <ClCompile Include="..\..\..\src\osgEarthSplat\SplatCatalog.cpp">
      <Filter>Source Files</Filter>
    </ClCompile>
    <ClCompile Include="..\..\..\src\osgEarthSplat\SplatLayer.cpp">
      <Filter>Source Files</Filter>
    </ClCompile>
    <ClCompile Include="..\..\..\src\osgEarthSplat\Surface.cpp">
      <Filter>Source Files</Filter>
    </ClCompile>
    <ClCompile Include="..\..\..\src\osgEarthSplat\Zone.cpp">
      <Filter>Source Files</Filter>
    </ClCompile>
    <ClCompile Include=".\AutoGenShaders.cpp">
      <Filter>Source Files</Filter>
    </ClCompile>
    <ClCompile Include="..\..\..\src\osgEarthSplat\Biome.cpp">
      <Filter>Source Files</Filter>
    </ClCompile>
  </ItemGroup>
  <ItemGroup>
    <ClInclude Include="..\..\..\src\osgEarthSplat\SplatShaders.cpp.in">
      <Filter>Template Files</Filter>
    </ClInclude>
  </ItemGroup>
  <ItemGroup>
    <CustomBuild Include="..\..\CMakeFiles\bad3e52a89510f5689f91fcec346cda3\AutoGenShaders.cpp.rule" />
  </ItemGroup>
  <ItemGroup>
    <None Include="..\..\..\src\osgEarthSplat\Splat.frag.glsl">
      <Filter>Shaders</Filter>
    </None>
    <None Include="..\..\..\src\osgEarthSplat\Splat.Noise.glsl">
      <Filter>Shaders</Filter>
    </None>
    <None Include="..\..\..\src\osgEarthSplat\Splat.types.glsl">
      <Filter>Shaders</Filter>
    </None>
    <None Include="..\..\..\src\osgEarthSplat\Splat.util.glsl">
      <Filter>Shaders</Filter>
    </None>
    <None Include="..\..\..\src\osgEarthSplat\Splat.vert.model.glsl">
      <Filter>Shaders</Filter>
    </None>
    <None Include="..\..\..\src\osgEarthSplat\Splat.vert.view.glsl">
      <Filter>Shaders</Filter>
    </None>
    <None Include="..\..\..\src\osgEarthSplat\Export">
      <Filter>Headers</Filter>
    </None>
    <None Include="..\..\..\src\osgEarthSplat\GrassLayer">
      <Filter>Headers</Filter>
    </None>
    <None Include="..\..\..\src\osgEarthSplat\GroundCover">
      <Filter>Headers</Filter>
    </None>
    <None Include="..\..\..\src\osgEarthSplat\GroundCoverFeatureGenerator">
      <Filter>Headers</Filter>
    </None>
    <None Include="..\..\..\src\osgEarthSplat\GroundCoverFeatureSource">
      <Filter>Headers</Filter>
    </None>
    <None Include="..\..\..\src\osgEarthSplat\GroundCoverLayer">
      <Filter>Headers</Filter>
    </None>
    <None Include="..\..\..\src\osgEarthSplat\NoiseTextureFactory">
      <Filter>Headers</Filter>
    </None>
    <None Include="..\..\..\src\osgEarthSplat\RoadSurfaceLayer">
      <Filter>Headers</Filter>
    </None>
    <None Include="..\..\..\src\osgEarthSplat\SplatCatalog">
      <Filter>Headers</Filter>
    </None>
    <None Include="..\..\..\src\osgEarthSplat\SplatLayer">
      <Filter>Headers</Filter>
    </None>
    <None Include="..\..\..\src\osgEarthSplat\SplatShaders">
      <Filter>Headers</Filter>
    </None>
    <None Include="..\..\..\src\osgEarthSplat\Surface">
      <Filter>Headers</Filter>
    </None>
    <None Include="..\..\..\src\osgEarthSplat\Zone">
      <Filter>Headers</Filter>
    </None>
    <None Include="..\..\..\src\osgEarthSplat\Grass.glsl">
      <Filter>Shaders</Filter>
    </None>
    <None Include="..\..\..\src\osgEarthSplat\GroundCover.Billboard.glsl">
      <Filter>Shaders</Filter>
    </None>
    <None Include="..\..\..\src\osgEarthSplat\GroundCover.Model.glsl">
      <Filter>Shaders</Filter>
    </None>
    <None Include="..\..\..\src\osgEarthSplat\Biome">
      <Filter>Headers</Filter>
    </None>
  </ItemGroup>
  <ItemGroup>
    <Filter Include="CMake Rules">
      <UniqueIdentifier>{0385003E-09BB-33AC-BC7A-B364185382E1}</UniqueIdentifier>
    </Filter>
    <Filter Include="Headers">
      <UniqueIdentifier>{3681EF28-17B2-35AB-BC58-DE6BF740169D}</UniqueIdentifier>
    </Filter>
    <Filter Include="Shaders">
      <UniqueIdentifier>{F681028E-C4D3-3CF8-811E-289A4DDE47AB}</UniqueIdentifier>
    </Filter>
    <Filter Include="Source Files">
      <UniqueIdentifier>{C23C795C-8A75-3325-97E7-455879EA281C}</UniqueIdentifier>
    </Filter>
    <Filter Include="Template Files">
      <UniqueIdentifier>{FF979A0E-D2F2-3395-A9B2-E221F67E1C8C}</UniqueIdentifier>
    </Filter>
  </ItemGroup>
</Project>