<?xml version="1.0" encoding="utf-8"?>
<Project ToolsVersion="15.0" xmlns="http://schemas.microsoft.com/developer/msbuild/2003">
  <ItemGroup>
    <CustomBuild Include="C:\Development\op3d_active\osgearth-3.0.0\msvc\CMakeFiles\2c887fd86986d4746f3fa3af2d5ba735\INSTALL_force.rule">
      <Filter>CMake Rules</Filter>
    </CustomBuild>
  </ItemGroup>
  <ItemGroup>
    <Filter Include="CMake Rules">
      <UniqueIdentifier>{0385003E-09BB-33AC-BC7A-B364185382E1}</UniqueIdentifier>
    </Filter>
  </ItemGroup>
</Project>
