<?xml version="1.0" encoding="utf-8"?>
<Project ToolsVersion="15.0" xmlns="http://schemas.microsoft.com/developer/msbuild/2003">
  <ItemGroup>
    <None Include="..\..\docs\source\about.rst" />
    <None Include="..\..\docs\source\data.rst" />
    <None Include="..\..\docs\source\faq.rst" />
    <None Include="..\..\docs\source\index.rst" />
    <None Include="..\..\docs\source\ios.rst" />
    <None Include="..\..\docs\source\releasenotes.rst" />
    <None Include="..\..\docs\source\startup.rst" />
    <None Include="..\..\docs\source\developer\coordinate_systems.rst" />
    <None Include="..\..\docs\source\developer\custom_driver.rst" />
    <None Include="..\..\docs\source\developer\index.rst" />
    <None Include="..\..\docs\source\developer\maps.rst" />
    <None Include="..\..\docs\source\developer\qt_integration.rst" />
    <None Include="..\..\docs\source\developer\shader_composition.rst" />
    <None Include="..\..\docs\source\developer\utilities.rst" />
    <None Include="..\..\docs\source\references\colorfilters.rst" />
    <None Include="..\..\docs\source\references\earthfile.rst" />
    <None Include="..\..\docs\source\references\envvars.rst" />
    <None Include="..\..\docs\source\references\index.rst" />
    <None Include="..\..\docs\source\references\symbology.rst" />
    <None Include="..\..\docs\source\references\drivers\feature\index.rst" />
    <None Include="..\..\docs\source\references\drivers\feature\ogr.rst" />
    <None Include="..\..\docs\source\references\drivers\feature\tfs.rst" />
    <None Include="..\..\docs\source\references\drivers\feature\wfs.rst" />
    <None Include="..\..\docs\source\references\drivers\loaders\index.rst" />
    <None Include="..\..\docs\source\references\drivers\model\feature_geom.rst" />
    <None Include="..\..\docs\source\references\drivers\model\feature_model_shared_blocks.rst" />
    <None Include="..\..\docs\source\references\drivers\model\feature_model_shared_props.rst" />
    <None Include="..\..\docs\source\references\drivers\model\index.rst" />
    <None Include="..\..\docs\source\references\drivers\model\simple.rst" />
    <None Include="..\..\docs\source\references\drivers\terrain\index.rst" />
    <None Include="..\..\docs\source\references\drivers\terrain\mp.rst" />
    <None Include="..\..\docs\source\references\drivers\terrain\terrain_options_shared.rst" />
    <None Include="..\..\docs\source\references\drivers\tile\agglite.rst" />
    <None Include="..\..\docs\source\references\drivers\tile\arcgis.rst" />
    <None Include="..\..\docs\source\references\drivers\tile\debug.rst" />
    <None Include="..\..\docs\source\references\drivers\tile\gdal.rst" />
    <None Include="..\..\docs\source\references\drivers\tile\index.rst" />
    <None Include="..\..\docs\source\references\drivers\tile\noise.rst" />
    <None Include="..\..\docs\source\references\drivers\tile\osg.rst" />
    <None Include="..\..\docs\source\references\drivers\tile\tilecache.rst" />
    <None Include="..\..\docs\source\references\drivers\tile\tileservice.rst" />
    <None Include="..\..\docs\source\references\drivers\tile\tms.rst" />
    <None Include="..\..\docs\source\references\drivers\tile\vpb.rst" />
    <None Include="..\..\docs\source\references\drivers\tile\wcs.rst" />
    <None Include="..\..\docs\source\references\drivers\tile\wms.rst" />
    <None Include="..\..\docs\source\references\drivers\tile\xyz.rst" />
    <None Include="..\..\docs\source\user\annotations.rst" />
    <None Include="..\..\docs\source\user\caching.rst" />
    <None Include="..\..\docs\source\user\earthfiles.rst" />
    <None Include="..\..\docs\source\user\elevation.rst" />
    <None Include="..\..\docs\source\user\features.rst" />
    <None Include="..\..\docs\source\user\imagery.rst" />
    <None Include="..\..\docs\source\user\index.rst" />
    <None Include="..\..\docs\source\user\maps.rst" />
    <None Include="..\..\docs\source\user\profile.rst" />
    <None Include="..\..\docs\source\user\spatialreference.rst" />
    <None Include="..\..\docs\source\user\tools.rst" />
  </ItemGroup>
  <ItemGroup>
    <Filter Include="Developer">
      <UniqueIdentifier>{8B22B5AB-08B5-37CE-983A-62AB1F91460C}</UniqueIdentifier>
    </Filter>
    <Filter Include="References">
      <UniqueIdentifier>{3E832A42-08C0-3261-A6B5-221383F6B2A3}</UniqueIdentifier>
    </Filter>
    <Filter Include="References\Drivers">
      <UniqueIdentifier>{A773641E-2B78-3977-980F-55D110CABC29}</UniqueIdentifier>
    </Filter>
    <Filter Include="References\Drivers\Feature">
      <UniqueIdentifier>{4D821E3C-F2DE-3C8E-BDDD-21B84A067DD9}</UniqueIdentifier>
    </Filter>
    <Filter Include="References\Drivers\Loaders">
      <UniqueIdentifier>{345DE808-BD64-38BF-B204-D0F372BA644D}</UniqueIdentifier>
    </Filter>
    <Filter Include="References\Drivers\Model">
      <UniqueIdentifier>{C1DDAC4A-33F7-372B-87D0-C0E14A9965E2}</UniqueIdentifier>
    </Filter>
    <Filter Include="References\Drivers\Terrain">
      <UniqueIdentifier>{B139058E-3804-3DED-9176-6FC8E6716ADD}</UniqueIdentifier>
    </Filter>
    <Filter Include="References\Drivers\Tile">
      <UniqueIdentifier>{F1CF3FDD-73B7-36F4-8424-FF513941250A}</UniqueIdentifier>
    </Filter>
    <Filter Include="User">
      <UniqueIdentifier>{EF834543-EEE3-3552-A352-5ABCB7445388}</UniqueIdentifier>
    </Filter>
  </ItemGroup>
</Project>