<?xml version="1.0" encoding="utf-8"?>
<Project ToolsVersion="15.0" xmlns="http://schemas.microsoft.com/developer/msbuild/2003">
  <ItemGroup>
    <ClCompile Include="..\..\..\src\osgEarth\InstanceCloud.cpp">
      <Filter>Headers</Filter>
    </ClCompile>
    <ClCompile Include="..\..\..\src\osgEarth\ArcGISServer.cpp">
      <Filter>Source Files</Filter>
    </ClCompile>
    <ClCompile Include="..\..\..\src\osgEarth\ArcGISTilePackage.cpp">
      <Filter>Source Files</Filter>
    </ClCompile>
    <ClCompile Include="..\..\..\src\osgEarth\Bing.cpp">
      <Filter>Source Files</Filter>
    </ClCompile>
    <ClCompile Include="..\..\..\src\osgEarth\Bounds.cpp">
      <Filter>Source Files</Filter>
    </ClCompile>
    <ClCompile Include="..\..\..\src\osgEarth\Cache.cpp">
      <Filter>Source Files</Filter>
    </ClCompile>
    <ClCompile Include="..\..\..\src\osgEarth\CacheBin.cpp">
      <Filter>Source Files</Filter>
    </ClCompile>
    <ClCompile Include="..\..\..\src\osgEarth\CacheEstimator.cpp">
      <Filter>Source Files</Filter>
    </ClCompile>
    <ClCompile Include="..\..\..\src\osgEarth\CachePolicy.cpp">
      <Filter>Source Files</Filter>
    </ClCompile>
    <ClCompile Include="..\..\..\src\osgEarth\CacheSeed.cpp">
      <Filter>Source Files</Filter>
    </ClCompile>
    <ClCompile Include="..\..\..\src\osgEarth\Callouts.cpp">
      <Filter>Source Files</Filter>
    </ClCompile>
    <ClCompile Include="..\..\..\src\osgEarth\CameraUtils.cpp">
      <Filter>Source Files</Filter>
    </ClCompile>
    <ClCompile Include="..\..\..\src\osgEarth\Capabilities.cpp">
      <Filter>Source Files</Filter>
    </ClCompile>
    <ClCompile Include="..\..\..\src\osgEarth\CesiumIon.cpp">
      <Filter>Source Files</Filter>
    </ClCompile>
    <ClCompile Include="..\..\..\src\osgEarth\CascadeDrapingDecorator.cpp">
      <Filter>Source Files</Filter>
    </ClCompile>
    <ClCompile Include="..\..\..\src\osgEarth\Clamping.cpp">
      <Filter>Source Files</Filter>
    </ClCompile>
    <ClCompile Include="..\..\..\src\osgEarth\ClampableNode.cpp">
      <Filter>Source Files</Filter>
    </ClCompile>
    <ClCompile Include="..\..\..\src\osgEarth\ClampingTechnique.cpp">
      <Filter>Source Files</Filter>
    </ClCompile>
    <ClCompile Include="..\..\..\src\osgEarth\Color.cpp">
      <Filter>Source Files</Filter>
    </ClCompile>
    <ClCompile Include="..\..\..\src\osgEarth\ColorFilter.cpp">
      <Filter>Source Files</Filter>
    </ClCompile>
    <ClCompile Include="..\..\..\src\osgEarth\Composite.cpp">
      <Filter>Source Files</Filter>
    </ClCompile>
    <ClCompile Include="..\..\..\src\osgEarth\Config.cpp">
      <Filter>Source Files</Filter>
    </ClCompile>
    <ClCompile Include="..\..\..\src\osgEarth\Cube.cpp">
      <Filter>Source Files</Filter>
    </ClCompile>
    <ClCompile Include="..\..\..\src\osgEarth\CullingUtils.cpp">
      <Filter>Source Files</Filter>
    </ClCompile>
    <ClCompile Include="..\..\..\src\osgEarth\DateTime.cpp">
      <Filter>Source Files</Filter>
    </ClCompile>
    <ClCompile Include="..\..\..\src\osgEarth\DateTimeRange.cpp">
      <Filter>Source Files</Filter>
    </ClCompile>
    <ClCompile Include="..\..\..\src\osgEarth\DecalLayer.cpp">
      <Filter>Source Files</Filter>
    </ClCompile>
    <ClCompile Include="..\..\..\src\osgEarth\DepthOffset.cpp">
      <Filter>Source Files</Filter>
    </ClCompile>
    <ClCompile Include="..\..\..\src\osgEarth\DrapeableNode.cpp">
      <Filter>Source Files</Filter>
    </ClCompile>
    <ClCompile Include="..\..\..\src\osgEarth\DrapingCullSet.cpp">
      <Filter>Source Files</Filter>
    </ClCompile>
    <ClCompile Include="..\..\..\src\osgEarth\DrapingTechnique.cpp">
      <Filter>Source Files</Filter>
    </ClCompile>
    <ClCompile Include="..\..\..\src\osgEarth\DrawInstanced.cpp">
      <Filter>Source Files</Filter>
    </ClCompile>
    <ClCompile Include="..\..\..\src\osgEarth\ECEF.cpp">
      <Filter>Source Files</Filter>
    </ClCompile>
    <ClCompile Include="..\..\..\src\osgEarth\ElevationLayer.cpp">
      <Filter>Source Files</Filter>
    </ClCompile>
    <ClCompile Include="..\..\..\src\osgEarth\ElevationLOD.cpp">
      <Filter>Source Files</Filter>
    </ClCompile>
    <ClCompile Include="..\..\..\src\osgEarth\ElevationPool.cpp">
      <Filter>Source Files</Filter>
    </ClCompile>
    <ClCompile Include="..\..\..\src\osgEarth\ElevationRanges.cpp">
      <Filter>Source Files</Filter>
    </ClCompile>
    <ClCompile Include="..\..\..\src\osgEarth\ElevationQuery.cpp">
      <Filter>Source Files</Filter>
    </ClCompile>
    <ClCompile Include="..\..\..\src\osgEarth\EllipsoidIntersector.cpp">
      <Filter>Source Files</Filter>
    </ClCompile>
    <ClCompile Include="..\..\..\src\osgEarth\Extension.cpp">
      <Filter>Source Files</Filter>
    </ClCompile>
    <ClCompile Include="..\..\..\src\osgEarth\FadeEffect.cpp">
      <Filter>Source Files</Filter>
    </ClCompile>
    <ClCompile Include="..\..\..\src\osgEarth\FileUtils.cpp">
      <Filter>Source Files</Filter>
    </ClCompile>
    <ClCompile Include="..\..\..\src\osgEarth\GDAL.cpp">
      <Filter>Source Files</Filter>
    </ClCompile>
    <ClCompile Include="..\..\..\src\osgEarth\GDALDEM.cpp">
      <Filter>Source Files</Filter>
    </ClCompile>
    <ClCompile Include="..\..\..\src\osgEarth\GeoData.cpp">
      <Filter>Source Files</Filter>
    </ClCompile>
    <ClCompile Include="..\..\..\src\osgEarth\Geoid.cpp">
      <Filter>Source Files</Filter>
    </ClCompile>
    <ClCompile Include="..\..\..\src\osgEarth\GeoMath.cpp">
      <Filter>Source Files</Filter>
    </ClCompile>
    <ClCompile Include="..\..\..\src\osgEarth\GeoTransform.cpp">
      <Filter>Source Files</Filter>
    </ClCompile>
    <ClCompile Include="..\..\..\src\osgEarth\GeometryClamper.cpp">
      <Filter>Source Files</Filter>
    </ClCompile>
    <ClCompile Include="..\..\..\src\osgEarth\GLSLChunker.cpp">
      <Filter>Source Files</Filter>
    </ClCompile>
    <ClCompile Include="..\..\..\src\osgEarth\GLUtils.cpp">
      <Filter>Source Files</Filter>
    </ClCompile>
    <ClCompile Include="..\..\..\src\osgEarth\HeightFieldUtils.cpp">
      <Filter>Source Files</Filter>
    </ClCompile>
    <ClCompile Include="..\..\..\src\osgEarth\Horizon.cpp">
      <Filter>Source Files</Filter>
    </ClCompile>
    <ClCompile Include="..\..\..\src\osgEarth\HorizonClipPlane.cpp">
      <Filter>Source Files</Filter>
    </ClCompile>
    <ClCompile Include="..\..\..\src\osgEarth\HTTPClient.cpp">
      <Filter>Source Files</Filter>
    </ClCompile>
    <ClCompile Include="..\..\..\src\osgEarth\ImageLayer.cpp">
      <Filter>Source Files</Filter>
    </ClCompile>
    <ClCompile Include="..\..\..\src\osgEarth\ImageMosaic.cpp">
      <Filter>Source Files</Filter>
    </ClCompile>
    <ClCompile Include="..\..\..\src\osgEarth\ImageToHeightFieldConverter.cpp">
      <Filter>Source Files</Filter>
    </ClCompile>
    <ClCompile Include="..\..\..\src\osgEarth\ImageUtils.cpp">
      <Filter>Source Files</Filter>
    </ClCompile>
    <ClCompile Include="..\..\..\src\osgEarth\IntersectionPicker.cpp">
      <Filter>Source Files</Filter>
    </ClCompile>
    <ClCompile Include="..\..\..\src\osgEarth\IOTypes.cpp">
      <Filter>Source Files</Filter>
    </ClCompile>
    <ClCompile Include="..\..\..\src\osgEarth\JoinPointsLinesFilter.cpp">
      <Filter>Source Files</Filter>
    </ClCompile>
    <ClCompile Include="..\..\..\src\osgEarth\JsonUtils.cpp">
      <Filter>Source Files</Filter>
    </ClCompile>
    <ClCompile Include="..\..\..\src\osgEarth\LandCover.cpp">
      <Filter>Source Files</Filter>
    </ClCompile>
    <ClCompile Include="..\..\..\src\osgEarth\LandCoverLayer.cpp">
      <Filter>Source Files</Filter>
    </ClCompile>
    <ClCompile Include="..\..\..\src\osgEarth\Layer.cpp">
      <Filter>Source Files</Filter>
    </ClCompile>
    <ClCompile Include="..\..\..\src\osgEarth\LayerShader.cpp">
      <Filter>Source Files</Filter>
    </ClCompile>
    <ClCompile Include="..\..\..\src\osgEarth\Lighting.cpp">
      <Filter>Source Files</Filter>
    </ClCompile>
    <ClCompile Include="..\..\..\src\osgEarth\LineDrawable.cpp">
      <Filter>Source Files</Filter>
    </ClCompile>
    <ClCompile Include="..\..\..\src\osgEarth\Locators.cpp">
      <Filter>Source Files</Filter>
    </ClCompile>
    <ClCompile Include="..\..\..\src\osgEarth\LocalTangentPlane.cpp">
      <Filter>Source Files</Filter>
    </ClCompile>
    <ClCompile Include="..\..\..\src\osgEarth\Math.cpp">
      <Filter>Source Files</Filter>
    </ClCompile>
    <ClCompile Include="..\..\..\src\osgEarth\Map.cpp">
      <Filter>Source Files</Filter>
    </ClCompile>
    <ClCompile Include="..\..\..\src\osgEarth\MapCallback.cpp">
      <Filter>Source Files</Filter>
    </ClCompile>
    <ClCompile Include="..\..\..\src\osgEarth\MapInfo.cpp">
      <Filter>Source Files</Filter>
    </ClCompile>
    <ClCompile Include="..\..\..\src\osgEarth\MapNode.cpp">
      <Filter>Source Files</Filter>
    </ClCompile>
    <ClCompile Include="..\..\..\src\osgEarth\MaskLayer.cpp">
      <Filter>Source Files</Filter>
    </ClCompile>
    <ClCompile Include="..\..\..\src\osgEarth\MaskSource.cpp">
      <Filter>Source Files</Filter>
    </ClCompile>
    <ClCompile Include="..\..\..\src\osgEarth\MemCache.cpp">
      <Filter>Source Files</Filter>
    </ClCompile>
    <ClCompile Include="..\..\..\src\osgEarth\Memory.cpp">
      <Filter>Source Files</Filter>
    </ClCompile>
    <ClCompile Include="..\..\..\src\osgEarth\MetaTile.cpp">
      <Filter>Source Files</Filter>
    </ClCompile>
    <ClCompile Include="..\..\..\src\osgEarth\Metrics.cpp">
      <Filter>Source Files</Filter>
    </ClCompile>
    <ClCompile Include="..\..\..\src\osgEarth\MBTiles.cpp">
      <Filter>Source Files</Filter>
    </ClCompile>
    <ClCompile Include="..\..\..\src\osgEarth\MimeTypes.cpp">
      <Filter>Source Files</Filter>
    </ClCompile>
    <ClCompile Include="..\..\..\src\osgEarth\ModelLayer.cpp">
      <Filter>Source Files</Filter>
    </ClCompile>
    <ClCompile Include="..\..\..\src\osgEarth\ModelSource.cpp">
      <Filter>Source Files</Filter>
    </ClCompile>
    <ClCompile Include="..\..\..\src\osgEarth\NodeUtils.cpp">
      <Filter>Source Files</Filter>
    </ClCompile>
    <ClCompile Include="..\..\..\src\osgEarth\Notify.cpp">
      <Filter>Source Files</Filter>
    </ClCompile>
    <ClCompile Include="..\..\..\src\osgEarth\ObjectIndex.cpp">
      <Filter>Source Files</Filter>
    </ClCompile>
    <ClCompile Include="..\..\..\src\osgEarth\OverlayDecorator.cpp">
      <Filter>Source Files</Filter>
    </ClCompile>
    <ClCompile Include="..\..\..\src\osgEarth\PagedNode.cpp">
      <Filter>Source Files</Filter>
    </ClCompile>
    <ClCompile Include="..\..\..\src\osgEarth\PatchLayer.cpp">
      <Filter>Source Files</Filter>
    </ClCompile>
    <ClCompile Include="..\..\..\src\osgEarth\PhongLightingEffect.cpp">
      <Filter>Source Files</Filter>
    </ClCompile>
    <ClCompile Include="..\..\..\src\osgEarth\PointDrawable.cpp">
      <Filter>Source Files</Filter>
    </ClCompile>
    <ClCompile Include="..\..\..\src\osgEarth\PowerlineLayer.cpp">
      <Filter>Source Files</Filter>
    </ClCompile>
    <ClCompile Include="..\..\..\src\osgEarth\PrimitiveIntersector.cpp">
      <Filter>Source Files</Filter>
    </ClCompile>
    <ClCompile Include="..\..\..\src\osgEarth\Profile.cpp">
      <Filter>Source Files</Filter>
    </ClCompile>
    <ClCompile Include="..\..\..\src\osgEarth\Progress.cpp">
      <Filter>Source Files</Filter>
    </ClCompile>
    <ClCompile Include="..\..\..\src\osgEarth\Random.cpp">
      <Filter>Source Files</Filter>
    </ClCompile>
    <ClCompile Include="..\..\..\src\osgEarth\Registry.cpp">
      <Filter>Source Files</Filter>
    </ClCompile>
    <ClCompile Include="..\..\..\src\osgEarth\ResourceReleaser.cpp">
      <Filter>Source Files</Filter>
    </ClCompile>
    <ClCompile Include="..\..\..\src\osgEarth\Revisioning.cpp">
      <Filter>Source Files</Filter>
    </ClCompile>
    <ClCompile Include="..\..\..\src\osgEarth\SceneGraphCallback.cpp">
      <Filter>Source Files</Filter>
    </ClCompile>
    <ClCompile Include="..\..\..\src\osgEarth\ScreenSpaceLayout.cpp">
      <Filter>Source Files</Filter>
    </ClCompile>
    <ClCompile Include="..\..\..\src\osgEarth\ShaderFactory.cpp">
      <Filter>Source Files</Filter>
    </ClCompile>
    <ClCompile Include="..\..\..\src\osgEarth\ShaderGenerator.cpp">
      <Filter>Source Files</Filter>
    </ClCompile>
    <ClCompile Include="..\..\..\src\osgEarth\ShaderLoader.cpp">
      <Filter>Source Files</Filter>
    </ClCompile>
    <ClCompile Include="..\..\..\src\osgEarth\ShaderMerger.cpp">
      <Filter>Source Files</Filter>
    </ClCompile>
    <ClCompile Include="..\..\..\src\osgEarth\ShaderUtils.cpp">
      <Filter>Source Files</Filter>
    </ClCompile>
    <ClCompile Include="..\..\..\src\osgEarth\SimplexNoise.cpp">
      <Filter>Source Files</Filter>
    </ClCompile>
    <ClCompile Include="..\..\..\src\osgEarth\SpatialReference.cpp">
      <Filter>Source Files</Filter>
    </ClCompile>
    <ClCompile Include="..\..\..\src\osgEarth\StateSetCache.cpp">
      <Filter>Source Files</Filter>
    </ClCompile>
    <ClCompile Include="..\..\..\src\osgEarth\Status.cpp">
      <Filter>Source Files</Filter>
    </ClCompile>
    <ClCompile Include="..\..\..\src\osgEarth\StringUtils.cpp">
      <Filter>Source Files</Filter>
    </ClCompile>
    <ClCompile Include="..\..\..\src\osgEarth\TaskService.cpp">
      <Filter>Source Files</Filter>
    </ClCompile>
    <ClCompile Include="..\..\..\src\osgEarth\TDTiles.cpp">
      <Filter>Source Files</Filter>
    </ClCompile>
    <ClCompile Include="..\..\..\src\osgEarth\Terrain.cpp">
      <Filter>Source Files</Filter>
    </ClCompile>
    <ClCompile Include="..\..\..\src\osgEarth\TerrainOptions.cpp">
      <Filter>Source Files</Filter>
    </ClCompile>
    <ClCompile Include="..\..\..\src\osgEarth\TerrainEngineNode.cpp">
      <Filter>Source Files</Filter>
    </ClCompile>
    <ClCompile Include="..\..\..\src\osgEarth\TerrainResources.cpp">
      <Filter>Source Files</Filter>
    </ClCompile>
    <ClCompile Include="..\..\..\src\osgEarth\TerrainTileModel.cpp">
      <Filter>Source Files</Filter>
    </ClCompile>
    <ClCompile Include="..\..\..\src\osgEarth\TerrainTileModelFactory.cpp">
      <Filter>Source Files</Filter>
    </ClCompile>
    <ClCompile Include="..\..\..\src\osgEarth\Tessellator.cpp">
      <Filter>Source Files</Filter>
    </ClCompile>
    <ClCompile Include="..\..\..\src\osgEarth\Text.cpp">
      <Filter>Source Files</Filter>
    </ClCompile>
    <ClCompile Include="..\..\..\src\osgEarth\ThreeDTilesLayer.cpp">
      <Filter>Source Files</Filter>
    </ClCompile>
    <ClCompile Include="..\..\..\src\osgEarth\TextureBufferSerializer.cpp">
      <Filter>Source Files</Filter>
    </ClCompile>
    <ClCompile Include="..\..\..\src\osgEarth\TileKey.cpp">
      <Filter>Source Files</Filter>
    </ClCompile>
    <ClCompile Include="..\..\..\src\osgEarth\TileLayer.cpp">
      <Filter>Source Files</Filter>
    </ClCompile>
    <ClCompile Include="..\..\..\src\osgEarth\TileHandler.cpp">
      <Filter>Source Files</Filter>
    </ClCompile>
    <ClCompile Include="..\..\..\src\osgEarth\TileRasterizer.cpp">
      <Filter>Source Files</Filter>
    </ClCompile>
    <ClCompile Include="..\..\..\src\osgEarth\TiledFeatureModelGraph.cpp">
      <Filter>Source Files</Filter>
    </ClCompile>
    <ClCompile Include="..\..\..\src\osgEarth\TiledFeatureModelLayer.cpp">
      <Filter>Source Files</Filter>
    </ClCompile>
    <ClCompile Include="..\..\..\src\osgEarth\TileVisitor.cpp">
      <Filter>Source Files</Filter>
    </ClCompile>
    <ClCompile Include="..\..\..\src\osgEarth\TileSource.cpp">
      <Filter>Source Files</Filter>
    </ClCompile>
    <ClCompile Include="..\..\..\src\osgEarth\TileSourceElevationLayer.cpp">
      <Filter>Source Files</Filter>
    </ClCompile>
    <ClCompile Include="..\..\..\src\osgEarth\TileSourceImageLayer.cpp">
      <Filter>Source Files</Filter>
    </ClCompile>
    <ClCompile Include="..\..\..\src\osgEarth\TileCache.cpp">
      <Filter>Source Files</Filter>
    </ClCompile>
    <ClCompile Include="..\..\..\src\osgEarth\TimeControl.cpp">
      <Filter>Source Files</Filter>
    </ClCompile>
    <ClCompile Include="..\..\..\src\osgEarth\TraversalData.cpp">
      <Filter>Source Files</Filter>
    </ClCompile>
    <ClCompile Include="..\..\..\src\osgEarth\ThreadingUtils.cpp">
      <Filter>Source Files</Filter>
    </ClCompile>
    <ClCompile Include="..\..\..\src\osgEarth\TMS.cpp">
      <Filter>Source Files</Filter>
    </ClCompile>
    <ClCompile Include="..\..\..\src\osgEarth\Units.cpp">
      <Filter>Source Files</Filter>
    </ClCompile>
    <ClCompile Include="..\..\..\src\osgEarth\URI.cpp">
      <Filter>Source Files</Filter>
    </ClCompile>
    <ClCompile Include="..\..\..\src\osgEarth\Utils.cpp">
      <Filter>Source Files</Filter>
    </ClCompile>
    <ClCompile Include="..\..\..\src\osgEarth\Version.cpp">
      <Filter>Source Files</Filter>
    </ClCompile>
    <ClCompile Include="..\..\..\src\osgEarth\VerticalDatum.cpp">
      <Filter>Source Files</Filter>
    </ClCompile>
    <ClCompile Include="..\..\..\src\osgEarth\VideoLayer.cpp">
      <Filter>Source Files</Filter>
    </ClCompile>
    <ClCompile Include="..\..\..\src\osgEarth\Viewpoint.cpp">
      <Filter>Source Files</Filter>
    </ClCompile>
    <ClCompile Include="..\..\..\src\osgEarth\VirtualProgram.cpp">
      <Filter>Source Files</Filter>
    </ClCompile>
    <ClCompile Include="..\..\..\src\osgEarth\VisibleLayer.cpp">
      <Filter>Source Files</Filter>
    </ClCompile>
    <ClCompile Include="..\..\..\src\osgEarth\WMS.cpp">
      <Filter>Source Files</Filter>
    </ClCompile>
    <ClCompile Include="..\..\..\src\osgEarth\XmlUtils.cpp">
      <Filter>Source Files</Filter>
    </ClCompile>
    <ClCompile Include="..\..\..\src\osgEarth\XYZ.cpp">
      <Filter>Source Files</Filter>
    </ClCompile>
    <ClCompile Include="..\..\..\src\osgEarth\ActivityMonitorTool.cpp">
      <Filter>Source Files</Filter>
    </ClCompile>
    <ClCompile Include="..\..\..\src\osgEarth\AtlasBuilder.cpp">
      <Filter>Source Files</Filter>
    </ClCompile>
    <ClCompile Include="..\..\..\src\osgEarth\AutoClipPlaneHandler.cpp">
      <Filter>Source Files</Filter>
    </ClCompile>
    <ClCompile Include="..\..\..\src\osgEarth\ClampCallback.cpp">
      <Filter>Source Files</Filter>
    </ClCompile>
    <ClCompile Include="..\..\..\src\osgEarth\ClipSpace.cpp">
      <Filter>Source Files</Filter>
    </ClCompile>
    <ClCompile Include="..\..\..\src\osgEarth\ClusterNode.cpp">
      <Filter>Source Files</Filter>
    </ClCompile>
    <ClCompile Include="..\..\..\src\osgEarth\Controls.cpp">
      <Filter>Source Files</Filter>
    </ClCompile>
    <ClCompile Include="..\..\..\src\osgEarth\ContourMap.cpp">
      <Filter>Source Files</Filter>
    </ClCompile>
    <ClCompile Include="..\..\..\src\osgEarth\DebugImageLayer.cpp">
      <Filter>Source Files</Filter>
    </ClCompile>
    <ClCompile Include="..\..\..\src\osgEarth\EarthManipulator.cpp">
      <Filter>Source Files</Filter>
    </ClCompile>
    <ClCompile Include="..\..\..\src\osgEarth\Ephemeris.cpp">
      <Filter>Source Files</Filter>
    </ClCompile>
    <ClCompile Include="..\..\..\src\osgEarth\ExampleResources.cpp">
      <Filter>Source Files</Filter>
    </ClCompile>
    <ClCompile Include="..\..\..\src\osgEarth\FlatteningLayer.cpp">
      <Filter>Source Files</Filter>
    </ClCompile>
    <ClCompile Include="..\..\..\src\osgEarth\FractalElevationLayer.cpp">
      <Filter>Source Files</Filter>
    </ClCompile>
    <ClCompile Include="..\..\..\src\osgEarth\GARSGraticule.cpp">
      <Filter>Source Files</Filter>
    </ClCompile>
    <ClCompile Include="..\..\..\src\osgEarth\GeodeticGraticule.cpp">
      <Filter>Source Files</Filter>
    </ClCompile>
    <ClCompile Include="..\..\..\src\osgEarth\GeodeticLabelingEngine.cpp">
      <Filter>Source Files</Filter>
    </ClCompile>
    <ClCompile Include="..\..\..\src\osgEarth\GraticuleLabelingEngine.cpp">
      <Filter>Source Files</Filter>
    </ClCompile>
    <ClCompile Include="..\..\..\src\osgEarth\HTM.cpp">
      <Filter>Source Files</Filter>
    </ClCompile>
    <ClCompile Include="..\..\..\src\osgEarth\LatLongFormatter.cpp">
      <Filter>Source Files</Filter>
    </ClCompile>
    <ClCompile Include="..\..\..\src\osgEarth\LinearLineOfSight.cpp">
      <Filter>Source Files</Filter>
    </ClCompile>
    <ClCompile Include="..\..\..\src\osgEarth\LogarithmicDepthBuffer.cpp">
      <Filter>Source Files</Filter>
    </ClCompile>
    <ClCompile Include="..\..\..\src\osgEarth\MeasureTool.cpp">
      <Filter>Source Files</Filter>
    </ClCompile>
    <ClCompile Include="..\..\..\src\osgEarth\MGRSFormatter.cpp">
      <Filter>Source Files</Filter>
    </ClCompile>
    <ClCompile Include="..\..\..\src\osgEarth\MGRSGraticule.cpp">
      <Filter>Source Files</Filter>
    </ClCompile>
    <ClCompile Include="..\..\..\src\osgEarth\MouseCoordsTool.cpp">
      <Filter>Source Files</Filter>
    </ClCompile>
    <ClCompile Include="..\..\..\src\osgEarth\RadialLineOfSight.cpp">
      <Filter>Source Files</Filter>
    </ClCompile>
    <ClCompile Include="..\..\..\src\osgEarth\RTTPicker.cpp">
      <Filter>Source Files</Filter>
    </ClCompile>
    <ClCompile Include="..\..\..\src\osgEarth\Shadowing.cpp">
      <Filter>Source Files</Filter>
    </ClCompile>
    <ClCompile Include="..\..\..\src\osgEarth\SimpleOceanLayer.cpp">
      <Filter>Source Files</Filter>
    </ClCompile>
    <ClCompile Include="..\..\..\src\osgEarth\SimplePager.cpp">
      <Filter>Source Files</Filter>
    </ClCompile>
    <ClCompile Include="..\..\..\src\osgEarth\Sky.cpp">
      <Filter>Source Files</Filter>
    </ClCompile>
    <ClCompile Include="..\..\..\src\osgEarth\SkyView.cpp">
      <Filter>Source Files</Filter>
    </ClCompile>
    <ClCompile Include="..\..\..\src\osgEarth\TerrainProfile.cpp">
      <Filter>Source Files</Filter>
    </ClCompile>
    <ClCompile Include="..\..\..\src\osgEarth\TileIndex.cpp">
      <Filter>Source Files</Filter>
    </ClCompile>
    <ClCompile Include="..\..\..\src\osgEarth\TileIndexBuilder.cpp">
      <Filter>Source Files</Filter>
    </ClCompile>
    <ClCompile Include="..\..\..\src\osgEarth\TFSPackager.cpp">
      <Filter>Source Files</Filter>
    </ClCompile>
    <ClCompile Include="..\..\..\src\osgEarth\TMSBackFiller.cpp">
      <Filter>Source Files</Filter>
    </ClCompile>
    <ClCompile Include="..\..\..\src\osgEarth\TopologyGraph.cpp">
      <Filter>Source Files</Filter>
    </ClCompile>
    <ClCompile Include="..\..\..\src\osgEarth\UTMGraticule.cpp">
      <Filter>Source Files</Filter>
    </ClCompile>
    <ClCompile Include="..\..\..\src\osgEarth\UTMLabelingEngine.cpp">
      <Filter>Source Files</Filter>
    </ClCompile>
    <ClCompile Include="..\..\..\src\osgEarth\ViewFitter.cpp">
      <Filter>Source Files</Filter>
    </ClCompile>
    <ClCompile Include="..\..\..\src\osgEarth\AltitudeFilter.cpp">
      <Filter>Source Files</Filter>
    </ClCompile>
    <ClCompile Include="..\..\..\src\osgEarth\BufferFilter.cpp">
      <Filter>Source Files</Filter>
    </ClCompile>
    <ClCompile Include="..\..\..\src\osgEarth\BuildGeometryFilter.cpp">
      <Filter>Source Files</Filter>
    </ClCompile>
    <ClCompile Include="..\..\..\src\osgEarth\BuildTextFilter.cpp">
      <Filter>Source Files</Filter>
    </ClCompile>
    <ClCompile Include="..\..\..\src\osgEarth\CentroidFilter.cpp">
      <Filter>Source Files</Filter>
    </ClCompile>
    <ClCompile Include="..\..\..\src\osgEarth\ConvertTypeFilter.cpp">
      <Filter>Source Files</Filter>
    </ClCompile>
    <ClCompile Include="..\..\..\src\osgEarth\CropFilter.cpp">
      <Filter>Source Files</Filter>
    </ClCompile>
    <ClCompile Include="..\..\..\src\osgEarth\ExtrudeGeometryFilter.cpp">
      <Filter>Source Files</Filter>
    </ClCompile>
    <ClCompile Include="..\..\..\src\osgEarth\Feature.cpp">
      <Filter>Source Files</Filter>
    </ClCompile>
    <ClCompile Include="..\..\..\src\osgEarth\FeatureCursor.cpp">
      <Filter>Source Files</Filter>
    </ClCompile>
    <ClCompile Include="..\..\..\src\osgEarth\FeatureDisplayLayout.cpp">
      <Filter>Source Files</Filter>
    </ClCompile>
    <ClCompile Include="..\..\..\src\osgEarth\FeatureElevationLayer.cpp">
      <Filter>Source Files</Filter>
    </ClCompile>
    <ClCompile Include="..\..\..\src\osgEarth\FeatureImageLayer.cpp">
      <Filter>Source Files</Filter>
    </ClCompile>
    <ClCompile Include="..\..\..\src\osgEarth\FeatureMaskLayer.cpp">
      <Filter>Source Files</Filter>
    </ClCompile>
    <ClCompile Include="..\..\..\src\osgEarth\FeatureModelGraph.cpp">
      <Filter>Source Files</Filter>
    </ClCompile>
    <ClCompile Include="..\..\..\src\osgEarth\FeatureModelLayer.cpp">
      <Filter>Source Files</Filter>
    </ClCompile>
    <ClCompile Include="..\..\..\src\osgEarth\FeatureModelSource.cpp">
      <Filter>Source Files</Filter>
    </ClCompile>
    <ClCompile Include="..\..\..\src\osgEarth\FeatureSource.cpp">
      <Filter>Source Files</Filter>
    </ClCompile>
    <ClCompile Include="..\..\..\src\osgEarth\FeatureSourceIndexNode.cpp">
      <Filter>Source Files</Filter>
    </ClCompile>
    <ClCompile Include="..\..\..\src\osgEarth\Filter.cpp">
      <Filter>Source Files</Filter>
    </ClCompile>
    <ClCompile Include="..\..\..\src\osgEarth\FilterContext.cpp">
      <Filter>Source Files</Filter>
    </ClCompile>
    <ClCompile Include="..\..\..\src\osgEarth\GeometryCompiler.cpp">
      <Filter>Source Files</Filter>
    </ClCompile>
    <ClCompile Include="..\..\..\src\osgEarth\GeometryUtils.cpp">
      <Filter>Source Files</Filter>
    </ClCompile>
    <ClCompile Include="..\..\..\src\osgEarth\ImageToFeatureLayer.cpp">
      <Filter>Source Files</Filter>
    </ClCompile>
    <ClCompile Include="..\..\..\src\osgEarth\MVT.cpp">
      <Filter>Source Files</Filter>
    </ClCompile>
    <ClCompile Include="..\..\..\src\osgEarth\OgrUtils.cpp">
      <Filter>Source Files</Filter>
    </ClCompile>
    <ClCompile Include="..\..\..\src\osgEarth\OGRFeatureSource.cpp">
      <Filter>Source Files</Filter>
    </ClCompile>
    <ClCompile Include="..\..\..\src\osgEarth\PolygonizeLines.cpp">
      <Filter>Source Files</Filter>
    </ClCompile>
    <ClCompile Include="..\..\..\src\osgEarth\ResampleFilter.cpp">
      <Filter>Source Files</Filter>
    </ClCompile>
    <ClCompile Include="..\..\..\src\osgEarth\ScaleFilter.cpp">
      <Filter>Source Files</Filter>
    </ClCompile>
    <ClCompile Include="..\..\..\src\osgEarth\Session.cpp">
      <Filter>Source Files</Filter>
    </ClCompile>
    <ClCompile Include="..\..\..\src\osgEarth\ScatterFilter.cpp">
      <Filter>Source Files</Filter>
    </ClCompile>
    <ClCompile Include="..\..\..\src\osgEarth\ScriptEngine.cpp">
      <Filter>Source Files</Filter>
    </ClCompile>
    <ClCompile Include="..\..\..\src\osgEarth\ScriptFilter.cpp">
      <Filter>Source Files</Filter>
    </ClCompile>
    <ClCompile Include="..\..\..\src\osgEarth\SubstituteModelFilter.cpp">
      <Filter>Source Files</Filter>
    </ClCompile>
    <ClCompile Include="..\..\..\src\osgEarth\TessellateOperator.cpp">
      <Filter>Source Files</Filter>
    </ClCompile>
    <ClCompile Include="..\..\..\src\osgEarth\TextSymbolizer.cpp">
      <Filter>Source Files</Filter>
    </ClCompile>
    <ClCompile Include="..\..\..\src\osgEarth\TFS.cpp">
      <Filter>Source Files</Filter>
    </ClCompile>
    <ClCompile Include="..\..\..\src\osgEarth\TransformFilter.cpp">
      <Filter>Source Files</Filter>
    </ClCompile>
    <ClCompile Include="..\..\..\src\osgEarth\WireLines.cpp">
      <Filter>Source Files</Filter>
    </ClCompile>
    <ClCompile Include="..\..\..\src\osgEarth\XYZFeatureSource.cpp">
      <Filter>Source Files</Filter>
    </ClCompile>
    <ClCompile Include="..\..\..\src\osgEarth\WFS.cpp">
      <Filter>Source Files</Filter>
    </ClCompile>
    <ClCompile Include="..\..\..\src\osgEarth\AltitudeSymbol.cpp">
      <Filter>Source Files</Filter>
    </ClCompile>
    <ClCompile Include="..\..\..\src\osgEarth\BBoxSymbol.cpp">
      <Filter>Source Files</Filter>
    </ClCompile>
    <ClCompile Include="..\..\..\src\osgEarth\BillboardResource.cpp">
      <Filter>Source Files</Filter>
    </ClCompile>
    <ClCompile Include="..\..\..\src\osgEarth\BillboardSymbol.cpp">
      <Filter>Source Files</Filter>
    </ClCompile>
    <ClCompile Include="..\..\..\src\osgEarth\CoverageSymbol.cpp">
      <Filter>Source Files</Filter>
    </ClCompile>
    <ClCompile Include="..\..\..\src\osgEarth\CssUtils.cpp">
      <Filter>Source Files</Filter>
    </ClCompile>
    <ClCompile Include="..\..\..\src\osgEarth\Expression.cpp">
      <Filter>Source Files</Filter>
    </ClCompile>
    <ClCompile Include="..\..\..\src\osgEarth\ExtrusionSymbol.cpp">
      <Filter>Source Files</Filter>
    </ClCompile>
    <ClCompile Include="..\..\..\src\osgEarth\Fill.cpp">
      <Filter>Source Files</Filter>
    </ClCompile>
    <ClCompile Include="..\..\..\src\osgEarth\Geometry.cpp">
      <Filter>Source Files</Filter>
    </ClCompile>
    <ClCompile Include="..\..\..\src\osgEarth\GeometryFactory.cpp">
      <Filter>Source Files</Filter>
    </ClCompile>
    <ClCompile Include="..\..\..\src\osgEarth\GEOS.cpp">
      <Filter>Source Files</Filter>
    </ClCompile>
    <ClCompile Include="..\..\..\src\osgEarth\GeometryRasterizer.cpp">
      <Filter>Source Files</Filter>
    </ClCompile>
    <ClCompile Include="..\..\..\src\osgEarth\IconResource.cpp">
      <Filter>Source Files</Filter>
    </ClCompile>
    <ClCompile Include="..\..\..\src\osgEarth\IconSymbol.cpp">
      <Filter>Source Files</Filter>
    </ClCompile>
    <ClCompile Include="..\..\..\src\osgEarth\InstanceResource.cpp">
      <Filter>Source Files</Filter>
    </ClCompile>
    <ClCompile Include="..\..\..\src\osgEarth\InstanceSymbol.cpp">
      <Filter>Source Files</Filter>
    </ClCompile>
    <ClCompile Include="..\..\..\src\osgEarth\LineSymbol.cpp">
      <Filter>Source Files</Filter>
    </ClCompile>
    <ClCompile Include="..\..\..\src\osgEarth\MeshConsolidator.cpp">
      <Filter>Source Files</Filter>
    </ClCompile>
    <ClCompile Include="..\..\..\src\osgEarth\MeshFlattener.cpp">
      <Filter>Source Files</Filter>
    </ClCompile>
    <ClCompile Include="..\..\..\src\osgEarth\MeshSubdivider.cpp">
      <Filter>Source Files</Filter>
    </ClCompile>
    <ClCompile Include="..\..\..\src\osgEarth\ModelResource.cpp">
      <Filter>Source Files</Filter>
    </ClCompile>
    <ClCompile Include="..\..\..\src\osgEarth\ModelSymbol.cpp">
      <Filter>Source Files</Filter>
    </ClCompile>
    <ClCompile Include="..\..\..\src\osgEarth\PointSymbol.cpp">
      <Filter>Source Files</Filter>
    </ClCompile>
    <ClCompile Include="..\..\..\src\osgEarth\PolygonSymbol.cpp">
      <Filter>Source Files</Filter>
    </ClCompile>
    <ClCompile Include="..\..\..\src\osgEarth\Query.cpp">
      <Filter>Source Files</Filter>
    </ClCompile>
    <ClCompile Include="..\..\..\src\osgEarth\RenderSymbol.cpp">
      <Filter>Source Files</Filter>
    </ClCompile>
    <ClCompile Include="..\..\..\src\osgEarth\Resource.cpp">
      <Filter>Source Files</Filter>
    </ClCompile>
    <ClCompile Include="..\..\..\src\osgEarth\ResourceCache.cpp">
      <Filter>Source Files</Filter>
    </ClCompile>
    <ClCompile Include="..\..\..\src\osgEarth\ResourceLibrary.cpp">
      <Filter>Source Files</Filter>
    </ClCompile>
    <ClCompile Include="..\..\..\src\osgEarth\Skins.cpp">
      <Filter>Source Files</Filter>
    </ClCompile>
    <ClCompile Include="..\..\..\src\osgEarth\Stroke.cpp">
      <Filter>Source Files</Filter>
    </ClCompile>
    <ClCompile Include="..\..\..\src\osgEarth\Style.cpp">
      <Filter>Source Files</Filter>
    </ClCompile>
    <ClCompile Include="..\..\..\src\osgEarth\StyleSelector.cpp">
      <Filter>Source Files</Filter>
    </ClCompile>
    <ClCompile Include="..\..\..\src\osgEarth\StyleSheet.cpp">
      <Filter>Source Files</Filter>
    </ClCompile>
    <ClCompile Include="..\..\..\src\osgEarth\Symbol.cpp">
      <Filter>Source Files</Filter>
    </ClCompile>
    <ClCompile Include="..\..\..\src\osgEarth\TextSymbol.cpp">
      <Filter>Source Files</Filter>
    </ClCompile>
    <ClCompile Include="..\..\..\src\osgEarth\AnnotationSettings.cpp">
      <Filter>Source Files</Filter>
    </ClCompile>
    <ClCompile Include="..\..\..\src\osgEarth\AnnotationData.cpp">
      <Filter>Source Files</Filter>
    </ClCompile>
    <ClCompile Include="..\..\..\src\osgEarth\AnnotationLayer.cpp">
      <Filter>Source Files</Filter>
    </ClCompile>
    <ClCompile Include="..\..\..\src\osgEarth\AnnotationNode.cpp">
      <Filter>Source Files</Filter>
    </ClCompile>
    <ClCompile Include="..\..\..\src\osgEarth\AnnotationRegistry.cpp">
      <Filter>Source Files</Filter>
    </ClCompile>
    <ClCompile Include="..\..\..\src\osgEarth\AnnotationUtils.cpp">
      <Filter>Source Files</Filter>
    </ClCompile>
    <ClCompile Include="..\..\..\src\osgEarth\BboxDrawable.cpp">
      <Filter>Source Files</Filter>
    </ClCompile>
    <ClCompile Include="..\..\..\src\osgEarth\CircleNode.cpp">
      <Filter>Source Files</Filter>
    </ClCompile>
    <ClCompile Include="..\..\..\src\osgEarth\Draggers.cpp">
      <Filter>Source Files</Filter>
    </ClCompile>
    <ClCompile Include="..\..\..\src\osgEarth\EllipseNode.cpp">
      <Filter>Source Files</Filter>
    </ClCompile>
    <ClCompile Include="..\..\..\src\osgEarth\FeatureNode.cpp">
      <Filter>Source Files</Filter>
    </ClCompile>
    <ClCompile Include="..\..\..\src\osgEarth\GeoPositionNode.cpp">
      <Filter>Source Files</Filter>
    </ClCompile>
    <ClCompile Include="..\..\..\src\osgEarth\GeoPositionNodeAutoScaler.cpp">
      <Filter>Source Files</Filter>
    </ClCompile>
    <ClCompile Include="..\..\..\src\osgEarth\LocalGeometryNode.cpp">
      <Filter>Source Files</Filter>
    </ClCompile>
    <ClCompile Include="..\..\..\src\osgEarth\ImageOverlay.cpp">
      <Filter>Source Files</Filter>
    </ClCompile>
    <ClCompile Include="..\..\..\src\osgEarth\ImageOverlayEditor.cpp">
      <Filter>Source Files</Filter>
    </ClCompile>
    <ClCompile Include="..\..\..\src\osgEarth\LabelNode.cpp">
      <Filter>Source Files</Filter>
    </ClCompile>
    <ClCompile Include="..\..\..\src\osgEarth\RectangleNode.cpp">
      <Filter>Source Files</Filter>
    </ClCompile>
    <ClCompile Include="..\..\..\src\osgEarth\ModelNode.cpp">
      <Filter>Source Files</Filter>
    </ClCompile>
    <ClCompile Include="..\..\..\src\osgEarth\PlaceNode.cpp">
      <Filter>Source Files</Filter>
    </ClCompile>
    <ClCompile Include="..\..\..\src\osgEarth\TrackNode.cpp">
      <Filter>Source Files</Filter>
    </ClCompile>
    <ClCompile Include="..\..\..\src\osgEarth\FileGDBFeatureSource.cpp">
      <Filter>Source Files</Filter>
    </ClCompile>
    <ClCompile Include=".\AutoGenShaders.cpp">
      <Filter>Source Files</Filter>
    </ClCompile>
    <ClCompile Include=".\vector_tile.pb.cc">
      <Filter>Source Files</Filter>
    </ClCompile>
    <ClCompile Include="..\..\..\src\osgEarth\Geocoder.cpp">
      <Filter>Source Files</Filter>
    </ClCompile>
    <ClCompile Include="..\..\..\src\CDB_TileLib\CDB_Tile.cpp">
      <Filter>Source Files</Filter>
    </ClCompile>
    <ClCompile Include="..\..\..\src\osgEarth\GlobalModelManager.cpp">
      <Filter>Source Files</Filter>
    </ClCompile>
    <ClCompile Include="..\..\..\src\osgEarth\InstanceBuilder.cpp">
      <Filter>Source Files</Filter>
    </ClCompile>
    <ClCompile Include="..\..\..\src\osgEarth\CDBFeatureSource.cpp">
      <Filter>Source Files</Filter>
    </ClCompile>
    <ClCompile Include="..\..\..\src\osgEarth\CDB.cpp">
      <Filter>Source Files</Filter>
    </ClCompile>
    <ClCompile Include="..\..\..\src\osgEarth\WindLayer.cpp">
      <Filter>Source Files</Filter>
    </ClCompile>
    <ClCompile Include="..\..\..\src\osgEarth\NetworkMonitor.cpp">
      <Filter>Source Files</Filter>
    </ClCompile>
  </ItemGroup>
  <ItemGroup>
    <ClInclude Include="..\..\..\src\osgEarth\AGG.h">
      <Filter>Headers</Filter>
    </ClInclude>
    <ClInclude Include="..\..\..\src\osgEarth\rtree.h">
      <Filter>Headers</Filter>
    </ClInclude>
    <ClInclude Include="..\..\build_include\osgEarth\BuildConfig.h">
      <Filter>Headers</Filter>
    </ClInclude>
    <ClInclude Include=".\vector_tile.pb.h">
      <Filter>Headers</Filter>
    </ClInclude>
    <ClInclude Include="..\..\..\src\osgEarth\BuildConfig.h.in">
      <Filter>Template Files</Filter>
    </ClInclude>
    <ClInclude Include="..\..\..\src\osgEarth\Shaders.cpp.in">
      <Filter>Template Files</Filter>
    </ClInclude>
  </ItemGroup>
  <ItemGroup>
    <CustomBuild Include="..\..\CMakeFiles\6d49483c9787b4cfd21ba379fded946c\vector_tile.pb.h.rule" />
    <CustomBuild Include="..\..\CMakeFiles\6d49483c9787b4cfd21ba379fded946c\AutoGenShaders.cpp.rule" />
  </ItemGroup>
  <ItemGroup>
    <None Include="..\..\..\src\ogc\ogc_IE">
      <Filter>Headers</Filter>
    </None>
    <None Include="..\..\..\src\CDB_TileLib\CDB_Tile">
      <Filter>Headers</Filter>
    </None>
    <None Include="..\..\..\src\osgEarth\GlobalModelManager">
      <Filter>Headers</Filter>
    </None>
    <None Include="..\..\..\src\osgEarth\InstanceBuilder">
      <Filter>Headers</Filter>
    </None>
    <None Include="..\..\..\src\osgEarth\CDBFeatureSource">
      <Filter>Headers</Filter>
    </None>
    <None Include="..\..\..\src\osgEarth\CDB">
      <Filter>Headers</Filter>
    </None>
    <None Include="..\..\..\src\osgEarth\WindLayer">
      <Filter>Headers</Filter>
    </None>
    <None Include="..\..\..\src\osgEarth\NetworkMonitor">
      <Filter>Headers</Filter>
    </None>
    <None Include="..\..\..\src\osgEarth\ArcGISServer" />
    <None Include="..\..\..\src\osgEarth\ArcGISTilePackage" />
    <None Include="..\..\..\src\osgEarth\Bing" />
    <None Include="..\..\..\src\osgEarth\Bounds" />
    <None Include="..\..\..\src\osgEarth\Cache" />
    <None Include="..\..\..\src\osgEarth\CacheEstimator" />
    <None Include="..\..\..\src\osgEarth\CacheBin" />
    <None Include="..\..\..\src\osgEarth\CachePolicy" />
    <None Include="..\..\..\src\osgEarth\CacheSeed" />
    <None Include="..\..\..\src\osgEarth\Callouts" />
    <None Include="..\..\..\src\osgEarth\CameraUtils" />
    <None Include="..\..\..\src\osgEarth\Capabilities" />
    <None Include="..\..\..\src\osgEarth\CesiumIon" />
    <None Include="..\..\..\src\osgEarth\CascadeDrapingDecorator" />
    <None Include="..\..\..\src\osgEarth\Clamping" />
    <None Include="..\..\..\src\osgEarth\ClampableNode" />
    <None Include="..\..\..\src\osgEarth\ClampingTechnique" />
    <None Include="..\..\..\src\osgEarth\Color" />
    <None Include="..\..\..\src\osgEarth\ColorFilter" />
    <None Include="..\..\..\src\osgEarth\Common" />
    <None Include="..\..\..\src\osgEarth\Composite" />
    <None Include="..\..\..\src\osgEarth\Config" />
    <None Include="..\..\..\src\osgEarth\Containers" />
    <None Include="..\..\..\src\osgEarth\Cube" />
    <None Include="..\..\..\src\osgEarth\CullingUtils" />
    <None Include="..\..\..\src\osgEarth\DateTime" />
    <None Include="..\..\..\src\osgEarth\DateTimeRange" />
    <None Include="..\..\..\src\osgEarth\DecalLayer" />
    <None Include="..\..\..\src\osgEarth\DepthOffset" />
    <None Include="..\..\..\src\osgEarth\DrapeableNode" />
    <None Include="..\..\..\src\osgEarth\DrapingCullSet" />
    <None Include="..\..\..\src\osgEarth\DrapingTechnique" />
    <None Include="..\..\..\src\osgEarth\DrawInstanced" />
    <None Include="..\..\..\src\osgEarth\ECEF" />
    <None Include="..\..\..\src\osgEarth\ElevationLayer" />
    <None Include="..\..\..\src\osgEarth\ElevationLOD" />
    <None Include="..\..\..\src\osgEarth\ElevationPool" />
    <None Include="..\..\..\src\osgEarth\ElevationRanges" />
    <None Include="..\..\..\src\osgEarth\ElevationQuery" />
    <None Include="..\..\..\src\osgEarth\EllipsoidIntersector" />
    <None Include="..\..\..\src\osgEarth\Endian" />
    <None Include="..\..\..\src\osgEarth\Export" />
    <None Include="..\..\..\src\osgEarth\Extension" />
    <None Include="..\..\..\src\osgEarth\FadeEffect" />
    <None Include="..\..\..\src\osgEarth\FileUtils" />
    <None Include="..\..\..\src\osgEarth\GDAL" />
    <None Include="..\..\..\src\osgEarth\GDALDEM" />
    <None Include="..\..\..\src\osgEarth\GeoCommon" />
    <None Include="..\..\..\src\osgEarth\GeoData" />
    <None Include="..\..\..\src\osgEarth\Geoid" />
    <None Include="..\..\..\src\osgEarth\GeoMath" />
    <None Include="..\..\..\src\osgEarth\GeoTransform" />
    <None Include="..\..\..\src\osgEarth\GeometryClamper" />
    <None Include="..\..\..\src\osgEarth\GLSLChunker" />
    <None Include="..\..\..\src\osgEarth\GLUtils" />
    <None Include="..\..\..\src\osgEarth\HeightFieldUtils" />
    <None Include="..\..\..\src\osgEarth\Horizon" />
    <None Include="..\..\..\src\osgEarth\HorizonClipPlane" />
    <None Include="..\..\..\src\osgEarth\HTTPClient" />
    <None Include="..\..\..\src\osgEarth\ImageLayer" />
    <None Include="..\..\..\src\osgEarth\ImageMosaic" />
    <None Include="..\..\..\src\osgEarth\ImageToHeightFieldConverter" />
    <None Include="..\..\..\src\osgEarth\ImageUtils" />
    <None Include="..\..\..\src\osgEarth\InstanceCloud" />
    <None Include="..\..\..\src\osgEarth\IntersectionPicker" />
    <None Include="..\..\..\src\osgEarth\IOTypes" />
    <None Include="..\..\..\src\osgEarth\JoinPointsLinesFilter" />
    <None Include="..\..\..\src\osgEarth\JsonUtils" />
    <None Include="..\..\..\src\osgEarth\LandCover" />
    <None Include="..\..\..\src\osgEarth\LandCoverLayer" />
    <None Include="..\..\..\src\osgEarth\Layer" />
    <None Include="..\..\..\src\osgEarth\LayerReference" />
    <None Include="..\..\..\src\osgEarth\LayerShader" />
    <None Include="..\..\..\src\osgEarth\Lighting" />
    <None Include="..\..\..\src\osgEarth\LineDrawable" />
    <None Include="..\..\..\src\osgEarth\LineFunctor" />
    <None Include="..\..\..\src\osgEarth\Locators" />
    <None Include="..\..\..\src\osgEarth\LocalTangentPlane" />
    <None Include="..\..\..\src\osgEarth\Map" />
    <None Include="..\..\..\src\osgEarth\MapCallback" />
    <None Include="..\..\..\src\osgEarth\MapInfo" />
    <None Include="..\..\..\src\osgEarth\MapModelChange" />
    <None Include="..\..\..\src\osgEarth\MapNode" />
    <None Include="..\..\..\src\osgEarth\MapNodeObserver" />
    <None Include="..\..\..\src\osgEarth\MaskLayer" />
    <None Include="..\..\..\src\osgEarth\MaskSource" />
    <None Include="..\..\..\src\osgEarth\Memory" />
    <None Include="..\..\..\src\osgEarth\MemCache" />
    <None Include="..\..\..\src\osgEarth\MetaTile" />
    <None Include="..\..\..\src\osgEarth\Metrics" />
    <None Include="..\..\..\src\osgEarth\MBTiles" />
    <None Include="..\..\..\src\osgEarth\ModelLayer" />
    <None Include="..\..\..\src\osgEarth\ModelSource" />
    <None Include="..\..\..\src\osgEarth\NativeProgramAdapter" />
    <None Include="..\..\..\src\osgEarth\NodeUtils" />
    <None Include="..\..\..\src\osgEarth\Notify" />
    <None Include="..\..\..\src\osgEarth\optional" />
    <None Include="..\..\..\src\osgEarth\ObjectIndex" />
    <None Include="..\..\..\src\osgEarth\OverlayDecorator" />
    <None Include="..\..\..\src\osgEarth\PagedNode" />
    <None Include="..\..\..\src\osgEarth\PatchLayer" />
    <None Include="..\..\..\src\osgEarth\PhongLightingEffect" />
    <None Include="..\..\..\src\osgEarth\Picker" />
    <None Include="..\..\..\src\osgEarth\PluginLoader" />
    <None Include="..\..\..\src\osgEarth\PointDrawable" />
    <None Include="..\..\..\src\osgEarth\PowerlineLayer" />
    <None Include="..\..\..\src\osgEarth\PrimitiveIntersector" />
    <None Include="..\..\..\src\osgEarth\Profile" />
    <None Include="..\..\..\src\osgEarth\Progress" />
    <None Include="..\..\..\src\osgEarth\Random" />
    <None Include="..\..\..\src\osgEarth\Registry" />
    <None Include="..\..\..\src\osgEarth\ResourceReleaser" />
    <None Include="..\..\..\src\osgEarth\Revisioning" />
    <None Include="..\..\..\src\osgEarth\SceneGraphCallback" />
    <None Include="..\..\..\src\osgEarth\ScreenSpaceLayout" />
    <None Include="..\..\..\src\osgEarth\ScreenSpaceLayoutImpl" />
    <None Include="..\..\..\src\osgEarth\ScreenSpaceLayoutDeclutter" />
    <None Include="..\..\..\src\osgEarth\ScreenSpaceLayoutCallout" />
    <None Include="..\..\..\src\osgEarth\Shaders" />
    <None Include="..\..\..\src\osgEarth\ShaderFactory" />
    <None Include="..\..\..\src\osgEarth\ShaderGenerator" />
    <None Include="..\..\..\src\osgEarth\ShaderLoader" />
    <None Include="..\..\..\src\osgEarth\ShaderMerger" />
    <None Include="..\..\..\src\osgEarth\ShaderUtils" />
    <None Include="..\..\..\src\osgEarth\SimplexNoise" />
    <None Include="..\..\..\src\osgEarth\SpatialReference" />
    <None Include="..\..\..\src\osgEarth\StateSetCache" />
    <None Include="..\..\..\src\osgEarth\Status" />
    <None Include="..\..\..\src\osgEarth\StringUtils" />
    <None Include="..\..\..\src\osgEarth\TDTiles" />
    <None Include="..\..\..\src\osgEarth\TaskService" />
    <None Include="..\..\..\src\osgEarth\Terrain" />
    <None Include="..\..\..\src\osgEarth\TerrainEffect" />
    <None Include="..\..\..\src\osgEarth\TerrainOptions" />
    <None Include="..\..\..\src\osgEarth\TerrainEngineNode" />
    <None Include="..\..\..\src\osgEarth\TerrainEngineRequirements" />
    <None Include="..\..\..\src\osgEarth\TerrainResources" />
    <None Include="..\..\..\src\osgEarth\TerrainTileModel" />
    <None Include="..\..\..\src\osgEarth\TerrainTileModelFactory" />
    <None Include="..\..\..\src\osgEarth\TerrainTileNode" />
    <None Include="..\..\..\src\osgEarth\Tessellator" />
    <None Include="..\..\..\src\osgEarth\Text" />
    <None Include="..\..\..\src\osgEarth\ThreeDTilesLayer" />
    <None Include="..\..\..\src\osgEarth\TileKey" />
    <None Include="..\..\..\src\osgEarth\TileLayer" />
    <None Include="..\..\..\src\osgEarth\TileHandler" />
    <None Include="..\..\..\src\osgEarth\TileRasterizer" />
    <None Include="..\..\..\src\osgEarth\TiledFeatureModelGraph" />
    <None Include="..\..\..\src\osgEarth\TiledFeatureModelLayer" />
    <None Include="..\..\..\src\osgEarth\TileSource" />
    <None Include="..\..\..\src\osgEarth\TileSourceElevationLayer" />
    <None Include="..\..\..\src\osgEarth\TileSourceImageLayer" />
    <None Include="..\..\..\src\osgEarth\TileVisitor" />
    <None Include="..\..\..\src\osgEarth\TileCache" />
    <None Include="..\..\..\src\osgEarth\TimeControl" />
    <None Include="..\..\..\src\osgEarth\TraversalData" />
    <None Include="..\..\..\src\osgEarth\ThreadingUtils" />
    <None Include="..\..\..\src\osgEarth\TMS" />
    <None Include="..\..\..\src\osgEarth\Units" />
    <None Include="..\..\..\src\osgEarth\URI" />
    <None Include="..\..\..\src\osgEarth\Utils" />
    <None Include="..\..\..\src\osgEarth\Version" />
    <None Include="..\..\..\src\osgEarth\VerticalDatum" />
    <None Include="..\..\..\src\osgEarth\VideoLayer" />
    <None Include="..\..\..\src\osgEarth\Viewpoint" />
    <None Include="..\..\..\src\osgEarth\VirtualProgram" />
    <None Include="..\..\..\src\osgEarth\VisibleLayer" />
    <None Include="..\..\..\src\osgEarth\WMS" />
    <None Include="..\..\..\src\osgEarth\XmlUtils" />
    <None Include="..\..\..\src\osgEarth\XYZ" />
    <None Include="..\..\..\src\osgEarth\ActivityMonitorTool" />
    <None Include="..\..\..\src\osgEarth\AutoClipPlaneHandler" />
    <None Include="..\..\..\src\osgEarth\AutoScaleCallback" />
    <None Include="..\..\..\src\osgEarth\AtlasBuilder" />
    <None Include="..\..\..\src\osgEarth\ClipSpace" />
    <None Include="..\..\..\src\osgEarth\Controls" />
    <None Include="..\..\..\src\osgEarth\ContourMap" />
    <None Include="..\..\..\src\osgEarth\ClampCallback" />
    <None Include="..\..\..\src\osgEarth\ClusterNode" />
    <None Include="..\..\..\src\osgEarth\DebugImageLayer" />
    <None Include="..\..\..\src\osgEarth\EarthManipulator" />
    <None Include="..\..\..\src\osgEarth\Ephemeris" />
    <None Include="..\..\..\src\osgEarth\ExampleResources" />
    <None Include="..\..\..\src\osgEarth\FlatteningLayer" />
    <None Include="..\..\..\src\osgEarth\Formatter" />
    <None Include="..\..\..\src\osgEarth\FractalElevationLayer" />
    <None Include="..\..\..\src\osgEarth\GARSGraticule" />
    <None Include="..\..\..\src\osgEarth\GeodeticGraticule" />
    <None Include="..\..\..\src\osgEarth\GeodeticLabelingEngine" />
    <None Include="..\..\..\src\osgEarth\GraticuleLabelingEngine" />
    <None Include="..\..\..\src\osgEarth\HTM" />
    <None Include="..\..\..\src\osgEarth\LatLongFormatter" />
    <None Include="..\..\..\src\osgEarth\LineOfSight" />
    <None Include="..\..\..\src\osgEarth\LinearLineOfSight" />
    <None Include="..\..\..\src\osgEarth\LogarithmicDepthBuffer" />
    <None Include="..\..\..\src\osgEarth\MeasureTool" />
    <None Include="..\..\..\src\osgEarth\MGRSFormatter" />
    <None Include="..\..\..\src\osgEarth\MGRSGraticule" />
    <None Include="..\..\..\src\osgEarth\MouseCoordsTool" />
    <None Include="..\..\..\src\osgEarth\RadialLineOfSight" />
    <None Include="..\..\..\src\osgEarth\RTTPicker" />
    <None Include="..\..\..\src\osgEarth\Shadowing" />
    <None Include="..\..\..\src\osgEarth\SimpleOceanLayer" />
    <None Include="..\..\..\src\osgEarth\SimplePager" />
    <None Include="..\..\..\src\osgEarth\Sky" />
    <None Include="..\..\..\src\osgEarth\SkyView" />
    <None Include="..\..\..\src\osgEarth\StarData" />
    <None Include="..\..\..\src\osgEarth\TerrainProfile" />
    <None Include="..\..\..\src\osgEarth\TileIndex" />
    <None Include="..\..\..\src\osgEarth\TileIndexBuilder" />
    <None Include="..\..\..\src\osgEarth\TFSPackager" />
    <None Include="..\..\..\src\osgEarth\TMSBackFiller" />
    <None Include="..\..\..\src\osgEarth\TopologyGraph" />
    <None Include="..\..\..\src\osgEarth\UTMGraticule" />
    <None Include="..\..\..\src\osgEarth\UTMLabelingEngine" />
    <None Include="..\..\..\src\osgEarth\ViewFitter" />
    <None Include="..\..\..\src\osgEarth\AltitudeFilter" />
    <None Include="..\..\..\src\osgEarth\BufferFilter" />
    <None Include="..\..\..\src\osgEarth\BuildGeometryFilter" />
    <None Include="..\..\..\src\osgEarth\BuildTextFilter" />
    <None Include="..\..\..\src\osgEarth\CentroidFilter" />
    <None Include="..\..\..\src\osgEarth\ConvertTypeFilter" />
    <None Include="..\..\..\src\osgEarth\CropFilter" />
    <None Include="..\..\..\src\osgEarth\ExtrudeGeometryFilter" />
    <None Include="..\..\..\src\osgEarth\Feature" />
    <None Include="..\..\..\src\osgEarth\FeatureCursor" />
    <None Include="..\..\..\src\osgEarth\FeatureDisplayLayout" />
    <None Include="..\..\..\src\osgEarth\FeatureElevationLayer" />
    <None Include="..\..\..\src\osgEarth\FeatureImageLayer" />
    <None Include="..\..\..\src\osgEarth\FeatureIndex" />
    <None Include="..\..\..\src\osgEarth\FeatureMaskLayer" />
    <None Include="..\..\..\src\osgEarth\FeatureModelGraph" />
    <None Include="..\..\..\src\osgEarth\FeatureModelLayer" />
    <None Include="..\..\..\src\osgEarth\FeatureModelSource" />
    <None Include="..\..\..\src\osgEarth\FeatureSource" />
    <None Include="..\..\..\src\osgEarth\FeatureSourceIndexNode" />
    <None Include="..\..\..\src\osgEarth\Filter" />
    <None Include="..\..\..\src\osgEarth\FilterContext" />
    <None Include="..\..\..\src\osgEarth\GeometryCompiler" />
    <None Include="..\..\..\src\osgEarth\GeometryUtils" />
    <None Include="..\..\..\src\osgEarth\ImageToFeatureLayer" />
    <None Include="..\..\..\src\osgEarth\MVT" />
    <None Include="..\..\..\src\osgEarth\OgrUtils" />
    <None Include="..\..\..\src\osgEarth\OGRFeatureSource" />
    <None Include="..\..\..\src\osgEarth\PolygonizeLines" />
    <None Include="..\..\..\src\osgEarth\ResampleFilter" />
    <None Include="..\..\..\src\osgEarth\ScaleFilter" />
    <None Include="..\..\..\src\osgEarth\Session" />
    <None Include="..\..\..\src\osgEarth\ScatterFilter" />
    <None Include="..\..\..\src\osgEarth\Script" />
    <None Include="..\..\..\src\osgEarth\ScriptEngine" />
    <None Include="..\..\..\src\osgEarth\ScriptFilter" />
    <None Include="..\..\..\src\osgEarth\SubstituteModelFilter" />
    <None Include="..\..\..\src\osgEarth\TessellateOperator" />
    <None Include="..\..\..\src\osgEarth\TextSymbolizer" />
    <None Include="..\..\..\src\osgEarth\TFS" />
    <None Include="..\..\..\src\osgEarth\TransformFilter" />
    <None Include="..\..\..\src\osgEarth\WireLines" />
    <None Include="..\..\..\src\osgEarth\XYZFeatureSource" />
    <None Include="..\..\..\src\osgEarth\WFS" />
    <None Include="..\..\..\src\osgEarth\AltitudeSymbol" />
    <None Include="..\..\..\src\osgEarth\BBoxSymbol" />
    <None Include="..\..\..\src\osgEarth\BillboardResource" />
    <None Include="..\..\..\src\osgEarth\BillboardSymbol" />
    <None Include="..\..\..\src\osgEarth\CoverageSymbol" />
    <None Include="..\..\..\src\osgEarth\CssUtils" />
    <None Include="..\..\..\src\osgEarth\Expression" />
    <None Include="..\..\..\src\osgEarth\ExtrusionSymbol" />
    <None Include="..\..\..\src\osgEarth\Fill" />
    <None Include="..\..\..\src\osgEarth\Geometry" />
    <None Include="..\..\..\src\osgEarth\GeometryFactory" />
    <None Include="..\..\..\src\osgEarth\GEOS" />
    <None Include="..\..\..\src\osgEarth\GeometryRasterizer" />
    <None Include="..\..\..\src\osgEarth\IconResource" />
    <None Include="..\..\..\src\osgEarth\IconSymbol" />
    <None Include="..\..\..\src\osgEarth\InstanceResource" />
    <None Include="..\..\..\src\osgEarth\InstanceSymbol" />
    <None Include="..\..\..\src\osgEarth\LineSymbol" />
    <None Include="..\..\..\src\osgEarth\MeshConsolidator" />
    <None Include="..\..\..\src\osgEarth\MeshFlattener" />
    <None Include="..\..\..\src\osgEarth\MeshSubdivider" />
    <None Include="..\..\..\src\osgEarth\ModelResource" />
    <None Include="..\..\..\src\osgEarth\ModelSymbol" />
    <None Include="..\..\..\src\osgEarth\PointSymbol" />
    <None Include="..\..\..\src\osgEarth\PolygonSymbol" />
    <None Include="..\..\..\src\osgEarth\Query" />
    <None Include="..\..\..\src\osgEarth\RenderSymbol" />
    <None Include="..\..\..\src\osgEarth\Resource" />
    <None Include="..\..\..\src\osgEarth\ResourceCache" />
    <None Include="..\..\..\src\osgEarth\ResourceLibrary" />
    <None Include="..\..\..\src\osgEarth\Skins" />
    <None Include="..\..\..\src\osgEarth\Stroke" />
    <None Include="..\..\..\src\osgEarth\Style" />
    <None Include="..\..\..\src\osgEarth\StyleSelector" />
    <None Include="..\..\..\src\osgEarth\StyleSheet" />
    <None Include="..\..\..\src\osgEarth\Symbol" />
    <None Include="..\..\..\src\osgEarth\Tags" />
    <None Include="..\..\..\src\osgEarth\TextSymbol" />
    <None Include="..\..\..\src\osgEarth\AnnotationSettings" />
    <None Include="..\..\..\src\osgEarth\AnnotationData" />
    <None Include="..\..\..\src\osgEarth\AnnotationLayer" />
    <None Include="..\..\..\src\osgEarth\AnnotationNode" />
    <None Include="..\..\..\src\osgEarth\AnnotationRegistry" />
    <None Include="..\..\..\src\osgEarth\AnnotationUtils" />
    <None Include="..\..\..\src\osgEarth\BboxDrawable" />
    <None Include="..\..\..\src\osgEarth\CircleNode" />
    <None Include="..\..\..\src\osgEarth\Draggers" />
    <None Include="..\..\..\src\osgEarth\EllipseNode" />
    <None Include="..\..\..\src\osgEarth\FeatureNode" />
    <None Include="..\..\..\src\osgEarth\GeoPositionNode" />
    <None Include="..\..\..\src\osgEarth\GeoPositionNodeAutoScaler" />
    <None Include="..\..\..\src\osgEarth\LocalGeometryNode" />
    <None Include="..\..\..\src\osgEarth\ImageOverlay" />
    <None Include="..\..\..\src\osgEarth\ImageOverlayEditor" />
    <None Include="..\..\..\src\osgEarth\LabelNode" />
    <None Include="..\..\..\src\osgEarth\ModelNode" />
    <None Include="..\..\..\src\osgEarth\PlaceNode" />
    <None Include="..\..\..\src\osgEarth\RectangleNode" />
    <None Include="..\..\..\src\osgEarth\TrackNode" />
    <None Include="..\..\..\src\osgEarth\FileGDBFeatureSource" />
    <None Include="..\..\..\src\osgEarth\Geocoder" />
    <None Include="..\..\..\src\osgEarth\CascadeDraping.glsl" />
    <None Include="..\..\..\src\osgEarth\ClipPlane.glsl" />
    <None Include="..\..\..\src\osgEarth\DepthOffset.glsl" />
    <None Include="..\..\..\src\osgEarth\Draping.glsl" />
    <None Include="..\..\..\src\osgEarth\GPUClamping.glsl" />
    <None Include="..\..\..\src\osgEarth\GPUClamping.lib.glsl" />
    <None Include="..\..\..\src\osgEarth\Instancing.glsl" />
    <None Include="..\..\..\src\osgEarth\LineDrawable.glsl" />
    <None Include="..\..\..\src\osgEarth\WireLines.glsl" />
    <None Include="..\..\..\src\osgEarth\PhongLighting.glsl" />
    <None Include="..\..\..\src\osgEarth\PointDrawable.glsl" />
    <None Include="..\..\..\src\osgEarth\Text.glsl" />
    <None Include="..\..\..\src\osgEarth\Text_legacy.glsl" />
    <None Include="..\..\..\src\osgEarth\ContourMap.glsl" />
    <None Include="..\..\..\src\osgEarth\GeodeticGraticule.glsl" />
    <None Include="..\..\..\src\osgEarth\LogDepthBuffer.glsl" />
    <None Include="..\..\..\src\osgEarth\LogDepthBuffer.VertOnly.glsl" />
    <None Include="..\..\..\src\osgEarth\ShadowCaster.glsl" />
    <None Include="..\..\..\src\osgEarth\SimpleOceanLayer.glsl" />
    <None Include="..\..\..\src\osgEarth\RTTPicker.glsl" />
  </ItemGroup>
  <ItemGroup>
    <Filter Include="CMake Rules">
      <UniqueIdentifier>{0385003E-09BB-33AC-BC7A-B364185382E1}</UniqueIdentifier>
    </Filter>
    <Filter Include="Headers">
      <UniqueIdentifier>{3681EF28-17B2-35AB-BC58-DE6BF740169D}</UniqueIdentifier>
    </Filter>
    <Filter Include="Shaders">
      <UniqueIdentifier>{F681028E-C4D3-3CF8-811E-289A4DDE47AB}</UniqueIdentifier>
    </Filter>
    <Filter Include="Source Files">
      <UniqueIdentifier>{C23C795C-8A75-3325-97E7-455879EA281C}</UniqueIdentifier>
    </Filter>
    <Filter Include="Template Files">
      <UniqueIdentifier>{FF979A0E-D2F2-3395-A9B2-E221F67E1C8C}</UniqueIdentifier>
    </Filter>
  </ItemGroup>
</Project>